
Microsoft Visual Studio Solution File, Format Version 11.00
# Visual Studio Version 16
Project("{8BC9CEB8-8B4A-11D0-8D11-00A0C91BC942}") = "3d", "3d.vcxproj", "{5EA7DF48-084D-47E5-A4A6-11A228540D40}"
EndProject
Project("{8BC9CEB8-8B4A-11D0-8D11-00A0C91BC942}") = "asyncio", "asyncio.vcxproj", "{E62561E5-10FA-4507-8A1C-DB792F1C62AA}"
EndProject
Project("{8BC9CEB8-8B4A-11D0-8D11-00A0C91BC942}") = "channel_groups", "channel_groups.vcxproj", "{DC8E30EF-EFF1-472E-A62B-679234E8F433}"
EndProject
Project("{8BC9CEB8-8B4A-11D0-8D11-00A0C91BC942}") = "convolution_reverb", "convolution_reverb.vcxproj", "{E7EF63A2-C8BB-4BC6-9E23-292A3BB7C2F7}"
EndProject
Project("{8BC9CEB8-8B4A-11D0-8D11-00A0C91BC942}") = "dsp_custom", "dsp_custom.vcxproj", "{60ED7C77-6182-4A74-AFE3-029878BCE8B1}"
EndProject
Project("{8BC9CEB8-8B4A-11D0-8D11-00A0C91BC942}") = "dsp_effect_per_speaker", "dsp_effect_per_speaker.vcxproj", "{EE151F2C-82EA-486B-8D97-D63F18F483EA}"
EndProject
Project("{8BC9CEB8-8B4A-11D0-8D11-00A0C91BC942}") = "dsp_inspector", "dsp_inspector.vcxproj", "{CD94F369-567A-4B10-A6CA-4CE1BE4B4400}"
EndProject
Project("{8BC9CEB8-8B4A-11D0-8D11-00A0C91BC942}") = "effects", "effects.vcxproj", "{49384E32-AC6E-4E44-BDD6-19A7A1647D24}"
EndProject
Project("{8BC9CEB8-8B4A-11D0-8D11-00A0C91BC942}") = "gapless_playback", "gapless_playback.vcxproj", "{ADD0D236-2CF9-499B-ABB8-1D1A46F5E3F3}"
EndProject
Project("{8BC9CEB8-8B4A-11D0-8D11-00A0C91BC942}") = "generate_tone", "generate_tone.vcxproj", "{7CA1672B-2441-4A32-9058-A9237ED7749F}"
EndProject
Project("{8BC9CEB8-8B4A-11D0-8D11-00A0C91BC942}") = "granular_synth", "granular_synth.vcxproj", "{6B4E41AD-AF0C-4602-9E89-ECE8A77F27C0}"
EndProject
Project("{8BC9CEB8-8B4A-11D0-8D11-00A0C91BC942}") = "load_from_memory", "load_from_memory.vcxproj", "{44B25F24-28AC-4B11-B3F2-18A93EE6B5C8}"
EndProject
Project("{8BC9CEB8-8B4A-11D0-8D11-00A0C91BC942}") = "multiple_speaker", "multiple_speaker.vcxproj", "{3AE68B93-0B04-4744-8DF0-1448F76A77F9}"
EndProject
Project("{8BC9CEB8-8B4A-11D0-8D11-00A0C91BC942}") = "multiple_system", "multiple_system.vcxproj", "{8B2012FD-78E0-4E4F-840B-DD341B3A1D7B}"
EndProject
Project("{8BC9CEB8-8B4A-11D0-8D11-00A0C91BC942}") = "net_stream", "net_stream.vcxproj", "{312B9A1F-CCE1-45DA-92A3-05A80F176932}"
EndProject
Project("{8BC9CEB8-8B4A-11D0-8D11-00A0C91BC942}") = "play_sound", "play_sound.vcxproj", "{28DD1FE0-047B-424B-93B0-B71FE699A1BD}"
EndProject
Project("{8BC9CEB8-8B4A-11D0-8D11-00A0C91BC942}") = "play_stream", "play_stream.vcxproj", "{EA12CA66-8B45-4CC3-AB79-EC024B22DAFE}"
EndProject
Project("{8BC9CEB8-8B4A-11D0-8D11-00A0C91BC942}") = "record", "record.vcxproj", "{DB2E2F2D-0AB5-4FDA-BC47-CB5753AA5090}"
EndProject
Project("{8BC9CEB8-8B4A-11D0-8D11-00A0C91BC942}") = "record_enumeration", "record_enumeration.vcxproj", "{AEF00810-A6BC-4533-AE78-0088A3316506}"
EndProject
Project("{8BC9CEB8-8B4A-11D0-8D11-00A0C91BC942}") = "user_created_sound", "user_created_sound.vcxproj", "{A2FCED40-B80A-4C94-9095-4ED1D741ABD2}"
EndProject
Project("{8BC9CEB8-8B4A-11D0-8D11-00A0C91BC942}") = "fmod_codec_raw", "fmod_codec_raw.vcxproj", "{DA0E8E41-59F7-445E-8739-F59120D88AAF}"
EndProject
Project("{8BC9CEB8-8B4A-11D0-8D11-00A0C91BC942}") = "fmod_distance_filter", "fmod_distance_filter.vcxproj", "{B9E38CD5-FEEE-4E53-8A13-EC59031572AB}"
EndProject
Project("{8BC9CEB8-8B4A-11D0-8D11-00A0C91BC942}") = "fmod_gain", "fmod_gain.vcxproj", "{22D944F8-BE51-4FB1-B23E-7FAB31F4C9AF}"
EndProject
Project("{8BC9CEB8-8B4A-11D0-8D11-00A0C91BC942}") = "fmod_noise", "fmod_noise.vcxproj", "{2E91C5CA-B752-436A-AB00-129ACC0F6E60}"
EndProject
Project("{8BC9CEB8-8B4A-11D0-8D11-00A0C91BC942}") = "output_mp3", "output_mp3.vcxproj", "{C12A5652-C488-4C2D-A410-F6CC55085359}"
EndProject
Global
	GlobalSection(SolutionConfigurationPlatforms) = preSolution
		Debug|Win32 = Debug|Win32
		Debug|x64 = Debug|x64
		Release|Win32 = Release|Win32
		Release|x64 = Release|x64
	EndGlobalSection
	GlobalSection(ProjectConfigurationPlatforms) = postSolution
		{5EA7DF48-084D-47E5-A4A6-11A228540D40}.Debug|Win32.ActiveCfg = Debug|Win32
		{5EA7DF48-084D-47E5-A4A6-11A228540D40}.Debug|Win32.Build.0 = Debug|Win32
		{5EA7DF48-084D-47E5-A4A6-11A228540D40}.Debug|Win32.Deploy.0 = Debug|Win32
		{5EA7DF48-084D-47E5-A4A6-11A228540D40}.Debug|x64.ActiveCfg = Debug|x64
		{5EA7DF48-084D-47E5-A4A6-11A228540D40}.Debug|x64.Build.0 = Debug|x64
		{5EA7DF48-084D-47E5-A4A6-11A228540D40}.Debug|x64.Deploy.0 = Debug|x64
		{5EA7DF48-084D-47E5-A4A6-11A228540D40}.Release|Win32.ActiveCfg = Release|Win32
		{5EA7DF48-084D-47E5-A4A6-11A228540D40}.Release|Win32.Build.0 = Release|Win32
		{5EA7DF48-084D-47E5-A4A6-11A228540D40}.Release|Win32.Deploy.0 = Release|Win32
		{5EA7DF48-084D-47E5-A4A6-11A228540D40}.Release|x64.ActiveCfg = Release|x64
		{5EA7DF48-084D-47E5-A4A6-11A228540D40}.Release|x64.Build.0 = Release|x64
		{5EA7DF48-084D-47E5-A4A6-11A228540D40}.Release|x64.Deploy.0 = Release|x64
		{E62561E5-10FA-4507-8A1C-DB792F1C62AA}.Debug|Win32.ActiveCfg = Debug|Win32
		{E62561E5-10FA-4507-8A1C-DB792F1C62AA}.Debug|Win32.Build.0 = Debug|Win32
		{E62561E5-10FA-4507-8A1C-DB792F1C62AA}.Debug|Win32.Deploy.0 = Debug|Win32
		{E62561E5-10FA-4507-8A1C-DB792F1C62AA}.Debug|x64.ActiveCfg = Debug|x64
		{E62561E5-10FA-4507-8A1C-DB792F1C62AA}.Debug|x64.Build.0 = Debug|x64
		{E62561E5-10FA-4507-8A1C-DB792F1C62AA}.Debug|x64.Deploy.0 = Debug|x64
		{E62561E5-10FA-4507-8A1C-DB792F1C62AA}.Release|Win32.ActiveCfg = Release|Win32
		{E62561E5-10FA-4507-8A1C-DB792F1C62AA}.Release|Win32.Build.0 = Release|Win32
		{E62561E5-10FA-4507-8A1C-DB792F1C62AA}.Release|Win32.Deploy.0 = Release|Win32
		{E62561E5-10FA-4507-8A1C-DB792F1C62AA}.Release|x64.ActiveCfg = Release|x64
		{E62561E5-10FA-4507-8A1C-DB792F1C62AA}.Release|x64.Build.0 = Release|x64
		{E62561E5-10FA-4507-8A1C-DB792F1C62AA}.Release|x64.Deploy.0 = Release|x64
		{DC8E30EF-EFF1-472E-A62B-679234E8F433}.Debug|Win32.ActiveCfg = Debug|Win32
		{DC8E30EF-EFF1-472E-A62B-679234E8F433}.Debug|Win32.Build.0 = Debug|Win32
		{DC8E30EF-EFF1-472E-A62B-679234E8F433}.Debug|Win32.Deploy.0 = Debug|Win32
		{DC8E30EF-EFF1-472E-A62B-679234E8F433}.Debug|x64.ActiveCfg = Debug|x64
		{DC8E30EF-EFF1-472E-A62B-679234E8F433}.Debug|x64.Build.0 = Debug|x64
		{DC8E30EF-EFF1-472E-A62B-679234E8F433}.Debug|x64.Deploy.0 = Debug|x64
		{DC8E30EF-EFF1-472E-A62B-679234E8F433}.Release|Win32.ActiveCfg = Release|Win32
		{DC8E30EF-EFF1-472E-A62B-679234E8F433}.Release|Win32.Build.0 = Release|Win32
		{DC8E30EF-EFF1-472E-A62B-679234E8F433}.Release|Win32.Deploy.0 = Release|Win32
		{DC8E30EF-EFF1-472E-A62B-679234E8F433}.Release|x64.ActiveCfg = Release|x64
		{DC8E30EF-EFF1-472E-A62B-679234E8F433}.Release|x64.Build.0 = Release|x64
		{DC8E30EF-EFF1-472E-A62B-679234E8F433}.Release|x64.Deploy.0 = Release|x64
		{E7EF63A2-C8BB-4BC6-9E23-292A3BB7C2F7}.Debug|Win32.ActiveCfg = Debug|Win32
		{E7EF63A2-C8BB-4BC6-9E23-292A3BB7C2F7}.Debug|Win32.Build.0 = Debug|Win32
		{E7EF63A2-C8BB-4BC6-9E23-292A3BB7C2F7}.Debug|Win32.Deploy.0 = Debug|Win32
		{E7EF63A2-C8BB-4BC6-9E23-292A3BB7C2F7}.Debug|x64.ActiveCfg = Debug|x64
		{E7EF63A2-C8BB-4BC6-9E23-292A3BB7C2F7}.Debug|x64.Build.0 = Debug|x64
		{E7EF63A2-C8BB-4BC6-9E23-292A3BB7C2F7}.Debug|x64.Deploy.0 = Debug|x64
		{E7EF63A2-C8BB-4BC6-9E23-292A3BB7C2F7}.Release|Win32.ActiveCfg = Release|Win32
		{E7EF63A2-C8BB-4BC6-9E23-292A3BB7C2F7}.Release|Win32.Build.0 = Release|Win32
		{E7EF63A2-C8BB-4BC6-9E23-292A3BB7C2F7}.Release|Win32.Deploy.0 = Release|Win32
		{E7EF63A2-C8BB-4BC6-9E23-292A3BB7C2F7}.Release|x64.ActiveCfg = Release|x64
		{E7EF63A2-C8BB-4BC6-9E23-292A3BB7C2F7}.Release|x64.Build.0 = Release|x64
		{E7EF63A2-C8BB-4BC6-9E23-292A3BB7C2F7}.Release|x64.Deploy.0 = Release|x64
		{60ED7C77-6182-4A74-AFE3-029878BCE8B1}.Debug|Win32.ActiveCfg = Debug|Win32
		{60ED7C77-6182-4A74-AFE3-029878BCE8B1}.Debug|Win32.Build.0 = Debug|Win32
		{60ED7C77-6182-4A74-AFE3-029878BCE8B1}.Debug|Win32.Deploy.0 = Debug|Win32
		{60ED7C77-6182-4A74-AFE3-029878BCE8B1}.Debug|x64.ActiveCfg = Debug|x64
		{60ED7C77-6182-4A74-AFE3-029878BCE8B1}.Debug|x64.Build.0 = Debug|x64
		{60ED7C77-6182-4A74-AFE3-029878BCE8B1}.Debug|x64.Deploy.0 = Debug|x64
		{60ED7C77-6182-4A74-AFE3-029878BCE8B1}.Release|Win32.ActiveCfg = Release|Win32
		{60ED7C77-6182-4A74-AFE3-029878BCE8B1}.Release|Win32.Build.0 = Release|Win32
		{60ED7C77-6182-4A74-AFE3-029878BCE8B1}.Release|Win32.Deploy.0 = Release|Win32
		{60ED7C77-6182-4A74-AFE3-029878BCE8B1}.Release|x64.ActiveCfg = Release|x64
		{60ED7C77-6182-4A74-AFE3-029878BCE8B1}.Release|x64.Build.0 = Release|x64
		{60ED7C77-6182-4A74-AFE3-029878BCE8B1}.Release|x64.Deploy.0 = Release|x64
		{EE151F2C-82EA-486B-8D97-D63F18F483EA}.Debug|Win32.ActiveCfg = Debug|Win32
		{EE151F2C-82EA-486B-8D97-D63F18F483EA}.Debug|Win32.Build.0 = Debug|Win32
		{EE151F2C-82EA-486B-8D97-D63F18F483EA}.Debug|Win32.Deploy.0 = Debug|Win32
		{EE151F2C-82EA-486B-8D97-D63F18F483EA}.Debug|x64.ActiveCfg = Debug|x64
		{EE151F2C-82EA-486B-8D97-D63F18F483EA}.Debug|x64.Build.0 = Debug|x64
		{EE151F2C-82EA-486B-8D97-D63F18F483EA}.Debug|x64.Deploy.0 = Debug|x64
		{EE151F2C-82EA-486B-8D97-D63F18F483EA}.Release|Win32.ActiveCfg = Release|Win32
		{EE151F2C-82EA-486B-8D97-D63F18F483EA}.Release|Win32.Build.0 = Release|Win32
		{EE151F2C-82EA-486B-8D97-D63F18F483EA}.Release|Win32.Deploy.0 = Release|Win32
		{EE151F2C-82EA-486B-8D97-D63F18F483EA}.Release|x64.ActiveCfg = Release|x64
		{EE151F2C-82EA-486B-8D97-D63F18F483EA}.Release|x64.Build.0 = Release|x64
		{EE151F2C-82EA-486B-8D97-D63F18F483EA}.Release|x64.Deploy.0 = Release|x64
		{CD94F369-567A-4B10-A6CA-4CE1BE4B4400}.Debug|Win32.ActiveCfg = Debug|Win32
		{CD94F369-567A-4B10-A6CA-4CE1BE4B4400}.Debug|Win32.Build.0 = Debug|Win32
		{CD94F369-567A-4B10-A6CA-4CE1BE4B4400}.Debug|Win32.Deploy.0 = Debug|Win32
		{CD94F369-567A-4B10-A6CA-4CE1BE4B4400}.Debug|x64.ActiveCfg = Debug|x64
		{CD94F369-567A-4B10-A6CA-4CE1BE4B4400}.Debug|x64.Build.0 = Debug|x64
		{CD94F369-567A-4B10-A6CA-4CE1BE4B4400}.Debug|x64.Deploy.0 = Debug|x64
		{CD94F369-567A-4B10-A6CA-4CE1BE4B4400}.Release|Win32.ActiveCfg = Release|Win32
		{CD94F369-567A-4B10-A6CA-4CE1BE4B4400}.Release|Win32.Build.0 = Release|Win32
		{CD94F369-567A-4B10-A6CA-4CE1BE4B4400}.Release|Win32.Deploy.0 = Release|Win32
		{CD94F369-567A-4B10-A6CA-4CE1BE4B4400}.Release|x64.ActiveCfg = Release|x64
		{CD94F369-567A-4B10-A6CA-4CE1BE4B4400}.Release|x64.Build.0 = Release|x64
		{CD94F369-567A-4B10-A6CA-4CE1BE4B4400}.Release|x64.Deploy.0 = Release|x64
		{49384E32-AC6E-4E44-BDD6-19A7A1647D24}.Debug|Win32.ActiveCfg = Debug|Win32
		{49384E32-AC6E-4E44-BDD6-19A7A1647D24}.Debug|Win32.Build.0 = Debug|Win32
		{49384E32-AC6E-4E44-BDD6-19A7A1647D24}.Debug|Win32.Deploy.0 = Debug|Win32
		{49384E32-AC6E-4E44-BDD6-19A7A1647D24}.Debug|x64.ActiveCfg = Debug|x64
		{49384E32-AC6E-4E44-BDD6-19A7A1647D24}.Debug|x64.Build.0 = Debug|x64
		{49384E32-AC6E-4E44-BDD6-19A7A1647D24}.Debug|x64.Deploy.0 = Debug|x64
		{49384E32-AC6E-4E44-BDD6-19A7A1647D24}.Release|Win32.ActiveCfg = Release|Win32
		{49384E32-AC6E-4E44-BDD6-19A7A1647D24}.Release|Win32.Build.0 = Release|Win32
		{49384E32-AC6E-4E44-BDD6-19A7A1647D24}.Release|Win32.Deploy.0 = Release|Win32
		{49384E32-AC6E-4E44-BDD6-19A7A1647D24}.Release|x64.ActiveCfg = Release|x64
		{49384E32-AC6E-4E44-BDD6-19A7A1647D24}.Release|x64.Build.0 = Release|x64
		{49384E32-AC6E-4E44-BDD6-19A7A1647D24}.Release|x64.Deploy.0 = Release|x64
		{ADD0D236-2CF9-499B-ABB8-1D1A46F5E3F3}.Debug|Win32.ActiveCfg = Debug|Win32
		{ADD0D236-2CF9-499B-ABB8-1D1A46F5E3F3}.Debug|Win32.Build.0 = Debug|Win32
		{ADD0D236-2CF9-499B-ABB8-1D1A46F5E3F3}.Debug|Win32.Deploy.0 = Debug|Win32
		{ADD0D236-2CF9-499B-ABB8-1D1A46F5E3F3}.Debug|x64.ActiveCfg = Debug|x64
		{ADD0D236-2CF9-499B-ABB8-1D1A46F5E3F3}.Debug|x64.Build.0 = Debug|x64
		{ADD0D236-2CF9-499B-ABB8-1D1A46F5E3F3}.Debug|x64.Deploy.0 = Debug|x64
		{ADD0D236-2CF9-499B-ABB8-1D1A46F5E3F3}.Release|Win32.ActiveCfg = Release|Win32
		{ADD0D236-2CF9-499B-ABB8-1D1A46F5E3F3}.Release|Win32.Build.0 = Release|Win32
		{ADD0D236-2CF9-499B-ABB8-1D1A46F5E3F3}.Release|Win32.Deploy.0 = Release|Win32
		{ADD0D236-2CF9-499B-ABB8-1D1A46F5E3F3}.Release|x64.ActiveCfg = Release|x64
		{ADD0D236-2CF9-499B-ABB8-1D1A46F5E3F3}.Release|x64.Build.0 = Release|x64
		{ADD0D236-2CF9-499B-ABB8-1D1A46F5E3F3}.Release|x64.Deploy.0 = Release|x64
		{7CA1672B-2441-4A32-9058-A9237ED7749F}.Debug|Win32.ActiveCfg = Debug|Win32
		{7CA1672B-2441-4A32-9058-A9237ED7749F}.Debug|Win32.Build.0 = Debug|Win32
		{7CA1672B-2441-4A32-9058-A9237ED7749F}.Debug|Win32.Deploy.0 = Debug|Win32
		{7CA1672B-2441-4A32-9058-A9237ED7749F}.Debug|x64.ActiveCfg = Debug|x64
		{7CA1672B-2441-4A32-9058-A9237ED7749F}.Debug|x64.Build.0 = Debug|x64
		{7CA1672B-2441-4A32-9058-A9237ED7749F}.Debug|x64.Deploy.0 = Debug|x64
		{7CA1672B-2441-4A32-9058-A9237ED7749F}.Release|Win32.ActiveCfg = Release|Win32
		{7CA1672B-2441-4A32-9058-A9237ED7749F}.Release|Win32.Build.0 = Release|Win32
		{7CA1672B-2441-4A32-9058-A9237ED7749F}.Release|Win32.Deploy.0 = Release|Win32
		{7CA1672B-2441-4A32-9058-A9237ED7749F}.Release|x64.ActiveCfg = Release|x64
		{7CA1672B-2441-4A32-9058-A9237ED7749F}.Release|x64.Build.0 = Release|x64
		{7CA1672B-2441-4A32-9058-A9237ED7749F}.Release|x64.Deploy.0 = Release|x64
		{6B4E41AD-AF0C-4602-9E89-ECE8A77F27C0}.Debug|Win32.ActiveCfg = Debug|Win32
		{6B4E41AD-AF0C-4602-9E89-ECE8A77F27C0}.Debug|Win32.Build.0 = Debug|Win32
		{6B4E41AD-AF0C-4602-9E89-ECE8A77F27C0}.Debug|Win32.Deploy.0 = Debug|Win32
		{6B4E41AD-AF0C-4602-9E89-ECE8A77F27C0}.Debug|x64.ActiveCfg = Debug|x64
		{6B4E41AD-AF0C-4602-9E89-ECE8A77F27C0}.Debug|x64.Build.0 = Debug|x64
		{6B4E41AD-AF0C-4602-9E89-ECE8A77F27C0}.Debug|x64.Deploy.0 = Debug|x64
		{6B4E41AD-AF0C-4602-9E89-ECE8A77F27C0}.Release|Win32.ActiveCfg = Release|Win32
		{6B4E41AD-AF0C-4602-9E89-ECE8A77F27C0}.Release|Win32.Build.0 = Release|Win32
		{6B4E41AD-AF0C-4602-9E89-ECE8A77F27C0}.Release|Win32.Deploy.0 = Release|Win32
		{6B4E41AD-AF0C-4602-9E89-ECE8A77F27C0}.Release|x64.ActiveCfg = Release|x64
		{6B4E41AD-AF0C-4602-9E89-ECE8A77F27C0}.Release|x64.Build.0 = Release|x64
		{6B4E41AD-AF0C-4602-9E89-ECE8A77F27C0}.Release|x64.Deploy.0 = Release|x64
		{44B25F24-28AC-4B11-B3F2-18A93EE6B5C8}.Debug|Win32.ActiveCfg = Debug|Win32
		{44B25F24-28AC-4B11-B3F2-18A93EE6B5C8}.Debug|Win32.Build.0 = Debug|Win32
		{44B25F24-28AC-4B11-B3F2-18A93EE6B5C8}.Debug|Win32.Deploy.0 = Debug|Win32
		{44B25F24-28AC-4B11-B3F2-18A93EE6B5C8}.Debug|x64.ActiveCfg = Debug|x64
		{44B25F24-28AC-4B11-B3F2-18A93EE6B5C8}.Debug|x64.Build.0 = Debug|x64
		{44B25F24-28AC-4B11-B3F2-18A93EE6B5C8}.Debug|x64.Deploy.0 = Debug|x64
		{44B25F24-28AC-4B11-B3F2-18A93EE6B5C8}.Release|Win32.ActiveCfg = Release|Win32
		{44B25F24-28AC-4B11-B3F2-18A93EE6B5C8}.Release|Win32.Build.0 = Release|Win32
		{44B25F24-28AC-4B11-B3F2-18A93EE6B5C8}.Release|Win32.Deploy.0 = Release|Win32
		{44B25F24-28AC-4B11-B3F2-18A93EE6B5C8}.Release|x64.ActiveCfg = Release|x64
		{44B25F24-28AC-4B11-B3F2-18A93EE6B5C8}.Release|x64.Build.0 = Release|x64
		{44B25F24-28AC-4B11-B3F2-18A93EE6B5C8}.Release|x64.Deploy.0 = Release|x64
		{3AE68B93-0B04-4744-8DF0-1448F76A77F9}.Debug|Win32.ActiveCfg = Debug|Win32
		{3AE68B93-0B04-4744-8DF0-1448F76A77F9}.Debug|Win32.Build.0 = Debug|Win32
		{3AE68B93-0B04-4744-8DF0-1448F76A77F9}.Debug|Win32.Deploy.0 = Debug|Win32
		{3AE68B93-0B04-4744-8DF0-1448F76A77F9}.Debug|x64.ActiveCfg = Debug|x64
		{3AE68B93-0B04-4744-8DF0-1448F76A77F9}.Debug|x64.Build.0 = Debug|x64
		{3AE68B93-0B04-4744-8DF0-1448F76A77F9}.Debug|x64.Deploy.0 = Debug|x64
		{3AE68B93-0B04-4744-8DF0-1448F76A77F9}.Release|Win32.ActiveCfg = Release|Win32
		{3AE68B93-0B04-4744-8DF0-1448F76A77F9}.Release|Win32.Build.0 = Release|Win32
		{3AE68B93-0B04-4744-8DF0-1448F76A77F9}.Release|Win32.Deploy.0 = Release|Win32
		{3AE68B93-0B04-4744-8DF0-1448F76A77F9}.Release|x64.ActiveCfg = Release|x64
		{3AE68B93-0B04-4744-8DF0-1448F76A77F9}.Release|x64.Build.0 = Release|x64
		{3AE68B93-0B04-4744-8DF0-1448F76A77F9}.Release|x64.Deploy.0 = Release|x64
		{8B2012FD-78E0-4E4F-840B-DD341B3A1D7B}.Debug|Win32.ActiveCfg = Debug|Win32
		{8B2012FD-78E0-4E4F-840B-DD341B3A1D7B}.Debug|Win32.Build.0 = Debug|Win32
		{8B2012FD-78E0-4E4F-840B-DD341B3A1D7B}.Debug|Win32.Deploy.0 = Debug|Win32
		{8B2012FD-78E0-4E4F-840B-DD341B3A1D7B}.Debug|x64.ActiveCfg = Debug|x64
		{8B2012FD-78E0-4E4F-840B-DD341B3A1D7B}.Debug|x64.Build.0 = Debug|x64
		{8B2012FD-78E0-4E4F-840B-DD341B3A1D7B}.Debug|x64.Deploy.0 = Debug|x64
		{8B2012FD-78E0-4E4F-840B-DD341B3A1D7B}.Release|Win32.ActiveCfg = Release|Win32
		{8B2012FD-78E0-4E4F-840B-DD341B3A1D7B}.Release|Win32.Build.0 = Release|Win32
		{8B2012FD-78E0-4E4F-840B-DD341B3A1D7B}.Release|Win32.Deploy.0 = Release|Win32
		{8B2012FD-78E0-4E4F-840B-DD341B3A1D7B}.Release|x64.ActiveCfg = Release|x64
		{8B2012FD-78E0-4E4F-840B-DD341B3A1D7B}.Release|x64.Build.0 = Release|x64
		{8B2012FD-78E0-4E4F-840B-DD341B3A1D7B}.Release|x64.Deploy.0 = Release|x64
		{312B9A1F-CCE1-45DA-92A3-05A80F176932}.Debug|Win32.ActiveCfg = Debug|Win32
		{312B9A1F-CCE1-45DA-92A3-05A80F176932}.Debug|Win32.Build.0 = Debug|Win32
		{312B9A1F-CCE1-45DA-92A3-05A80F176932}.Debug|Win32.Deploy.0 = Debug|Win32
		{312B9A1F-CCE1-45DA-92A3-05A80F176932}.Debug|x64.ActiveCfg = Debug|x64
		{312B9A1F-CCE1-45DA-92A3-05A80F176932}.Debug|x64.Build.0 = Debug|x64
		{312B9A1F-CCE1-45DA-92A3-05A80F176932}.Debug|x64.Deploy.0 = Debug|x64
		{312B9A1F-CCE1-45DA-92A3-05A80F176932}.Release|Win32.ActiveCfg = Release|Win32
		{312B9A1F-CCE1-45DA-92A3-05A80F176932}.Release|Win32.Build.0 = Release|Win32
		{312B9A1F-CCE1-45DA-92A3-05A80F176932}.Release|Win32.Deploy.0 = Release|Win32
		{312B9A1F-CCE1-45DA-92A3-05A80F176932}.Release|x64.ActiveCfg = Release|x64
		{312B9A1F-CCE1-45DA-92A3-05A80F176932}.Release|x64.Build.0 = Release|x64
		{312B9A1F-CCE1-45DA-92A3-05A80F176932}.Release|x64.Deploy.0 = Release|x64
		{28DD1FE0-047B-424B-93B0-B71FE699A1BD}.Debug|Win32.ActiveCfg = Debug|Win32
		{28DD1FE0-047B-424B-93B0-B71FE699A1BD}.Debug|Win32.Build.0 = Debug|Win32
		{28DD1FE0-047B-424B-93B0-B71FE699A1BD}.Debug|Win32.Deploy.0 = Debug|Win32
		{28DD1FE0-047B-424B-93B0-B71FE699A1BD}.Debug|x64.ActiveCfg = Debug|x64
		{28DD1FE0-047B-424B-93B0-B71FE699A1BD}.Debug|x64.Build.0 = Debug|x64
		{28DD1FE0-047B-424B-93B0-B71FE699A1BD}.Debug|x64.Deploy.0 = Debug|x64
		{28DD1FE0-047B-424B-93B0-B71FE699A1BD}.Release|Win32.ActiveCfg = Release|Win32
		{28DD1FE0-047B-424B-93B0-B71FE699A1BD}.Release|Win32.Build.0 = Release|Win32
		{28DD1FE0-047B-424B-93B0-B71FE699A1BD}.Release|Win32.Deploy.0 = Release|Win32
		{28DD1FE0-047B-424B-93B0-B71FE699A1BD}.Release|x64.ActiveCfg = Release|x64
		{28DD1FE0-047B-424B-93B0-B71FE699A1BD}.Release|x64.Build.0 = Release|x64
		{28DD1FE0-047B-424B-93B0-B71FE699A1BD}.Release|x64.Deploy.0 = Release|x64
		{EA12CA66-8B45-4CC3-AB79-EC024B22DAFE}.Debug|Win32.ActiveCfg = Debug|Win32
		{EA12CA66-8B45-4CC3-AB79-EC024B22DAFE}.Debug|Win32.Build.0 = Debug|Win32
		{EA12CA66-8B45-4CC3-AB79-EC024B22DAFE}.Debug|Win32.Deploy.0 = Debug|Win32
		{EA12CA66-8B45-4CC3-AB79-EC024B22DAFE}.Debug|x64.ActiveCfg = Debug|x64
		{EA12CA66-8B45-4CC3-AB79-EC024B22DAFE}.Debug|x64.Build.0 = Debug|x64
		{EA12CA66-8B45-4CC3-AB79-EC024B22DAFE}.Debug|x64.Deploy.0 = Debug|x64
		{EA12CA66-8B45-4CC3-AB79-EC024B22DAFE}.Release|Win32.ActiveCfg = Release|Win32
		{EA12CA66-8B45-4CC3-AB79-EC024B22DAFE}.Release|Win32.Build.0 = Release|Win32
		{EA12CA66-8B45-4CC3-AB79-EC024B22DAFE}.Release|Win32.Deploy.0 = Release|Win32
		{EA12CA66-8B45-4CC3-AB79-EC024B22DAFE}.Release|x64.ActiveCfg = Release|x64
		{EA12CA66-8B45-4CC3-AB79-EC024B22DAFE}.Release|x64.Build.0 = Release|x64
		{EA12CA66-8B45-4CC3-AB79-EC024B22DAFE}.Release|x64.Deploy.0 = Release|x64
		{DB2E2F2D-0AB5-4FDA-BC47-CB5753AA5090}.Debug|Win32.ActiveCfg = Debug|Win32
		{DB2E2F2D-0AB5-4FDA-BC47-CB5753AA5090}.Debug|Win32.Build.0 = Debug|Win32
		{DB2E2F2D-0AB5-4FDA-BC47-CB5753AA5090}.Debug|Win32.Deploy.0 = Debug|Win32
		{DB2E2F2D-0AB5-4FDA-BC47-CB5753AA5090}.Debug|x64.ActiveCfg = Debug|x64
		{DB2E2F2D-0AB5-4FDA-BC47-CB5753AA5090}.Debug|x64.Build.0 = Debug|x64
		{DB2E2F2D-0AB5-4FDA-BC47-CB5753AA5090}.Debug|x64.Deploy.0 = Debug|x64
		{DB2E2F2D-0AB5-4FDA-BC47-CB5753AA5090}.Release|Win32.ActiveCfg = Release|Win32
		{DB2E2F2D-0AB5-4FDA-BC47-CB5753AA5090}.Release|Win32.Build.0 = Release|Win32
		{DB2E2F2D-0AB5-4FDA-BC47-CB5753AA5090}.Release|Win32.Deploy.0 = Release|Win32
		{DB2E2F2D-0AB5-4FDA-BC47-CB5753AA5090}.Release|x64.ActiveCfg = Release|x64
		{DB2E2F2D-0AB5-4FDA-BC47-CB5753AA5090}.Release|x64.Build.0 = Release|x64
		{DB2E2F2D-0AB5-4FDA-BC47-CB5753AA5090}.Release|x64.Deploy.0 = Release|x64
		{AEF00810-A6BC-4533-AE78-0088A3316506}.Debug|Win32.ActiveCfg = Debug|Win32
		{AEF00810-A6BC-4533-AE78-0088A3316506}.Debug|Win32.Build.0 = Debug|Win32
		{AEF00810-A6BC-4533-AE78-0088A3316506}.Debug|Win32.Deploy.0 = Debug|Win32
		{AEF00810-A6BC-4533-AE78-0088A3316506}.Debug|x64.ActiveCfg = Debug|x64
		{AEF00810-A6BC-4533-AE78-0088A3316506}.Debug|x64.Build.0 = Debug|x64
		{AEF00810-A6BC-4533-AE78-0088A3316506}.Debug|x64.Deploy.0 = Debug|x64
		{AEF00810-A6BC-4533-AE78-0088A3316506}.Release|Win32.ActiveCfg = Release|Win32
		{AEF00810-A6BC-4533-AE78-0088A3316506}.Release|Win32.Build.0 = Release|Win32
		{AEF00810-A6BC-4533-AE78-0088A3316506}.Release|Win32.Deploy.0 = Release|Win32
		{AEF00810-A6BC-4533-AE78-0088A3316506}.Release|x64.ActiveCfg = Release|x64
		{AEF00810-A6BC-4533-AE78-0088A3316506}.Release|x64.Build.0 = Release|x64
		{AEF00810-A6BC-4533-AE78-0088A3316506}.Release|x64.Deploy.0 = Release|x64
		{A2FCED40-B80A-4C94-9095-4ED1D741ABD2}.Debug|Win32.ActiveCfg = Debug|Win32
		{A2FCED40-B80A-4C94-9095-4ED1D741ABD2}.Debug|Win32.Build.0 = Debug|Win32
		{A2FCED40-B80A-4C94-9095-4ED1D741ABD2}.Debug|Win32.Deploy.0 = Debug|Win32
		{A2FCED40-B80A-4C94-9095-4ED1D741ABD2}.Debug|x64.ActiveCfg = Debug|x64
		{A2FCED40-B80A-4C94-9095-4ED1D741ABD2}.Debug|x64.Build.0 = Debug|x64
		{A2FCED40-B80A-4C94-9095-4ED1D741ABD2}.Debug|x64.Deploy.0 = Debug|x64
		{A2FCED40-B80A-4C94-9095-4ED1D741ABD2}.Release|Win32.ActiveCfg = Release|Win32
		{A2FCED40-B80A-4C94-9095-4ED1D741ABD2}.Release|Win32.Build.0 = Release|Win32
		{A2FCED40-B80A-4C94-9095-4ED1D741ABD2}.Release|Win32.Deploy.0 = Release|Win32
		{A2FCED40-B80A-4C94-9095-4ED1D741ABD2}.Release|x64.ActiveCfg = Release|x64
		{A2FCED40-B80A-4C94-9095-4ED1D741ABD2}.Release|x64.Build.0 = Release|x64
		{A2FCED40-B80A-4C94-9095-4ED1D741ABD2}.Release|x64.Deploy.0 = Release|x64
		{DA0E8E41-59F7-445E-8739-F59120D88AAF}.Debug|Win32.ActiveCfg = Debug|Win32
		{DA0E8E41-59F7-445E-8739-F59120D88AAF}.Debug|Win32.Build.0 = Debug|Win32
		{DA0E8E41-59F7-445E-8739-F59120D88AAF}.Debug|Win32.Deploy.0 = Debug|Win32
		{DA0E8E41-59F7-445E-8739-F59120D88AAF}.Debug|x64.ActiveCfg = Debug|x64
		{DA0E8E41-59F7-445E-8739-F59120D88AAF}.Debug|x64.Build.0 = Debug|x64
		{DA0E8E41-59F7-445E-8739-F59120D88AAF}.Debug|x64.Deploy.0 = Debug|x64
		{DA0E8E41-59F7-445E-8739-F59120D88AAF}.Release|Win32.ActiveCfg = Release|Win32
		{DA0E8E41-59F7-445E-8739-F59120D88AAF}.Release|Win32.Build.0 = Release|Win32
		{DA0E8E41-59F7-445E-8739-F59120D88AAF}.Release|Win32.Deploy.0 = Release|Win32
		{DA0E8E41-59F7-445E-8739-F59120D88AAF}.Release|x64.ActiveCfg = Release|x64
		{DA0E8E41-59F7-445E-8739-F59120D88AAF}.Release|x64.Build.0 = Release|x64
		{DA0E8E41-59F7-445E-8739-F59120D88AAF}.Release|x64.Deploy.0 = Release|x64
		{B9E38CD5-FEEE-4E53-8A13-EC59031572AB}.Debug|Win32.ActiveCfg = Debug|Win32
		{B9E38CD5-FEEE-4E53-8A13-EC59031572AB}.Debug|Win32.Build.0 = Debug|Win32
		{B9E38CD5-FEEE-4E53-8A13-EC59031572AB}.Debug|Win32.Deploy.0 = Debug|Win32
		{B9E38CD5-FEEE-4E53-8A13-EC59031572AB}.Debug|x64.ActiveCfg = Debug|x64
		{B9E38CD5-FEEE-4E53-8A13-EC59031572AB}.Debug|x64.Build.0 = Debug|x64
		{B9E38CD5-FEEE-4E53-8A13-EC59031572AB}.Debug|x64.Deploy.0 = Debug|x64
		{B9E38CD5-FEEE-4E53-8A13-EC59031572AB}.Release|Win32.ActiveCfg = Release|Win32
		{B9E38CD5-FEEE-4E53-8A13-EC59031572AB}.Release|Win32.Build.0 = Release|Win32
		{B9E38CD5-FEEE-4E53-8A13-EC59031572AB}.Release|Win32.Deploy.0 = Release|Win32
		{B9E38CD5-FEEE-4E53-8A13-EC59031572AB}.Release|x64.ActiveCfg = Release|x64
		{B9E38CD5-FEEE-4E53-8A13-EC59031572AB}.Release|x64.Build.0 = Release|x64
		{B9E38CD5-FEEE-4E53-8A13-EC59031572AB}.Release|x64.Deploy.0 = Release|x64
		{22D944F8-BE51-4FB1-B23E-7FAB31F4C9AF}.Debug|Win32.ActiveCfg = Debug|Win32
		{22D944F8-BE51-4FB1-B23E-7FAB31F4C9AF}.Debug|Win32.Build.0 = Debug|Win32
		{22D944F8-BE51-4FB1-B23E-7FAB31F4C9AF}.Debug|Win32.Deploy.0 = Debug|Win32
		{22D944F8-BE51-4FB1-B23E-7FAB31F4C9AF}.Debug|x64.ActiveCfg = Debug|x64
		{22D944F8-BE51-4FB1-B23E-7FAB31F4C9AF}.Debug|x64.Build.0 = Debug|x64
		{22D944F8-BE51-4FB1-B23E-7FAB31F4C9AF}.Debug|x64.Deploy.0 = Debug|x64
		{22D944F8-BE51-4FB1-B23E-7FAB31F4C9AF}.Release|Win32.ActiveCfg = Release|Win32
		{22D944F8-BE51-4FB1-B23E-7FAB31F4C9AF}.Release|Win32.Build.0 = Release|Win32
		{22D944F8-BE51-4FB1-B23E-7FAB31F4C9AF}.Release|Win32.Deploy.0 = Release|Win32
		{22D944F8-BE51-4FB1-B23E-7FAB31F4C9AF}.Release|x64.ActiveCfg = Release|x64
		{22D944F8-BE51-4FB1-B23E-7FAB31F4C9AF}.Release|x64.Build.0 = Release|x64
		{22D944F8-BE51-4FB1-B23E-7FAB31F4C9AF}.Release|x64.Deploy.0 = Release|x64
		{2E91C5CA-B752-436A-AB00-129ACC0F6E60}.Debug|Win32.ActiveCfg = Debug|Win32
		{2E91C5CA-B752-436A-AB00-129ACC0F6E60}.Debug|Win32.Build.0 = Debug|Win32
		{2E91C5CA-B752-436A-AB00-129ACC0F6E60}.Debug|Win32.Deploy.0 = Debug|Win32
		{2E91C5CA-B752-436A-AB00-129ACC0F6E60}.Debug|x64.ActiveCfg = Debug|x64
		{2E91C5CA-B752-436A-AB00-129ACC0F6E60}.Debug|x64.Build.0 = Debug|x64
		{2E91C5CA-B752-436A-AB00-129ACC0F6E60}.Debug|x64.Deploy.0 = Debug|x64
		{2E91C5CA-B752-436A-AB00-129ACC0F6E60}.Release|Win32.ActiveCfg = Release|Win32
		{2E91C5CA-B752-436A-AB00-129ACC0F6E60}.Release|Win32.Build.0 = Release|Win32
		{2E91C5CA-B752-436A-AB00-129ACC0F6E60}.Release|Win32.Deploy.0 = Release|Win32
		{2E91C5CA-B752-436A-AB00-129ACC0F6E60}.Release|x64.ActiveCfg = Release|x64
		{2E91C5CA-B752-436A-AB00-129ACC0F6E60}.Release|x64.Build.0 = Release|x64
		{2E91C5CA-B752-436A-AB00-129ACC0F6E60}.Release|x64.Deploy.0 = Release|x64
		{C12A5652-C488-4C2D-A410-F6CC55085359}.Debug|Win32.ActiveCfg = Debug|Win32
		{C12A5652-C488-4C2D-A410-F6CC55085359}.Debug|Win32.Build.0 = Debug|Win32
		{C12A5652-C488-4C2D-A410-F6CC55085359}.Debug|Win32.Deploy.0 = Debug|Win32
		{C12A5652-C488-4C2D-A410-F6CC55085359}.Debug|x64.ActiveCfg = Debug|x64
		{C12A5652-C488-4C2D-A410-F6CC55085359}.Debug|x64.Build.0 = Debug|x64
		{C12A5652-C488-4C2D-A410-F6CC55085359}.Debug|x64.Deploy.0 = Debug|x64
		{C12A5652-C488-4C2D-A410-F6CC55085359}.Release|Win32.ActiveCfg = Release|Win32
		{C12A5652-C488-4C2D-A410-F6CC55085359}.Release|Win32.Build.0 = Release|Win32
		{C12A5652-C488-4C2D-A410-F6CC55085359}.Release|Win32.Deploy.0 = Release|Win32
		{C12A5652-C488-4C2D-A410-F6CC55085359}.Release|x64.ActiveCfg = Release|x64
		{C12A5652-C488-4C2D-A410-F6CC55085359}.Release|x64.Build.0 = Release|x64
		{C12A5652-C488-4C2D-A410-F6CC55085359}.Release|x64.Deploy.0 = Release|x64
	EndGlobalSection
	GlobalSection(SolutionProperties) = preSolution
		HideSolutionNode = FALSE
	EndGlobalSection
EndGlobal
