
Microsoft Visual Studio Solution File, Format Version 11.00
# Visual Studio 15
Project("{8BC9CEB8-8B4A-11D0-8D11-00A0C91BC942}") = "3d", "3d.vcxproj", "{FA472075-0A29-41AD-A982-9CF6F967E4C8}"
EndProject
Project("{8BC9CEB8-8B4A-11D0-8D11-00A0C91BC942}") = "asyncio", "asyncio.vcxproj", "{03BD5902-C1B8-444C-9093-C812D429BB9B}"
EndProject
Project("{8BC9CEB8-8B4A-11D0-8D11-00A0C91BC942}") = "channel_groups", "channel_groups.vcxproj", "{0A9FFB95-BAE6-4A25-8D9F-F4DE62453729}"
EndProject
Project("{8BC9CEB8-8B4A-11D0-8D11-00A0C91BC942}") = "convolution_reverb", "convolution_reverb.vcxproj", "{09D898F8-0042-4375-9DAD-07110487057E}"
EndProject
Project("{8BC9CEB8-8B4A-11D0-8D11-00A0C91BC942}") = "dsp_custom", "dsp_custom.vcxproj", "{14B9992A-2ADC-44A5-A84D-48EBC2E94EA4}"
EndProject
Project("{8BC9CEB8-8B4A-11D0-8D11-00A0C91BC942}") = "dsp_effect_per_speaker", "dsp_effect_per_speaker.vcxproj", "{C3B25C7B-B86D-43C4-AAF2-76677BB9FE32}"
EndProject
Project("{8BC9CEB8-8B4A-11D0-8D11-00A0C91BC942}") = "dsp_inspector", "dsp_inspector.vcxproj", "{9488C751-8872-4AFB-875F-C4742061EBF9}"
EndProject
Project("{8BC9CEB8-8B4A-11D0-8D11-00A0C91BC942}") = "effects", "effects.vcxproj", "{3D803B7E-7748-4379-8058-4F4D5E02233A}"
EndProject
Project("{8BC9CEB8-8B4A-11D0-8D11-00A0C91BC942}") = "gapless_playback", "gapless_playback.vcxproj", "{42490C0E-1FCD-4259-B706-5F2098236A2D}"
EndProject
Project("{8BC9CEB8-8B4A-11D0-8D11-00A0C91BC942}") = "generate_tone", "generate_tone.vcxproj", "{4BBD91D5-1B63-44E3-BFAE-CE2F1EB19E78}"
EndProject
Project("{8BC9CEB8-8B4A-11D0-8D11-00A0C91BC942}") = "granular_synth", "granular_synth.vcxproj", "{E5E6D5BB-8E74-497C-AA83-742933E1514A}"
EndProject
Project("{8BC9CEB8-8B4A-11D0-8D11-00A0C91BC942}") = "load_from_memory", "load_from_memory.vcxproj", "{C2F75A17-F1F2-47EE-85B0-3D7055614264}"
EndProject
Project("{8BC9CEB8-8B4A-11D0-8D11-00A0C91BC942}") = "multiple_speaker", "multiple_speaker.vcxproj", "{4454F8CD-EDB6-414C-B8A3-16BF6F466A20}"
EndProject
Project("{8BC9CEB8-8B4A-11D0-8D11-00A0C91BC942}") = "multiple_system", "multiple_system.vcxproj", "{F62F31ED-6C10-4CB3-92E5-CDE2B0C65556}"
EndProject
Project("{8BC9CEB8-8B4A-11D0-8D11-00A0C91BC942}") = "net_stream", "net_stream.vcxproj", "{DB9DAD67-6E0D-4707-9460-410A9458AB4A}"
EndProject
Project("{8BC9CEB8-8B4A-11D0-8D11-00A0C91BC942}") = "play_sound", "play_sound.vcxproj", "{863F4EBD-56E2-41E4-83DF-A08C252AC1D9}"
EndProject
Project("{8BC9CEB8-8B4A-11D0-8D11-00A0C91BC942}") = "play_stream", "play_stream.vcxproj", "{087B4152-EA55-4BDA-A9CA-372D606EDBF8}"
EndProject
Project("{8BC9CEB8-8B4A-11D0-8D11-00A0C91BC942}") = "record", "record.vcxproj", "{AC758A6D-E167-49BF-8008-3BDEC35F9E7F}"
EndProject
Project("{8BC9CEB8-8B4A-11D0-8D11-00A0C91BC942}") = "record_enumeration", "record_enumeration.vcxproj", "{307170FB-129D-4086-8666-2EF5670695F0}"
EndProject
Project("{8BC9CEB8-8B4A-11D0-8D11-00A0C91BC942}") = "user_created_sound", "user_created_sound.vcxproj", "{5CD47C54-E25A-4C50-9241-A49BBBF83C2C}"
EndProject
Project("{8BC9CEB8-8B4A-11D0-8D11-00A0C91BC942}") = "fmod_codec_raw", "fmod_codec_raw.vcxproj", "{B49E80B8-8DE0-429D-9456-24A0D35FF310}"
EndProject
Project("{8BC9CEB8-8B4A-11D0-8D11-00A0C91BC942}") = "fmod_distance_filter", "fmod_distance_filter.vcxproj", "{A23E35BB-CAB1-4CA2-9BE2-77B37A7BA822}"
EndProject
Project("{8BC9CEB8-8B4A-11D0-8D11-00A0C91BC942}") = "fmod_gain", "fmod_gain.vcxproj", "{F7C43E2D-072D-434E-A9A7-10AE0B746D7B}"
EndProject
Project("{8BC9CEB8-8B4A-11D0-8D11-00A0C91BC942}") = "fmod_noise", "fmod_noise.vcxproj", "{BDDE8910-6514-4E40-9DC8-46DC7A65D4E0}"
EndProject
Project("{8BC9CEB8-8B4A-11D0-8D11-00A0C91BC942}") = "output_mp3", "output_mp3.vcxproj", "{3F4AE6E1-055F-431B-A655-A4063B8D241C}"
EndProject
Global
	GlobalSection(SolutionConfigurationPlatforms) = preSolution
		Debug|Win32 = Debug|Win32
		Debug|x64 = Debug|x64
		Release|Win32 = Release|Win32
		Release|x64 = Release|x64
	EndGlobalSection
	GlobalSection(ProjectConfigurationPlatforms) = postSolution
		{FA472075-0A29-41AD-A982-9CF6F967E4C8}.Debug|Win32.ActiveCfg = Debug|Win32
		{FA472075-0A29-41AD-A982-9CF6F967E4C8}.Debug|Win32.Build.0 = Debug|Win32
		{FA472075-0A29-41AD-A982-9CF6F967E4C8}.Debug|Win32.Deploy.0 = Debug|Win32
		{FA472075-0A29-41AD-A982-9CF6F967E4C8}.Debug|x64.ActiveCfg = Debug|x64
		{FA472075-0A29-41AD-A982-9CF6F967E4C8}.Debug|x64.Build.0 = Debug|x64
		{FA472075-0A29-41AD-A982-9CF6F967E4C8}.Debug|x64.Deploy.0 = Debug|x64
		{FA472075-0A29-41AD-A982-9CF6F967E4C8}.Release|Win32.ActiveCfg = Release|Win32
		{FA472075-0A29-41AD-A982-9CF6F967E4C8}.Release|Win32.Build.0 = Release|Win32
		{FA472075-0A29-41AD-A982-9CF6F967E4C8}.Release|Win32.Deploy.0 = Release|Win32
		{FA472075-0A29-41AD-A982-9CF6F967E4C8}.Release|x64.ActiveCfg = Release|x64
		{FA472075-0A29-41AD-A982-9CF6F967E4C8}.Release|x64.Build.0 = Release|x64
		{FA472075-0A29-41AD-A982-9CF6F967E4C8}.Release|x64.Deploy.0 = Release|x64
		{03BD5902-C1B8-444C-9093-C812D429BB9B}.Debug|Win32.ActiveCfg = Debug|Win32
		{03BD5902-C1B8-444C-9093-C812D429BB9B}.Debug|Win32.Build.0 = Debug|Win32
		{03BD5902-C1B8-444C-9093-C812D429BB9B}.Debug|Win32.Deploy.0 = Debug|Win32
		{03BD5902-C1B8-444C-9093-C812D429BB9B}.Debug|x64.ActiveCfg = Debug|x64
		{03BD5902-C1B8-444C-9093-C812D429BB9B}.Debug|x64.Build.0 = Debug|x64
		{03BD5902-C1B8-444C-9093-C812D429BB9B}.Debug|x64.Deploy.0 = Debug|x64
		{03BD5902-C1B8-444C-9093-C812D429BB9B}.Release|Win32.ActiveCfg = Release|Win32
		{03BD5902-C1B8-444C-9093-C812D429BB9B}.Release|Win32.Build.0 = Release|Win32
		{03BD5902-C1B8-444C-9093-C812D429BB9B}.Release|Win32.Deploy.0 = Release|Win32
		{03BD5902-C1B8-444C-9093-C812D429BB9B}.Release|x64.ActiveCfg = Release|x64
		{03BD5902-C1B8-444C-9093-C812D429BB9B}.Release|x64.Build.0 = Release|x64
		{03BD5902-C1B8-444C-9093-C812D429BB9B}.Release|x64.Deploy.0 = Release|x64
		{0A9FFB95-BAE6-4A25-8D9F-F4DE62453729}.Debug|Win32.ActiveCfg = Debug|Win32
		{0A9FFB95-BAE6-4A25-8D9F-F4DE62453729}.Debug|Win32.Build.0 = Debug|Win32
		{0A9FFB95-BAE6-4A25-8D9F-F4DE62453729}.Debug|Win32.Deploy.0 = Debug|Win32
		{0A9FFB95-BAE6-4A25-8D9F-F4DE62453729}.Debug|x64.ActiveCfg = Debug|x64
		{0A9FFB95-BAE6-4A25-8D9F-F4DE62453729}.Debug|x64.Build.0 = Debug|x64
		{0A9FFB95-BAE6-4A25-8D9F-F4DE62453729}.Debug|x64.Deploy.0 = Debug|x64
		{0A9FFB95-BAE6-4A25-8D9F-F4DE62453729}.Release|Win32.ActiveCfg = Release|Win32
		{0A9FFB95-BAE6-4A25-8D9F-F4DE62453729}.Release|Win32.Build.0 = Release|Win32
		{0A9FFB95-BAE6-4A25-8D9F-F4DE62453729}.Release|Win32.Deploy.0 = Release|Win32
		{0A9FFB95-BAE6-4A25-8D9F-F4DE62453729}.Release|x64.ActiveCfg = Release|x64
		{0A9FFB95-BAE6-4A25-8D9F-F4DE62453729}.Release|x64.Build.0 = Release|x64
		{0A9FFB95-BAE6-4A25-8D9F-F4DE62453729}.Release|x64.Deploy.0 = Release|x64
		{09D898F8-0042-4375-9DAD-07110487057E}.Debug|Win32.ActiveCfg = Debug|Win32
		{09D898F8-0042-4375-9DAD-07110487057E}.Debug|Win32.Build.0 = Debug|Win32
		{09D898F8-0042-4375-9DAD-07110487057E}.Debug|Win32.Deploy.0 = Debug|Win32
		{09D898F8-0042-4375-9DAD-07110487057E}.Debug|x64.ActiveCfg = Debug|x64
		{09D898F8-0042-4375-9DAD-07110487057E}.Debug|x64.Build.0 = Debug|x64
		{09D898F8-0042-4375-9DAD-07110487057E}.Debug|x64.Deploy.0 = Debug|x64
		{09D898F8-0042-4375-9DAD-07110487057E}.Release|Win32.ActiveCfg = Release|Win32
		{09D898F8-0042-4375-9DAD-07110487057E}.Release|Win32.Build.0 = Release|Win32
		{09D898F8-0042-4375-9DAD-07110487057E}.Release|Win32.Deploy.0 = Release|Win32
		{09D898F8-0042-4375-9DAD-07110487057E}.Release|x64.ActiveCfg = Release|x64
		{09D898F8-0042-4375-9DAD-07110487057E}.Release|x64.Build.0 = Release|x64
		{09D898F8-0042-4375-9DAD-07110487057E}.Release|x64.Deploy.0 = Release|x64
		{14B9992A-2ADC-44A5-A84D-48EBC2E94EA4}.Debug|Win32.ActiveCfg = Debug|Win32
		{14B9992A-2ADC-44A5-A84D-48EBC2E94EA4}.Debug|Win32.Build.0 = Debug|Win32
		{14B9992A-2ADC-44A5-A84D-48EBC2E94EA4}.Debug|Win32.Deploy.0 = Debug|Win32
		{14B9992A-2ADC-44A5-A84D-48EBC2E94EA4}.Debug|x64.ActiveCfg = Debug|x64
		{14B9992A-2ADC-44A5-A84D-48EBC2E94EA4}.Debug|x64.Build.0 = Debug|x64
		{14B9992A-2ADC-44A5-A84D-48EBC2E94EA4}.Debug|x64.Deploy.0 = Debug|x64
		{14B9992A-2ADC-44A5-A84D-48EBC2E94EA4}.Release|Win32.ActiveCfg = Release|Win32
		{14B9992A-2ADC-44A5-A84D-48EBC2E94EA4}.Release|Win32.Build.0 = Release|Win32
		{14B9992A-2ADC-44A5-A84D-48EBC2E94EA4}.Release|Win32.Deploy.0 = Release|Win32
		{14B9992A-2ADC-44A5-A84D-48EBC2E94EA4}.Release|x64.ActiveCfg = Release|x64
		{14B9992A-2ADC-44A5-A84D-48EBC2E94EA4}.Release|x64.Build.0 = Release|x64
		{14B9992A-2ADC-44A5-A84D-48EBC2E94EA4}.Release|x64.Deploy.0 = Release|x64
		{C3B25C7B-B86D-43C4-AAF2-76677BB9FE32}.Debug|Win32.ActiveCfg = Debug|Win32
		{C3B25C7B-B86D-43C4-AAF2-76677BB9FE32}.Debug|Win32.Build.0 = Debug|Win32
		{C3B25C7B-B86D-43C4-AAF2-76677BB9FE32}.Debug|Win32.Deploy.0 = Debug|Win32
		{C3B25C7B-B86D-43C4-AAF2-76677BB9FE32}.Debug|x64.ActiveCfg = Debug|x64
		{C3B25C7B-B86D-43C4-AAF2-76677BB9FE32}.Debug|x64.Build.0 = Debug|x64
		{C3B25C7B-B86D-43C4-AAF2-76677BB9FE32}.Debug|x64.Deploy.0 = Debug|x64
		{C3B25C7B-B86D-43C4-AAF2-76677BB9FE32}.Release|Win32.ActiveCfg = Release|Win32
		{C3B25C7B-B86D-43C4-AAF2-76677BB9FE32}.Release|Win32.Build.0 = Release|Win32
		{C3B25C7B-B86D-43C4-AAF2-76677BB9FE32}.Release|Win32.Deploy.0 = Release|Win32
		{C3B25C7B-B86D-43C4-AAF2-76677BB9FE32}.Release|x64.ActiveCfg = Release|x64
		{C3B25C7B-B86D-43C4-AAF2-76677BB9FE32}.Release|x64.Build.0 = Release|x64
		{C3B25C7B-B86D-43C4-AAF2-76677BB9FE32}.Release|x64.Deploy.0 = Release|x64
		{9488C751-8872-4AFB-875F-C4742061EBF9}.Debug|Win32.ActiveCfg = Debug|Win32
		{9488C751-8872-4AFB-875F-C4742061EBF9}.Debug|Win32.Build.0 = Debug|Win32
		{9488C751-8872-4AFB-875F-C4742061EBF9}.Debug|Win32.Deploy.0 = Debug|Win32
		{9488C751-8872-4AFB-875F-C4742061EBF9}.Debug|x64.ActiveCfg = Debug|x64
		{9488C751-8872-4AFB-875F-C4742061EBF9}.Debug|x64.Build.0 = Debug|x64
		{9488C751-8872-4AFB-875F-C4742061EBF9}.Debug|x64.Deploy.0 = Debug|x64
		{9488C751-8872-4AFB-875F-C4742061EBF9}.Release|Win32.ActiveCfg = Release|Win32
		{9488C751-8872-4AFB-875F-C4742061EBF9}.Release|Win32.Build.0 = Release|Win32
		{9488C751-8872-4AFB-875F-C4742061EBF9}.Release|Win32.Deploy.0 = Release|Win32
		{9488C751-8872-4AFB-875F-C4742061EBF9}.Release|x64.ActiveCfg = Release|x64
		{9488C751-8872-4AFB-875F-C4742061EBF9}.Release|x64.Build.0 = Release|x64
		{9488C751-8872-4AFB-875F-C4742061EBF9}.Release|x64.Deploy.0 = Release|x64
		{3D803B7E-7748-4379-8058-4F4D5E02233A}.Debug|Win32.ActiveCfg = Debug|Win32
		{3D803B7E-7748-4379-8058-4F4D5E02233A}.Debug|Win32.Build.0 = Debug|Win32
		{3D803B7E-7748-4379-8058-4F4D5E02233A}.Debug|Win32.Deploy.0 = Debug|Win32
		{3D803B7E-7748-4379-8058-4F4D5E02233A}.Debug|x64.ActiveCfg = Debug|x64
		{3D803B7E-7748-4379-8058-4F4D5E02233A}.Debug|x64.Build.0 = Debug|x64
		{3D803B7E-7748-4379-8058-4F4D5E02233A}.Debug|x64.Deploy.0 = Debug|x64
		{3D803B7E-7748-4379-8058-4F4D5E02233A}.Release|Win32.ActiveCfg = Release|Win32
		{3D803B7E-7748-4379-8058-4F4D5E02233A}.Release|Win32.Build.0 = Release|Win32
		{3D803B7E-7748-4379-8058-4F4D5E02233A}.Release|Win32.Deploy.0 = Release|Win32
		{3D803B7E-7748-4379-8058-4F4D5E02233A}.Release|x64.ActiveCfg = Release|x64
		{3D803B7E-7748-4379-8058-4F4D5E02233A}.Release|x64.Build.0 = Release|x64
		{3D803B7E-7748-4379-8058-4F4D5E02233A}.Release|x64.Deploy.0 = Release|x64
		{42490C0E-1FCD-4259-B706-5F2098236A2D}.Debug|Win32.ActiveCfg = Debug|Win32
		{42490C0E-1FCD-4259-B706-5F2098236A2D}.Debug|Win32.Build.0 = Debug|Win32
		{42490C0E-1FCD-4259-B706-5F2098236A2D}.Debug|Win32.Deploy.0 = Debug|Win32
		{42490C0E-1FCD-4259-B706-5F2098236A2D}.Debug|x64.ActiveCfg = Debug|x64
		{42490C0E-1FCD-4259-B706-5F2098236A2D}.Debug|x64.Build.0 = Debug|x64
		{42490C0E-1FCD-4259-B706-5F2098236A2D}.Debug|x64.Deploy.0 = Debug|x64
		{42490C0E-1FCD-4259-B706-5F2098236A2D}.Release|Win32.ActiveCfg = Release|Win32
		{42490C0E-1FCD-4259-B706-5F2098236A2D}.Release|Win32.Build.0 = Release|Win32
		{42490C0E-1FCD-4259-B706-5F2098236A2D}.Release|Win32.Deploy.0 = Release|Win32
		{42490C0E-1FCD-4259-B706-5F2098236A2D}.Release|x64.ActiveCfg = Release|x64
		{42490C0E-1FCD-4259-B706-5F2098236A2D}.Release|x64.Build.0 = Release|x64
		{42490C0E-1FCD-4259-B706-5F2098236A2D}.Release|x64.Deploy.0 = Release|x64
		{4BBD91D5-1B63-44E3-BFAE-CE2F1EB19E78}.Debug|Win32.ActiveCfg = Debug|Win32
		{4BBD91D5-1B63-44E3-BFAE-CE2F1EB19E78}.Debug|Win32.Build.0 = Debug|Win32
		{4BBD91D5-1B63-44E3-BFAE-CE2F1EB19E78}.Debug|Win32.Deploy.0 = Debug|Win32
		{4BBD91D5-1B63-44E3-BFAE-CE2F1EB19E78}.Debug|x64.ActiveCfg = Debug|x64
		{4BBD91D5-1B63-44E3-BFAE-CE2F1EB19E78}.Debug|x64.Build.0 = Debug|x64
		{4BBD91D5-1B63-44E3-BFAE-CE2F1EB19E78}.Debug|x64.Deploy.0 = Debug|x64
		{4BBD91D5-1B63-44E3-BFAE-CE2F1EB19E78}.Release|Win32.ActiveCfg = Release|Win32
		{4BBD91D5-1B63-44E3-BFAE-CE2F1EB19E78}.Release|Win32.Build.0 = Release|Win32
		{4BBD91D5-1B63-44E3-BFAE-CE2F1EB19E78}.Release|Win32.Deploy.0 = Release|Win32
		{4BBD91D5-1B63-44E3-BFAE-CE2F1EB19E78}.Release|x64.ActiveCfg = Release|x64
		{4BBD91D5-1B63-44E3-BFAE-CE2F1EB19E78}.Release|x64.Build.0 = Release|x64
		{4BBD91D5-1B63-44E3-BFAE-CE2F1EB19E78}.Release|x64.Deploy.0 = Release|x64
		{E5E6D5BB-8E74-497C-AA83-742933E1514A}.Debug|Win32.ActiveCfg = Debug|Win32
		{E5E6D5BB-8E74-497C-AA83-742933E1514A}.Debug|Win32.Build.0 = Debug|Win32
		{E5E6D5BB-8E74-497C-AA83-742933E1514A}.Debug|Win32.Deploy.0 = Debug|Win32
		{E5E6D5BB-8E74-497C-AA83-742933E1514A}.Debug|x64.ActiveCfg = Debug|x64
		{E5E6D5BB-8E74-497C-AA83-742933E1514A}.Debug|x64.Build.0 = Debug|x64
		{E5E6D5BB-8E74-497C-AA83-742933E1514A}.Debug|x64.Deploy.0 = Debug|x64
		{E5E6D5BB-8E74-497C-AA83-742933E1514A}.Release|Win32.ActiveCfg = Release|Win32
		{E5E6D5BB-8E74-497C-AA83-742933E1514A}.Release|Win32.Build.0 = Release|Win32
		{E5E6D5BB-8E74-497C-AA83-742933E1514A}.Release|Win32.Deploy.0 = Release|Win32
		{E5E6D5BB-8E74-497C-AA83-742933E1514A}.Release|x64.ActiveCfg = Release|x64
		{E5E6D5BB-8E74-497C-AA83-742933E1514A}.Release|x64.Build.0 = Release|x64
		{E5E6D5BB-8E74-497C-AA83-742933E1514A}.Release|x64.Deploy.0 = Release|x64
		{C2F75A17-F1F2-47EE-85B0-3D7055614264}.Debug|Win32.ActiveCfg = Debug|Win32
		{C2F75A17-F1F2-47EE-85B0-3D7055614264}.Debug|Win32.Build.0 = Debug|Win32
		{C2F75A17-F1F2-47EE-85B0-3D7055614264}.Debug|Win32.Deploy.0 = Debug|Win32
		{C2F75A17-F1F2-47EE-85B0-3D7055614264}.Debug|x64.ActiveCfg = Debug|x64
		{C2F75A17-F1F2-47EE-85B0-3D7055614264}.Debug|x64.Build.0 = Debug|x64
		{C2F75A17-F1F2-47EE-85B0-3D7055614264}.Debug|x64.Deploy.0 = Debug|x64
		{C2F75A17-F1F2-47EE-85B0-3D7055614264}.Release|Win32.ActiveCfg = Release|Win32
		{C2F75A17-F1F2-47EE-85B0-3D7055614264}.Release|Win32.Build.0 = Release|Win32
		{C2F75A17-F1F2-47EE-85B0-3D7055614264}.Release|Win32.Deploy.0 = Release|Win32
		{C2F75A17-F1F2-47EE-85B0-3D7055614264}.Release|x64.ActiveCfg = Release|x64
		{C2F75A17-F1F2-47EE-85B0-3D7055614264}.Release|x64.Build.0 = Release|x64
		{C2F75A17-F1F2-47EE-85B0-3D7055614264}.Release|x64.Deploy.0 = Release|x64
		{4454F8CD-EDB6-414C-B8A3-16BF6F466A20}.Debug|Win32.ActiveCfg = Debug|Win32
		{4454F8CD-EDB6-414C-B8A3-16BF6F466A20}.Debug|Win32.Build.0 = Debug|Win32
		{4454F8CD-EDB6-414C-B8A3-16BF6F466A20}.Debug|Win32.Deploy.0 = Debug|Win32
		{4454F8CD-EDB6-414C-B8A3-16BF6F466A20}.Debug|x64.ActiveCfg = Debug|x64
		{4454F8CD-EDB6-414C-B8A3-16BF6F466A20}.Debug|x64.Build.0 = Debug|x64
		{4454F8CD-EDB6-414C-B8A3-16BF6F466A20}.Debug|x64.Deploy.0 = Debug|x64
		{4454F8CD-EDB6-414C-B8A3-16BF6F466A20}.Release|Win32.ActiveCfg = Release|Win32
		{4454F8CD-EDB6-414C-B8A3-16BF6F466A20}.Release|Win32.Build.0 = Release|Win32
		{4454F8CD-EDB6-414C-B8A3-16BF6F466A20}.Release|Win32.Deploy.0 = Release|Win32
		{4454F8CD-EDB6-414C-B8A3-16BF6F466A20}.Release|x64.ActiveCfg = Release|x64
		{4454F8CD-EDB6-414C-B8A3-16BF6F466A20}.Release|x64.Build.0 = Release|x64
		{4454F8CD-EDB6-414C-B8A3-16BF6F466A20}.Release|x64.Deploy.0 = Release|x64
		{F62F31ED-6C10-4CB3-92E5-CDE2B0C65556}.Debug|Win32.ActiveCfg = Debug|Win32
		{F62F31ED-6C10-4CB3-92E5-CDE2B0C65556}.Debug|Win32.Build.0 = Debug|Win32
		{F62F31ED-6C10-4CB3-92E5-CDE2B0C65556}.Debug|Win32.Deploy.0 = Debug|Win32
		{F62F31ED-6C10-4CB3-92E5-CDE2B0C65556}.Debug|x64.ActiveCfg = Debug|x64
		{F62F31ED-6C10-4CB3-92E5-CDE2B0C65556}.Debug|x64.Build.0 = Debug|x64
		{F62F31ED-6C10-4CB3-92E5-CDE2B0C65556}.Debug|x64.Deploy.0 = Debug|x64
		{F62F31ED-6C10-4CB3-92E5-CDE2B0C65556}.Release|Win32.ActiveCfg = Release|Win32
		{F62F31ED-6C10-4CB3-92E5-CDE2B0C65556}.Release|Win32.Build.0 = Release|Win32
		{F62F31ED-6C10-4CB3-92E5-CDE2B0C65556}.Release|Win32.Deploy.0 = Release|Win32
		{F62F31ED-6C10-4CB3-92E5-CDE2B0C65556}.Release|x64.ActiveCfg = Release|x64
		{F62F31ED-6C10-4CB3-92E5-CDE2B0C65556}.Release|x64.Build.0 = Release|x64
		{F62F31ED-6C10-4CB3-92E5-CDE2B0C65556}.Release|x64.Deploy.0 = Release|x64
		{DB9DAD67-6E0D-4707-9460-410A9458AB4A}.Debug|Win32.ActiveCfg = Debug|Win32
		{DB9DAD67-6E0D-4707-9460-410A9458AB4A}.Debug|Win32.Build.0 = Debug|Win32
		{DB9DAD67-6E0D-4707-9460-410A9458AB4A}.Debug|Win32.Deploy.0 = Debug|Win32
		{DB9DAD67-6E0D-4707-9460-410A9458AB4A}.Debug|x64.ActiveCfg = Debug|x64
		{DB9DAD67-6E0D-4707-9460-410A9458AB4A}.Debug|x64.Build.0 = Debug|x64
		{DB9DAD67-6E0D-4707-9460-410A9458AB4A}.Debug|x64.Deploy.0 = Debug|x64
		{DB9DAD67-6E0D-4707-9460-410A9458AB4A}.Release|Win32.ActiveCfg = Release|Win32
		{DB9DAD67-6E0D-4707-9460-410A9458AB4A}.Release|Win32.Build.0 = Release|Win32
		{DB9DAD67-6E0D-4707-9460-410A9458AB4A}.Release|Win32.Deploy.0 = Release|Win32
		{DB9DAD67-6E0D-4707-9460-410A9458AB4A}.Release|x64.ActiveCfg = Release|x64
		{DB9DAD67-6E0D-4707-9460-410A9458AB4A}.Release|x64.Build.0 = Release|x64
		{DB9DAD67-6E0D-4707-9460-410A9458AB4A}.Release|x64.Deploy.0 = Release|x64
		{863F4EBD-56E2-41E4-83DF-A08C252AC1D9}.Debug|Win32.ActiveCfg = Debug|Win32
		{863F4EBD-56E2-41E4-83DF-A08C252AC1D9}.Debug|Win32.Build.0 = Debug|Win32
		{863F4EBD-56E2-41E4-83DF-A08C252AC1D9}.Debug|Win32.Deploy.0 = Debug|Win32
		{863F4EBD-56E2-41E4-83DF-A08C252AC1D9}.Debug|x64.ActiveCfg = Debug|x64
		{863F4EBD-56E2-41E4-83DF-A08C252AC1D9}.Debug|x64.Build.0 = Debug|x64
		{863F4EBD-56E2-41E4-83DF-A08C252AC1D9}.Debug|x64.Deploy.0 = Debug|x64
		{863F4EBD-56E2-41E4-83DF-A08C252AC1D9}.Release|Win32.ActiveCfg = Release|Win32
		{863F4EBD-56E2-41E4-83DF-A08C252AC1D9}.Release|Win32.Build.0 = Release|Win32
		{863F4EBD-56E2-41E4-83DF-A08C252AC1D9}.Release|Win32.Deploy.0 = Release|Win32
		{863F4EBD-56E2-41E4-83DF-A08C252AC1D9}.Release|x64.ActiveCfg = Release|x64
		{863F4EBD-56E2-41E4-83DF-A08C252AC1D9}.Release|x64.Build.0 = Release|x64
		{863F4EBD-56E2-41E4-83DF-A08C252AC1D9}.Release|x64.Deploy.0 = Release|x64
		{087B4152-EA55-4BDA-A9CA-372D606EDBF8}.Debug|Win32.ActiveCfg = Debug|Win32
		{087B4152-EA55-4BDA-A9CA-372D606EDBF8}.Debug|Win32.Build.0 = Debug|Win32
		{087B4152-EA55-4BDA-A9CA-372D606EDBF8}.Debug|Win32.Deploy.0 = Debug|Win32
		{087B4152-EA55-4BDA-A9CA-372D606EDBF8}.Debug|x64.ActiveCfg = Debug|x64
		{087B4152-EA55-4BDA-A9CA-372D606EDBF8}.Debug|x64.Build.0 = Debug|x64
		{087B4152-EA55-4BDA-A9CA-372D606EDBF8}.Debug|x64.Deploy.0 = Debug|x64
		{087B4152-EA55-4BDA-A9CA-372D606EDBF8}.Release|Win32.ActiveCfg = Release|Win32
		{087B4152-EA55-4BDA-A9CA-372D606EDBF8}.Release|Win32.Build.0 = Release|Win32
		{087B4152-EA55-4BDA-A9CA-372D606EDBF8}.Release|Win32.Deploy.0 = Release|Win32
		{087B4152-EA55-4BDA-A9CA-372D606EDBF8}.Release|x64.ActiveCfg = Release|x64
		{087B4152-EA55-4BDA-A9CA-372D606EDBF8}.Release|x64.Build.0 = Release|x64
		{087B4152-EA55-4BDA-A9CA-372D606EDBF8}.Release|x64.Deploy.0 = Release|x64
		{AC758A6D-E167-49BF-8008-3BDEC35F9E7F}.Debug|Win32.ActiveCfg = Debug|Win32
		{AC758A6D-E167-49BF-8008-3BDEC35F9E7F}.Debug|Win32.Build.0 = Debug|Win32
		{AC758A6D-E167-49BF-8008-3BDEC35F9E7F}.Debug|Win32.Deploy.0 = Debug|Win32
		{AC758A6D-E167-49BF-8008-3BDEC35F9E7F}.Debug|x64.ActiveCfg = Debug|x64
		{AC758A6D-E167-49BF-8008-3BDEC35F9E7F}.Debug|x64.Build.0 = Debug|x64
		{AC758A6D-E167-49BF-8008-3BDEC35F9E7F}.Debug|x64.Deploy.0 = Debug|x64
		{AC758A6D-E167-49BF-8008-3BDEC35F9E7F}.Release|Win32.ActiveCfg = Release|Win32
		{AC758A6D-E167-49BF-8008-3BDEC35F9E7F}.Release|Win32.Build.0 = Release|Win32
		{AC758A6D-E167-49BF-8008-3BDEC35F9E7F}.Release|Win32.Deploy.0 = Release|Win32
		{AC758A6D-E167-49BF-8008-3BDEC35F9E7F}.Release|x64.ActiveCfg = Release|x64
		{AC758A6D-E167-49BF-8008-3BDEC35F9E7F}.Release|x64.Build.0 = Release|x64
		{AC758A6D-E167-49BF-8008-3BDEC35F9E7F}.Release|x64.Deploy.0 = Release|x64
		{307170FB-129D-4086-8666-2EF5670695F0}.Debug|Win32.ActiveCfg = Debug|Win32
		{307170FB-129D-4086-8666-2EF5670695F0}.Debug|Win32.Build.0 = Debug|Win32
		{307170FB-129D-4086-8666-2EF5670695F0}.Debug|Win32.Deploy.0 = Debug|Win32
		{307170FB-129D-4086-8666-2EF5670695F0}.Debug|x64.ActiveCfg = Debug|x64
		{307170FB-129D-4086-8666-2EF5670695F0}.Debug|x64.Build.0 = Debug|x64
		{307170FB-129D-4086-8666-2EF5670695F0}.Debug|x64.Deploy.0 = Debug|x64
		{307170FB-129D-4086-8666-2EF5670695F0}.Release|Win32.ActiveCfg = Release|Win32
		{307170FB-129D-4086-8666-2EF5670695F0}.Release|Win32.Build.0 = Release|Win32
		{307170FB-129D-4086-8666-2EF5670695F0}.Release|Win32.Deploy.0 = Release|Win32
		{307170FB-129D-4086-8666-2EF5670695F0}.Release|x64.ActiveCfg = Release|x64
		{307170FB-129D-4086-8666-2EF5670695F0}.Release|x64.Build.0 = Release|x64
		{307170FB-129D-4086-8666-2EF5670695F0}.Release|x64.Deploy.0 = Release|x64
		{5CD47C54-E25A-4C50-9241-A49BBBF83C2C}.Debug|Win32.ActiveCfg = Debug|Win32
		{5CD47C54-E25A-4C50-9241-A49BBBF83C2C}.Debug|Win32.Build.0 = Debug|Win32
		{5CD47C54-E25A-4C50-9241-A49BBBF83C2C}.Debug|Win32.Deploy.0 = Debug|Win32
		{5CD47C54-E25A-4C50-9241-A49BBBF83C2C}.Debug|x64.ActiveCfg = Debug|x64
		{5CD47C54-E25A-4C50-9241-A49BBBF83C2C}.Debug|x64.Build.0 = Debug|x64
		{5CD47C54-E25A-4C50-9241-A49BBBF83C2C}.Debug|x64.Deploy.0 = Debug|x64
		{5CD47C54-E25A-4C50-9241-A49BBBF83C2C}.Release|Win32.ActiveCfg = Release|Win32
		{5CD47C54-E25A-4C50-9241-A49BBBF83C2C}.Release|Win32.Build.0 = Release|Win32
		{5CD47C54-E25A-4C50-9241-A49BBBF83C2C}.Release|Win32.Deploy.0 = Release|Win32
		{5CD47C54-E25A-4C50-9241-A49BBBF83C2C}.Release|x64.ActiveCfg = Release|x64
		{5CD47C54-E25A-4C50-9241-A49BBBF83C2C}.Release|x64.Build.0 = Release|x64
		{5CD47C54-E25A-4C50-9241-A49BBBF83C2C}.Release|x64.Deploy.0 = Release|x64
		{B49E80B8-8DE0-429D-9456-24A0D35FF310}.Debug|Win32.ActiveCfg = Debug|Win32
		{B49E80B8-8DE0-429D-9456-24A0D35FF310}.Debug|Win32.Build.0 = Debug|Win32
		{B49E80B8-8DE0-429D-9456-24A0D35FF310}.Debug|Win32.Deploy.0 = Debug|Win32
		{B49E80B8-8DE0-429D-9456-24A0D35FF310}.Debug|x64.ActiveCfg = Debug|x64
		{B49E80B8-8DE0-429D-9456-24A0D35FF310}.Debug|x64.Build.0 = Debug|x64
		{B49E80B8-8DE0-429D-9456-24A0D35FF310}.Debug|x64.Deploy.0 = Debug|x64
		{B49E80B8-8DE0-429D-9456-24A0D35FF310}.Release|Win32.ActiveCfg = Release|Win32
		{B49E80B8-8DE0-429D-9456-24A0D35FF310}.Release|Win32.Build.0 = Release|Win32
		{B49E80B8-8DE0-429D-9456-24A0D35FF310}.Release|Win32.Deploy.0 = Release|Win32
		{B49E80B8-8DE0-429D-9456-24A0D35FF310}.Release|x64.ActiveCfg = Release|x64
		{B49E80B8-8DE0-429D-9456-24A0D35FF310}.Release|x64.Build.0 = Release|x64
		{B49E80B8-8DE0-429D-9456-24A0D35FF310}.Release|x64.Deploy.0 = Release|x64
		{A23E35BB-CAB1-4CA2-9BE2-77B37A7BA822}.Debug|Win32.ActiveCfg = Debug|Win32
		{A23E35BB-CAB1-4CA2-9BE2-77B37A7BA822}.Debug|Win32.Build.0 = Debug|Win32
		{A23E35BB-CAB1-4CA2-9BE2-77B37A7BA822}.Debug|Win32.Deploy.0 = Debug|Win32
		{A23E35BB-CAB1-4CA2-9BE2-77B37A7BA822}.Debug|x64.ActiveCfg = Debug|x64
		{A23E35BB-CAB1-4CA2-9BE2-77B37A7BA822}.Debug|x64.Build.0 = Debug|x64
		{A23E35BB-CAB1-4CA2-9BE2-77B37A7BA822}.Debug|x64.Deploy.0 = Debug|x64
		{A23E35BB-CAB1-4CA2-9BE2-77B37A7BA822}.Release|Win32.ActiveCfg = Release|Win32
		{A23E35BB-CAB1-4CA2-9BE2-77B37A7BA822}.Release|Win32.Build.0 = Release|Win32
		{A23E35BB-CAB1-4CA2-9BE2-77B37A7BA822}.Release|Win32.Deploy.0 = Release|Win32
		{A23E35BB-CAB1-4CA2-9BE2-77B37A7BA822}.Release|x64.ActiveCfg = Release|x64
		{A23E35BB-CAB1-4CA2-9BE2-77B37A7BA822}.Release|x64.Build.0 = Release|x64
		{A23E35BB-CAB1-4CA2-9BE2-77B37A7BA822}.Release|x64.Deploy.0 = Release|x64
		{F7C43E2D-072D-434E-A9A7-10AE0B746D7B}.Debug|Win32.ActiveCfg = Debug|Win32
		{F7C43E2D-072D-434E-A9A7-10AE0B746D7B}.Debug|Win32.Build.0 = Debug|Win32
		{F7C43E2D-072D-434E-A9A7-10AE0B746D7B}.Debug|Win32.Deploy.0 = Debug|Win32
		{F7C43E2D-072D-434E-A9A7-10AE0B746D7B}.Debug|x64.ActiveCfg = Debug|x64
		{F7C43E2D-072D-434E-A9A7-10AE0B746D7B}.Debug|x64.Build.0 = Debug|x64
		{F7C43E2D-072D-434E-A9A7-10AE0B746D7B}.Debug|x64.Deploy.0 = Debug|x64
		{F7C43E2D-072D-434E-A9A7-10AE0B746D7B}.Release|Win32.ActiveCfg = Release|Win32
		{F7C43E2D-072D-434E-A9A7-10AE0B746D7B}.Release|Win32.Build.0 = Release|Win32
		{F7C43E2D-072D-434E-A9A7-10AE0B746D7B}.Release|Win32.Deploy.0 = Release|Win32
		{F7C43E2D-072D-434E-A9A7-10AE0B746D7B}.Release|x64.ActiveCfg = Release|x64
		{F7C43E2D-072D-434E-A9A7-10AE0B746D7B}.Release|x64.Build.0 = Release|x64
		{F7C43E2D-072D-434E-A9A7-10AE0B746D7B}.Release|x64.Deploy.0 = Release|x64
		{BDDE8910-6514-4E40-9DC8-46DC7A65D4E0}.Debug|Win32.ActiveCfg = Debug|Win32
		{BDDE8910-6514-4E40-9DC8-46DC7A65D4E0}.Debug|Win32.Build.0 = Debug|Win32
		{BDDE8910-6514-4E40-9DC8-46DC7A65D4E0}.Debug|Win32.Deploy.0 = Debug|Win32
		{BDDE8910-6514-4E40-9DC8-46DC7A65D4E0}.Debug|x64.ActiveCfg = Debug|x64
		{BDDE8910-6514-4E40-9DC8-46DC7A65D4E0}.Debug|x64.Build.0 = Debug|x64
		{BDDE8910-6514-4E40-9DC8-46DC7A65D4E0}.Debug|x64.Deploy.0 = Debug|x64
		{BDDE8910-6514-4E40-9DC8-46DC7A65D4E0}.Release|Win32.ActiveCfg = Release|Win32
		{BDDE8910-6514-4E40-9DC8-46DC7A65D4E0}.Release|Win32.Build.0 = Release|Win32
		{BDDE8910-6514-4E40-9DC8-46DC7A65D4E0}.Release|Win32.Deploy.0 = Release|Win32
		{BDDE8910-6514-4E40-9DC8-46DC7A65D4E0}.Release|x64.ActiveCfg = Release|x64
		{BDDE8910-6514-4E40-9DC8-46DC7A65D4E0}.Release|x64.Build.0 = Release|x64
		{BDDE8910-6514-4E40-9DC8-46DC7A65D4E0}.Release|x64.Deploy.0 = Release|x64
		{3F4AE6E1-055F-431B-A655-A4063B8D241C}.Debug|Win32.ActiveCfg = Debug|Win32
		{3F4AE6E1-055F-431B-A655-A4063B8D241C}.Debug|Win32.Build.0 = Debug|Win32
		{3F4AE6E1-055F-431B-A655-A4063B8D241C}.Debug|Win32.Deploy.0 = Debug|Win32
		{3F4AE6E1-055F-431B-A655-A4063B8D241C}.Debug|x64.ActiveCfg = Debug|x64
		{3F4AE6E1-055F-431B-A655-A4063B8D241C}.Debug|x64.Build.0 = Debug|x64
		{3F4AE6E1-055F-431B-A655-A4063B8D241C}.Debug|x64.Deploy.0 = Debug|x64
		{3F4AE6E1-055F-431B-A655-A4063B8D241C}.Release|Win32.ActiveCfg = Release|Win32
		{3F4AE6E1-055F-431B-A655-A4063B8D241C}.Release|Win32.Build.0 = Release|Win32
		{3F4AE6E1-055F-431B-A655-A4063B8D241C}.Release|Win32.Deploy.0 = Release|Win32
		{3F4AE6E1-055F-431B-A655-A4063B8D241C}.Release|x64.ActiveCfg = Release|x64
		{3F4AE6E1-055F-431B-A655-A4063B8D241C}.Release|x64.Build.0 = Release|x64
		{3F4AE6E1-055F-431B-A655-A4063B8D241C}.Release|x64.Deploy.0 = Release|x64
	EndGlobalSection
	GlobalSection(SolutionProperties) = preSolution
		HideSolutionNode = FALSE
	EndGlobalSection
EndGlobal
