
Microsoft Visual Studio Solution File, Format Version 11.00
# Visual Studio 14
Project("{8BC9CEB8-8B4A-11D0-8D11-00A0C91BC942}") = "3d", "3d.vcxproj", "{0E14DF63-B163-4492-ADA0-9C3AD920E13F}"
EndProject
Project("{8BC9CEB8-8B4A-11D0-8D11-00A0C91BC942}") = "asyncio", "asyncio.vcxproj", "{40FBC0B2-2671-4B73-92FB-92AEF930DD7F}"
EndProject
Project("{8BC9CEB8-8B4A-11D0-8D11-00A0C91BC942}") = "channel_groups", "channel_groups.vcxproj", "{F1D4DAC0-122F-464A-9886-99440DBF9909}"
EndProject
Project("{8BC9CEB8-8B4A-11D0-8D11-00A0C91BC942}") = "convolution_reverb", "convolution_reverb.vcxproj", "{4C03E970-8366-40CA-9A46-194CC71184CA}"
EndProject
Project("{8BC9CEB8-8B4A-11D0-8D11-00A0C91BC942}") = "dsp_custom", "dsp_custom.vcxproj", "{2356A11F-98D5-4DFB-824D-40EAF8B92C3B}"
EndProject
Project("{8BC9CEB8-8B4A-11D0-8D11-00A0C91BC942}") = "dsp_effect_per_speaker", "dsp_effect_per_speaker.vcxproj", "{9598FE24-4A23-4AE2-B322-C845E83038FC}"
EndProject
Project("{8BC9CEB8-8B4A-11D0-8D11-00A0C91BC942}") = "dsp_inspector", "dsp_inspector.vcxproj", "{1C7C9230-178A-4EC7-91CD-81DA5F90513B}"
EndProject
Project("{8BC9CEB8-8B4A-11D0-8D11-00A0C91BC942}") = "effects", "effects.vcxproj", "{2C22061C-BB88-4E79-9790-047EB45D6033}"
EndProject
Project("{8BC9CEB8-8B4A-11D0-8D11-00A0C91BC942}") = "gapless_playback", "gapless_playback.vcxproj", "{654BC43F-D909-44D3-8038-25B8CA64F264}"
EndProject
Project("{8BC9CEB8-8B4A-11D0-8D11-00A0C91BC942}") = "generate_tone", "generate_tone.vcxproj", "{50E888EB-21E8-4D30-BE9E-D852B57B3BFD}"
EndProject
Project("{8BC9CEB8-8B4A-11D0-8D11-00A0C91BC942}") = "granular_synth", "granular_synth.vcxproj", "{C4DE4413-6F8E-4807-A2F6-608376921210}"
EndProject
Project("{8BC9CEB8-8B4A-11D0-8D11-00A0C91BC942}") = "load_from_memory", "load_from_memory.vcxproj", "{34F4CD6E-8920-48D1-A709-9765A37D0BC2}"
EndProject
Project("{8BC9CEB8-8B4A-11D0-8D11-00A0C91BC942}") = "multiple_speaker", "multiple_speaker.vcxproj", "{7182DA56-C1CC-41A6-88D0-007F5EA89F30}"
EndProject
Project("{8BC9CEB8-8B4A-11D0-8D11-00A0C91BC942}") = "multiple_system", "multiple_system.vcxproj", "{4F8F338E-388B-4BF1-956C-B5234F21EAA6}"
EndProject
Project("{8BC9CEB8-8B4A-11D0-8D11-00A0C91BC942}") = "net_stream", "net_stream.vcxproj", "{7E538C10-EB6C-4D78-8608-34E1502F8A7B}"
EndProject
Project("{8BC9CEB8-8B4A-11D0-8D11-00A0C91BC942}") = "play_sound", "play_sound.vcxproj", "{F1A48DF7-7C81-46BF-81D7-9925C07B656B}"
EndProject
Project("{8BC9CEB8-8B4A-11D0-8D11-00A0C91BC942}") = "play_stream", "play_stream.vcxproj", "{8B72BCCF-7E26-44FF-9AF3-5687B375C699}"
EndProject
Project("{8BC9CEB8-8B4A-11D0-8D11-00A0C91BC942}") = "record", "record.vcxproj", "{639E2A99-F0AC-4F93-8EF3-400F7357D11F}"
EndProject
Project("{8BC9CEB8-8B4A-11D0-8D11-00A0C91BC942}") = "record_enumeration", "record_enumeration.vcxproj", "{B9874E3C-021C-4A59-A9F5-3A8E63079421}"
EndProject
Project("{8BC9CEB8-8B4A-11D0-8D11-00A0C91BC942}") = "user_created_sound", "user_created_sound.vcxproj", "{E3417C03-DD2D-493C-BB68-185527665343}"
EndProject
Project("{8BC9CEB8-8B4A-11D0-8D11-00A0C91BC942}") = "fmod_codec_raw", "fmod_codec_raw.vcxproj", "{39FC2A95-1C16-497E-8EB1-D21E1ED90ABF}"
EndProject
Project("{8BC9CEB8-8B4A-11D0-8D11-00A0C91BC942}") = "fmod_distance_filter", "fmod_distance_filter.vcxproj", "{5F45A820-DA23-445F-BB06-65C5F8F95788}"
EndProject
Project("{8BC9CEB8-8B4A-11D0-8D11-00A0C91BC942}") = "fmod_gain", "fmod_gain.vcxproj", "{56995823-1D38-4557-AC56-6105AE9359B7}"
EndProject
Project("{8BC9CEB8-8B4A-11D0-8D11-00A0C91BC942}") = "fmod_noise", "fmod_noise.vcxproj", "{029E87C7-61BB-4F08-A33A-72DF544A0C3A}"
EndProject
Project("{8BC9CEB8-8B4A-11D0-8D11-00A0C91BC942}") = "output_mp3", "output_mp3.vcxproj", "{888A6F07-CC7E-431A-A09F-1FC7D43C5F9C}"
EndProject
Global
	GlobalSection(SolutionConfigurationPlatforms) = preSolution
		Debug|Win32 = Debug|Win32
		Debug|x64 = Debug|x64
		Release|Win32 = Release|Win32
		Release|x64 = Release|x64
	EndGlobalSection
	GlobalSection(ProjectConfigurationPlatforms) = postSolution
		{0E14DF63-B163-4492-ADA0-9C3AD920E13F}.Debug|Win32.ActiveCfg = Debug|Win32
		{0E14DF63-B163-4492-ADA0-9C3AD920E13F}.Debug|Win32.Build.0 = Debug|Win32
		{0E14DF63-B163-4492-ADA0-9C3AD920E13F}.Debug|Win32.Deploy.0 = Debug|Win32
		{0E14DF63-B163-4492-ADA0-9C3AD920E13F}.Debug|x64.ActiveCfg = Debug|x64
		{0E14DF63-B163-4492-ADA0-9C3AD920E13F}.Debug|x64.Build.0 = Debug|x64
		{0E14DF63-B163-4492-ADA0-9C3AD920E13F}.Debug|x64.Deploy.0 = Debug|x64
		{0E14DF63-B163-4492-ADA0-9C3AD920E13F}.Release|Win32.ActiveCfg = Release|Win32
		{0E14DF63-B163-4492-ADA0-9C3AD920E13F}.Release|Win32.Build.0 = Release|Win32
		{0E14DF63-B163-4492-ADA0-9C3AD920E13F}.Release|Win32.Deploy.0 = Release|Win32
		{0E14DF63-B163-4492-ADA0-9C3AD920E13F}.Release|x64.ActiveCfg = Release|x64
		{0E14DF63-B163-4492-ADA0-9C3AD920E13F}.Release|x64.Build.0 = Release|x64
		{0E14DF63-B163-4492-ADA0-9C3AD920E13F}.Release|x64.Deploy.0 = Release|x64
		{40FBC0B2-2671-4B73-92FB-92AEF930DD7F}.Debug|Win32.ActiveCfg = Debug|Win32
		{40FBC0B2-2671-4B73-92FB-92AEF930DD7F}.Debug|Win32.Build.0 = Debug|Win32
		{40FBC0B2-2671-4B73-92FB-92AEF930DD7F}.Debug|Win32.Deploy.0 = Debug|Win32
		{40FBC0B2-2671-4B73-92FB-92AEF930DD7F}.Debug|x64.ActiveCfg = Debug|x64
		{40FBC0B2-2671-4B73-92FB-92AEF930DD7F}.Debug|x64.Build.0 = Debug|x64
		{40FBC0B2-2671-4B73-92FB-92AEF930DD7F}.Debug|x64.Deploy.0 = Debug|x64
		{40FBC0B2-2671-4B73-92FB-92AEF930DD7F}.Release|Win32.ActiveCfg = Release|Win32
		{40FBC0B2-2671-4B73-92FB-92AEF930DD7F}.Release|Win32.Build.0 = Release|Win32
		{40FBC0B2-2671-4B73-92FB-92AEF930DD7F}.Release|Win32.Deploy.0 = Release|Win32
		{40FBC0B2-2671-4B73-92FB-92AEF930DD7F}.Release|x64.ActiveCfg = Release|x64
		{40FBC0B2-2671-4B73-92FB-92AEF930DD7F}.Release|x64.Build.0 = Release|x64
		{40FBC0B2-2671-4B73-92FB-92AEF930DD7F}.Release|x64.Deploy.0 = Release|x64
		{F1D4DAC0-122F-464A-9886-99440DBF9909}.Debug|Win32.ActiveCfg = Debug|Win32
		{F1D4DAC0-122F-464A-9886-99440DBF9909}.Debug|Win32.Build.0 = Debug|Win32
		{F1D4DAC0-122F-464A-9886-99440DBF9909}.Debug|Win32.Deploy.0 = Debug|Win32
		{F1D4DAC0-122F-464A-9886-99440DBF9909}.Debug|x64.ActiveCfg = Debug|x64
		{F1D4DAC0-122F-464A-9886-99440DBF9909}.Debug|x64.Build.0 = Debug|x64
		{F1D4DAC0-122F-464A-9886-99440DBF9909}.Debug|x64.Deploy.0 = Debug|x64
		{F1D4DAC0-122F-464A-9886-99440DBF9909}.Release|Win32.ActiveCfg = Release|Win32
		{F1D4DAC0-122F-464A-9886-99440DBF9909}.Release|Win32.Build.0 = Release|Win32
		{F1D4DAC0-122F-464A-9886-99440DBF9909}.Release|Win32.Deploy.0 = Release|Win32
		{F1D4DAC0-122F-464A-9886-99440DBF9909}.Release|x64.ActiveCfg = Release|x64
		{F1D4DAC0-122F-464A-9886-99440DBF9909}.Release|x64.Build.0 = Release|x64
		{F1D4DAC0-122F-464A-9886-99440DBF9909}.Release|x64.Deploy.0 = Release|x64
		{4C03E970-8366-40CA-9A46-194CC71184CA}.Debug|Win32.ActiveCfg = Debug|Win32
		{4C03E970-8366-40CA-9A46-194CC71184CA}.Debug|Win32.Build.0 = Debug|Win32
		{4C03E970-8366-40CA-9A46-194CC71184CA}.Debug|Win32.Deploy.0 = Debug|Win32
		{4C03E970-8366-40CA-9A46-194CC71184CA}.Debug|x64.ActiveCfg = Debug|x64
		{4C03E970-8366-40CA-9A46-194CC71184CA}.Debug|x64.Build.0 = Debug|x64
		{4C03E970-8366-40CA-9A46-194CC71184CA}.Debug|x64.Deploy.0 = Debug|x64
		{4C03E970-8366-40CA-9A46-194CC71184CA}.Release|Win32.ActiveCfg = Release|Win32
		{4C03E970-8366-40CA-9A46-194CC71184CA}.Release|Win32.Build.0 = Release|Win32
		{4C03E970-8366-40CA-9A46-194CC71184CA}.Release|Win32.Deploy.0 = Release|Win32
		{4C03E970-8366-40CA-9A46-194CC71184CA}.Release|x64.ActiveCfg = Release|x64
		{4C03E970-8366-40CA-9A46-194CC71184CA}.Release|x64.Build.0 = Release|x64
		{4C03E970-8366-40CA-9A46-194CC71184CA}.Release|x64.Deploy.0 = Release|x64
		{2356A11F-98D5-4DFB-824D-40EAF8B92C3B}.Debug|Win32.ActiveCfg = Debug|Win32
		{2356A11F-98D5-4DFB-824D-40EAF8B92C3B}.Debug|Win32.Build.0 = Debug|Win32
		{2356A11F-98D5-4DFB-824D-40EAF8B92C3B}.Debug|Win32.Deploy.0 = Debug|Win32
		{2356A11F-98D5-4DFB-824D-40EAF8B92C3B}.Debug|x64.ActiveCfg = Debug|x64
		{2356A11F-98D5-4DFB-824D-40EAF8B92C3B}.Debug|x64.Build.0 = Debug|x64
		{2356A11F-98D5-4DFB-824D-40EAF8B92C3B}.Debug|x64.Deploy.0 = Debug|x64
		{2356A11F-98D5-4DFB-824D-40EAF8B92C3B}.Release|Win32.ActiveCfg = Release|Win32
		{2356A11F-98D5-4DFB-824D-40EAF8B92C3B}.Release|Win32.Build.0 = Release|Win32
		{2356A11F-98D5-4DFB-824D-40EAF8B92C3B}.Release|Win32.Deploy.0 = Release|Win32
		{2356A11F-98D5-4DFB-824D-40EAF8B92C3B}.Release|x64.ActiveCfg = Release|x64
		{2356A11F-98D5-4DFB-824D-40EAF8B92C3B}.Release|x64.Build.0 = Release|x64
		{2356A11F-98D5-4DFB-824D-40EAF8B92C3B}.Release|x64.Deploy.0 = Release|x64
		{9598FE24-4A23-4AE2-B322-C845E83038FC}.Debug|Win32.ActiveCfg = Debug|Win32
		{9598FE24-4A23-4AE2-B322-C845E83038FC}.Debug|Win32.Build.0 = Debug|Win32
		{9598FE24-4A23-4AE2-B322-C845E83038FC}.Debug|Win32.Deploy.0 = Debug|Win32
		{9598FE24-4A23-4AE2-B322-C845E83038FC}.Debug|x64.ActiveCfg = Debug|x64
		{9598FE24-4A23-4AE2-B322-C845E83038FC}.Debug|x64.Build.0 = Debug|x64
		{9598FE24-4A23-4AE2-B322-C845E83038FC}.Debug|x64.Deploy.0 = Debug|x64
		{9598FE24-4A23-4AE2-B322-C845E83038FC}.Release|Win32.ActiveCfg = Release|Win32
		{9598FE24-4A23-4AE2-B322-C845E83038FC}.Release|Win32.Build.0 = Release|Win32
		{9598FE24-4A23-4AE2-B322-C845E83038FC}.Release|Win32.Deploy.0 = Release|Win32
		{9598FE24-4A23-4AE2-B322-C845E83038FC}.Release|x64.ActiveCfg = Release|x64
		{9598FE24-4A23-4AE2-B322-C845E83038FC}.Release|x64.Build.0 = Release|x64
		{9598FE24-4A23-4AE2-B322-C845E83038FC}.Release|x64.Deploy.0 = Release|x64
		{1C7C9230-178A-4EC7-91CD-81DA5F90513B}.Debug|Win32.ActiveCfg = Debug|Win32
		{1C7C9230-178A-4EC7-91CD-81DA5F90513B}.Debug|Win32.Build.0 = Debug|Win32
		{1C7C9230-178A-4EC7-91CD-81DA5F90513B}.Debug|Win32.Deploy.0 = Debug|Win32
		{1C7C9230-178A-4EC7-91CD-81DA5F90513B}.Debug|x64.ActiveCfg = Debug|x64
		{1C7C9230-178A-4EC7-91CD-81DA5F90513B}.Debug|x64.Build.0 = Debug|x64
		{1C7C9230-178A-4EC7-91CD-81DA5F90513B}.Debug|x64.Deploy.0 = Debug|x64
		{1C7C9230-178A-4EC7-91CD-81DA5F90513B}.Release|Win32.ActiveCfg = Release|Win32
		{1C7C9230-178A-4EC7-91CD-81DA5F90513B}.Release|Win32.Build.0 = Release|Win32
		{1C7C9230-178A-4EC7-91CD-81DA5F90513B}.Release|Win32.Deploy.0 = Release|Win32
		{1C7C9230-178A-4EC7-91CD-81DA5F90513B}.Release|x64.ActiveCfg = Release|x64
		{1C7C9230-178A-4EC7-91CD-81DA5F90513B}.Release|x64.Build.0 = Release|x64
		{1C7C9230-178A-4EC7-91CD-81DA5F90513B}.Release|x64.Deploy.0 = Release|x64
		{2C22061C-BB88-4E79-9790-047EB45D6033}.Debug|Win32.ActiveCfg = Debug|Win32
		{2C22061C-BB88-4E79-9790-047EB45D6033}.Debug|Win32.Build.0 = Debug|Win32
		{2C22061C-BB88-4E79-9790-047EB45D6033}.Debug|Win32.Deploy.0 = Debug|Win32
		{2C22061C-BB88-4E79-9790-047EB45D6033}.Debug|x64.ActiveCfg = Debug|x64
		{2C22061C-BB88-4E79-9790-047EB45D6033}.Debug|x64.Build.0 = Debug|x64
		{2C22061C-BB88-4E79-9790-047EB45D6033}.Debug|x64.Deploy.0 = Debug|x64
		{2C22061C-BB88-4E79-9790-047EB45D6033}.Release|Win32.ActiveCfg = Release|Win32
		{2C22061C-BB88-4E79-9790-047EB45D6033}.Release|Win32.Build.0 = Release|Win32
		{2C22061C-BB88-4E79-9790-047EB45D6033}.Release|Win32.Deploy.0 = Release|Win32
		{2C22061C-BB88-4E79-9790-047EB45D6033}.Release|x64.ActiveCfg = Release|x64
		{2C22061C-BB88-4E79-9790-047EB45D6033}.Release|x64.Build.0 = Release|x64
		{2C22061C-BB88-4E79-9790-047EB45D6033}.Release|x64.Deploy.0 = Release|x64
		{654BC43F-D909-44D3-8038-25B8CA64F264}.Debug|Win32.ActiveCfg = Debug|Win32
		{654BC43F-D909-44D3-8038-25B8CA64F264}.Debug|Win32.Build.0 = Debug|Win32
		{654BC43F-D909-44D3-8038-25B8CA64F264}.Debug|Win32.Deploy.0 = Debug|Win32
		{654BC43F-D909-44D3-8038-25B8CA64F264}.Debug|x64.ActiveCfg = Debug|x64
		{654BC43F-D909-44D3-8038-25B8CA64F264}.Debug|x64.Build.0 = Debug|x64
		{654BC43F-D909-44D3-8038-25B8CA64F264}.Debug|x64.Deploy.0 = Debug|x64
		{654BC43F-D909-44D3-8038-25B8CA64F264}.Release|Win32.ActiveCfg = Release|Win32
		{654BC43F-D909-44D3-8038-25B8CA64F264}.Release|Win32.Build.0 = Release|Win32
		{654BC43F-D909-44D3-8038-25B8CA64F264}.Release|Win32.Deploy.0 = Release|Win32
		{654BC43F-D909-44D3-8038-25B8CA64F264}.Release|x64.ActiveCfg = Release|x64
		{654BC43F-D909-44D3-8038-25B8CA64F264}.Release|x64.Build.0 = Release|x64
		{654BC43F-D909-44D3-8038-25B8CA64F264}.Release|x64.Deploy.0 = Release|x64
		{50E888EB-21E8-4D30-BE9E-D852B57B3BFD}.Debug|Win32.ActiveCfg = Debug|Win32
		{50E888EB-21E8-4D30-BE9E-D852B57B3BFD}.Debug|Win32.Build.0 = Debug|Win32
		{50E888EB-21E8-4D30-BE9E-D852B57B3BFD}.Debug|Win32.Deploy.0 = Debug|Win32
		{50E888EB-21E8-4D30-BE9E-D852B57B3BFD}.Debug|x64.ActiveCfg = Debug|x64
		{50E888EB-21E8-4D30-BE9E-D852B57B3BFD}.Debug|x64.Build.0 = Debug|x64
		{50E888EB-21E8-4D30-BE9E-D852B57B3BFD}.Debug|x64.Deploy.0 = Debug|x64
		{50E888EB-21E8-4D30-BE9E-D852B57B3BFD}.Release|Win32.ActiveCfg = Release|Win32
		{50E888EB-21E8-4D30-BE9E-D852B57B3BFD}.Release|Win32.Build.0 = Release|Win32
		{50E888EB-21E8-4D30-BE9E-D852B57B3BFD}.Release|Win32.Deploy.0 = Release|Win32
		{50E888EB-21E8-4D30-BE9E-D852B57B3BFD}.Release|x64.ActiveCfg = Release|x64
		{50E888EB-21E8-4D30-BE9E-D852B57B3BFD}.Release|x64.Build.0 = Release|x64
		{50E888EB-21E8-4D30-BE9E-D852B57B3BFD}.Release|x64.Deploy.0 = Release|x64
		{C4DE4413-6F8E-4807-A2F6-608376921210}.Debug|Win32.ActiveCfg = Debug|Win32
		{C4DE4413-6F8E-4807-A2F6-608376921210}.Debug|Win32.Build.0 = Debug|Win32
		{C4DE4413-6F8E-4807-A2F6-608376921210}.Debug|Win32.Deploy.0 = Debug|Win32
		{C4DE4413-6F8E-4807-A2F6-608376921210}.Debug|x64.ActiveCfg = Debug|x64
		{C4DE4413-6F8E-4807-A2F6-608376921210}.Debug|x64.Build.0 = Debug|x64
		{C4DE4413-6F8E-4807-A2F6-608376921210}.Debug|x64.Deploy.0 = Debug|x64
		{C4DE4413-6F8E-4807-A2F6-608376921210}.Release|Win32.ActiveCfg = Release|Win32
		{C4DE4413-6F8E-4807-A2F6-608376921210}.Release|Win32.Build.0 = Release|Win32
		{C4DE4413-6F8E-4807-A2F6-608376921210}.Release|Win32.Deploy.0 = Release|Win32
		{C4DE4413-6F8E-4807-A2F6-608376921210}.Release|x64.ActiveCfg = Release|x64
		{C4DE4413-6F8E-4807-A2F6-608376921210}.Release|x64.Build.0 = Release|x64
		{C4DE4413-6F8E-4807-A2F6-608376921210}.Release|x64.Deploy.0 = Release|x64
		{34F4CD6E-8920-48D1-A709-9765A37D0BC2}.Debug|Win32.ActiveCfg = Debug|Win32
		{34F4CD6E-8920-48D1-A709-9765A37D0BC2}.Debug|Win32.Build.0 = Debug|Win32
		{34F4CD6E-8920-48D1-A709-9765A37D0BC2}.Debug|Win32.Deploy.0 = Debug|Win32
		{34F4CD6E-8920-48D1-A709-9765A37D0BC2}.Debug|x64.ActiveCfg = Debug|x64
		{34F4CD6E-8920-48D1-A709-9765A37D0BC2}.Debug|x64.Build.0 = Debug|x64
		{34F4CD6E-8920-48D1-A709-9765A37D0BC2}.Debug|x64.Deploy.0 = Debug|x64
		{34F4CD6E-8920-48D1-A709-9765A37D0BC2}.Release|Win32.ActiveCfg = Release|Win32
		{34F4CD6E-8920-48D1-A709-9765A37D0BC2}.Release|Win32.Build.0 = Release|Win32
		{34F4CD6E-8920-48D1-A709-9765A37D0BC2}.Release|Win32.Deploy.0 = Release|Win32
		{34F4CD6E-8920-48D1-A709-9765A37D0BC2}.Release|x64.ActiveCfg = Release|x64
		{34F4CD6E-8920-48D1-A709-9765A37D0BC2}.Release|x64.Build.0 = Release|x64
		{34F4CD6E-8920-48D1-A709-9765A37D0BC2}.Release|x64.Deploy.0 = Release|x64
		{7182DA56-C1CC-41A6-88D0-007F5EA89F30}.Debug|Win32.ActiveCfg = Debug|Win32
		{7182DA56-C1CC-41A6-88D0-007F5EA89F30}.Debug|Win32.Build.0 = Debug|Win32
		{7182DA56-C1CC-41A6-88D0-007F5EA89F30}.Debug|Win32.Deploy.0 = Debug|Win32
		{7182DA56-C1CC-41A6-88D0-007F5EA89F30}.Debug|x64.ActiveCfg = Debug|x64
		{7182DA56-C1CC-41A6-88D0-007F5EA89F30}.Debug|x64.Build.0 = Debug|x64
		{7182DA56-C1CC-41A6-88D0-007F5EA89F30}.Debug|x64.Deploy.0 = Debug|x64
		{7182DA56-C1CC-41A6-88D0-007F5EA89F30}.Release|Win32.ActiveCfg = Release|Win32
		{7182DA56-C1CC-41A6-88D0-007F5EA89F30}.Release|Win32.Build.0 = Release|Win32
		{7182DA56-C1CC-41A6-88D0-007F5EA89F30}.Release|Win32.Deploy.0 = Release|Win32
		{7182DA56-C1CC-41A6-88D0-007F5EA89F30}.Release|x64.ActiveCfg = Release|x64
		{7182DA56-C1CC-41A6-88D0-007F5EA89F30}.Release|x64.Build.0 = Release|x64
		{7182DA56-C1CC-41A6-88D0-007F5EA89F30}.Release|x64.Deploy.0 = Release|x64
		{4F8F338E-388B-4BF1-956C-B5234F21EAA6}.Debug|Win32.ActiveCfg = Debug|Win32
		{4F8F338E-388B-4BF1-956C-B5234F21EAA6}.Debug|Win32.Build.0 = Debug|Win32
		{4F8F338E-388B-4BF1-956C-B5234F21EAA6}.Debug|Win32.Deploy.0 = Debug|Win32
		{4F8F338E-388B-4BF1-956C-B5234F21EAA6}.Debug|x64.ActiveCfg = Debug|x64
		{4F8F338E-388B-4BF1-956C-B5234F21EAA6}.Debug|x64.Build.0 = Debug|x64
		{4F8F338E-388B-4BF1-956C-B5234F21EAA6}.Debug|x64.Deploy.0 = Debug|x64
		{4F8F338E-388B-4BF1-956C-B5234F21EAA6}.Release|Win32.ActiveCfg = Release|Win32
		{4F8F338E-388B-4BF1-956C-B5234F21EAA6}.Release|Win32.Build.0 = Release|Win32
		{4F8F338E-388B-4BF1-956C-B5234F21EAA6}.Release|Win32.Deploy.0 = Release|Win32
		{4F8F338E-388B-4BF1-956C-B5234F21EAA6}.Release|x64.ActiveCfg = Release|x64
		{4F8F338E-388B-4BF1-956C-B5234F21EAA6}.Release|x64.Build.0 = Release|x64
		{4F8F338E-388B-4BF1-956C-B5234F21EAA6}.Release|x64.Deploy.0 = Release|x64
		{7E538C10-EB6C-4D78-8608-34E1502F8A7B}.Debug|Win32.ActiveCfg = Debug|Win32
		{7E538C10-EB6C-4D78-8608-34E1502F8A7B}.Debug|Win32.Build.0 = Debug|Win32
		{7E538C10-EB6C-4D78-8608-34E1502F8A7B}.Debug|Win32.Deploy.0 = Debug|Win32
		{7E538C10-EB6C-4D78-8608-34E1502F8A7B}.Debug|x64.ActiveCfg = Debug|x64
		{7E538C10-EB6C-4D78-8608-34E1502F8A7B}.Debug|x64.Build.0 = Debug|x64
		{7E538C10-EB6C-4D78-8608-34E1502F8A7B}.Debug|x64.Deploy.0 = Debug|x64
		{7E538C10-EB6C-4D78-8608-34E1502F8A7B}.Release|Win32.ActiveCfg = Release|Win32
		{7E538C10-EB6C-4D78-8608-34E1502F8A7B}.Release|Win32.Build.0 = Release|Win32
		{7E538C10-EB6C-4D78-8608-34E1502F8A7B}.Release|Win32.Deploy.0 = Release|Win32
		{7E538C10-EB6C-4D78-8608-34E1502F8A7B}.Release|x64.ActiveCfg = Release|x64
		{7E538C10-EB6C-4D78-8608-34E1502F8A7B}.Release|x64.Build.0 = Release|x64
		{7E538C10-EB6C-4D78-8608-34E1502F8A7B}.Release|x64.Deploy.0 = Release|x64
		{F1A48DF7-7C81-46BF-81D7-9925C07B656B}.Debug|Win32.ActiveCfg = Debug|Win32
		{F1A48DF7-7C81-46BF-81D7-9925C07B656B}.Debug|Win32.Build.0 = Debug|Win32
		{F1A48DF7-7C81-46BF-81D7-9925C07B656B}.Debug|Win32.Deploy.0 = Debug|Win32
		{F1A48DF7-7C81-46BF-81D7-9925C07B656B}.Debug|x64.ActiveCfg = Debug|x64
		{F1A48DF7-7C81-46BF-81D7-9925C07B656B}.Debug|x64.Build.0 = Debug|x64
		{F1A48DF7-7C81-46BF-81D7-9925C07B656B}.Debug|x64.Deploy.0 = Debug|x64
		{F1A48DF7-7C81-46BF-81D7-9925C07B656B}.Release|Win32.ActiveCfg = Release|Win32
		{F1A48DF7-7C81-46BF-81D7-9925C07B656B}.Release|Win32.Build.0 = Release|Win32
		{F1A48DF7-7C81-46BF-81D7-9925C07B656B}.Release|Win32.Deploy.0 = Release|Win32
		{F1A48DF7-7C81-46BF-81D7-9925C07B656B}.Release|x64.ActiveCfg = Release|x64
		{F1A48DF7-7C81-46BF-81D7-9925C07B656B}.Release|x64.Build.0 = Release|x64
		{F1A48DF7-7C81-46BF-81D7-9925C07B656B}.Release|x64.Deploy.0 = Release|x64
		{8B72BCCF-7E26-44FF-9AF3-5687B375C699}.Debug|Win32.ActiveCfg = Debug|Win32
		{8B72BCCF-7E26-44FF-9AF3-5687B375C699}.Debug|Win32.Build.0 = Debug|Win32
		{8B72BCCF-7E26-44FF-9AF3-5687B375C699}.Debug|Win32.Deploy.0 = Debug|Win32
		{8B72BCCF-7E26-44FF-9AF3-5687B375C699}.Debug|x64.ActiveCfg = Debug|x64
		{8B72BCCF-7E26-44FF-9AF3-5687B375C699}.Debug|x64.Build.0 = Debug|x64
		{8B72BCCF-7E26-44FF-9AF3-5687B375C699}.Debug|x64.Deploy.0 = Debug|x64
		{8B72BCCF-7E26-44FF-9AF3-5687B375C699}.Release|Win32.ActiveCfg = Release|Win32
		{8B72BCCF-7E26-44FF-9AF3-5687B375C699}.Release|Win32.Build.0 = Release|Win32
		{8B72BCCF-7E26-44FF-9AF3-5687B375C699}.Release|Win32.Deploy.0 = Release|Win32
		{8B72BCCF-7E26-44FF-9AF3-5687B375C699}.Release|x64.ActiveCfg = Release|x64
		{8B72BCCF-7E26-44FF-9AF3-5687B375C699}.Release|x64.Build.0 = Release|x64
		{8B72BCCF-7E26-44FF-9AF3-5687B375C699}.Release|x64.Deploy.0 = Release|x64
		{639E2A99-F0AC-4F93-8EF3-400F7357D11F}.Debug|Win32.ActiveCfg = Debug|Win32
		{639E2A99-F0AC-4F93-8EF3-400F7357D11F}.Debug|Win32.Build.0 = Debug|Win32
		{639E2A99-F0AC-4F93-8EF3-400F7357D11F}.Debug|Win32.Deploy.0 = Debug|Win32
		{639E2A99-F0AC-4F93-8EF3-400F7357D11F}.Debug|x64.ActiveCfg = Debug|x64
		{639E2A99-F0AC-4F93-8EF3-400F7357D11F}.Debug|x64.Build.0 = Debug|x64
		{639E2A99-F0AC-4F93-8EF3-400F7357D11F}.Debug|x64.Deploy.0 = Debug|x64
		{639E2A99-F0AC-4F93-8EF3-400F7357D11F}.Release|Win32.ActiveCfg = Release|Win32
		{639E2A99-F0AC-4F93-8EF3-400F7357D11F}.Release|Win32.Build.0 = Release|Win32
		{639E2A99-F0AC-4F93-8EF3-400F7357D11F}.Release|Win32.Deploy.0 = Release|Win32
		{639E2A99-F0AC-4F93-8EF3-400F7357D11F}.Release|x64.ActiveCfg = Release|x64
		{639E2A99-F0AC-4F93-8EF3-400F7357D11F}.Release|x64.Build.0 = Release|x64
		{639E2A99-F0AC-4F93-8EF3-400F7357D11F}.Release|x64.Deploy.0 = Release|x64
		{B9874E3C-021C-4A59-A9F5-3A8E63079421}.Debug|Win32.ActiveCfg = Debug|Win32
		{B9874E3C-021C-4A59-A9F5-3A8E63079421}.Debug|Win32.Build.0 = Debug|Win32
		{B9874E3C-021C-4A59-A9F5-3A8E63079421}.Debug|Win32.Deploy.0 = Debug|Win32
		{B9874E3C-021C-4A59-A9F5-3A8E63079421}.Debug|x64.ActiveCfg = Debug|x64
		{B9874E3C-021C-4A59-A9F5-3A8E63079421}.Debug|x64.Build.0 = Debug|x64
		{B9874E3C-021C-4A59-A9F5-3A8E63079421}.Debug|x64.Deploy.0 = Debug|x64
		{B9874E3C-021C-4A59-A9F5-3A8E63079421}.Release|Win32.ActiveCfg = Release|Win32
		{B9874E3C-021C-4A59-A9F5-3A8E63079421}.Release|Win32.Build.0 = Release|Win32
		{B9874E3C-021C-4A59-A9F5-3A8E63079421}.Release|Win32.Deploy.0 = Release|Win32
		{B9874E3C-021C-4A59-A9F5-3A8E63079421}.Release|x64.ActiveCfg = Release|x64
		{B9874E3C-021C-4A59-A9F5-3A8E63079421}.Release|x64.Build.0 = Release|x64
		{B9874E3C-021C-4A59-A9F5-3A8E63079421}.Release|x64.Deploy.0 = Release|x64
		{E3417C03-DD2D-493C-BB68-185527665343}.Debug|Win32.ActiveCfg = Debug|Win32
		{E3417C03-DD2D-493C-BB68-185527665343}.Debug|Win32.Build.0 = Debug|Win32
		{E3417C03-DD2D-493C-BB68-185527665343}.Debug|Win32.Deploy.0 = Debug|Win32
		{E3417C03-DD2D-493C-BB68-185527665343}.Debug|x64.ActiveCfg = Debug|x64
		{E3417C03-DD2D-493C-BB68-185527665343}.Debug|x64.Build.0 = Debug|x64
		{E3417C03-DD2D-493C-BB68-185527665343}.Debug|x64.Deploy.0 = Debug|x64
		{E3417C03-DD2D-493C-BB68-185527665343}.Release|Win32.ActiveCfg = Release|Win32
		{E3417C03-DD2D-493C-BB68-185527665343}.Release|Win32.Build.0 = Release|Win32
		{E3417C03-DD2D-493C-BB68-185527665343}.Release|Win32.Deploy.0 = Release|Win32
		{E3417C03-DD2D-493C-BB68-185527665343}.Release|x64.ActiveCfg = Release|x64
		{E3417C03-DD2D-493C-BB68-185527665343}.Release|x64.Build.0 = Release|x64
		{E3417C03-DD2D-493C-BB68-185527665343}.Release|x64.Deploy.0 = Release|x64
		{39FC2A95-1C16-497E-8EB1-D21E1ED90ABF}.Debug|Win32.ActiveCfg = Debug|Win32
		{39FC2A95-1C16-497E-8EB1-D21E1ED90ABF}.Debug|Win32.Build.0 = Debug|Win32
		{39FC2A95-1C16-497E-8EB1-D21E1ED90ABF}.Debug|Win32.Deploy.0 = Debug|Win32
		{39FC2A95-1C16-497E-8EB1-D21E1ED90ABF}.Debug|x64.ActiveCfg = Debug|x64
		{39FC2A95-1C16-497E-8EB1-D21E1ED90ABF}.Debug|x64.Build.0 = Debug|x64
		{39FC2A95-1C16-497E-8EB1-D21E1ED90ABF}.Debug|x64.Deploy.0 = Debug|x64
		{39FC2A95-1C16-497E-8EB1-D21E1ED90ABF}.Release|Win32.ActiveCfg = Release|Win32
		{39FC2A95-1C16-497E-8EB1-D21E1ED90ABF}.Release|Win32.Build.0 = Release|Win32
		{39FC2A95-1C16-497E-8EB1-D21E1ED90ABF}.Release|Win32.Deploy.0 = Release|Win32
		{39FC2A95-1C16-497E-8EB1-D21E1ED90ABF}.Release|x64.ActiveCfg = Release|x64
		{39FC2A95-1C16-497E-8EB1-D21E1ED90ABF}.Release|x64.Build.0 = Release|x64
		{39FC2A95-1C16-497E-8EB1-D21E1ED90ABF}.Release|x64.Deploy.0 = Release|x64
		{5F45A820-DA23-445F-BB06-65C5F8F95788}.Debug|Win32.ActiveCfg = Debug|Win32
		{5F45A820-DA23-445F-BB06-65C5F8F95788}.Debug|Win32.Build.0 = Debug|Win32
		{5F45A820-DA23-445F-BB06-65C5F8F95788}.Debug|Win32.Deploy.0 = Debug|Win32
		{5F45A820-DA23-445F-BB06-65C5F8F95788}.Debug|x64.ActiveCfg = Debug|x64
		{5F45A820-DA23-445F-BB06-65C5F8F95788}.Debug|x64.Build.0 = Debug|x64
		{5F45A820-DA23-445F-BB06-65C5F8F95788}.Debug|x64.Deploy.0 = Debug|x64
		{5F45A820-DA23-445F-BB06-65C5F8F95788}.Release|Win32.ActiveCfg = Release|Win32
		{5F45A820-DA23-445F-BB06-65C5F8F95788}.Release|Win32.Build.0 = Release|Win32
		{5F45A820-DA23-445F-BB06-65C5F8F95788}.Release|Win32.Deploy.0 = Release|Win32
		{5F45A820-DA23-445F-BB06-65C5F8F95788}.Release|x64.ActiveCfg = Release|x64
		{5F45A820-DA23-445F-BB06-65C5F8F95788}.Release|x64.Build.0 = Release|x64
		{5F45A820-DA23-445F-BB06-65C5F8F95788}.Release|x64.Deploy.0 = Release|x64
		{56995823-1D38-4557-AC56-6105AE9359B7}.Debug|Win32.ActiveCfg = Debug|Win32
		{56995823-1D38-4557-AC56-6105AE9359B7}.Debug|Win32.Build.0 = Debug|Win32
		{56995823-1D38-4557-AC56-6105AE9359B7}.Debug|Win32.Deploy.0 = Debug|Win32
		{56995823-1D38-4557-AC56-6105AE9359B7}.Debug|x64.ActiveCfg = Debug|x64
		{56995823-1D38-4557-AC56-6105AE9359B7}.Debug|x64.Build.0 = Debug|x64
		{56995823-1D38-4557-AC56-6105AE9359B7}.Debug|x64.Deploy.0 = Debug|x64
		{56995823-1D38-4557-AC56-6105AE9359B7}.Release|Win32.ActiveCfg = Release|Win32
		{56995823-1D38-4557-AC56-6105AE9359B7}.Release|Win32.Build.0 = Release|Win32
		{56995823-1D38-4557-AC56-6105AE9359B7}.Release|Win32.Deploy.0 = Release|Win32
		{56995823-1D38-4557-AC56-6105AE9359B7}.Release|x64.ActiveCfg = Release|x64
		{56995823-1D38-4557-AC56-6105AE9359B7}.Release|x64.Build.0 = Release|x64
		{56995823-1D38-4557-AC56-6105AE9359B7}.Release|x64.Deploy.0 = Release|x64
		{029E87C7-61BB-4F08-A33A-72DF544A0C3A}.Debug|Win32.ActiveCfg = Debug|Win32
		{029E87C7-61BB-4F08-A33A-72DF544A0C3A}.Debug|Win32.Build.0 = Debug|Win32
		{029E87C7-61BB-4F08-A33A-72DF544A0C3A}.Debug|Win32.Deploy.0 = Debug|Win32
		{029E87C7-61BB-4F08-A33A-72DF544A0C3A}.Debug|x64.ActiveCfg = Debug|x64
		{029E87C7-61BB-4F08-A33A-72DF544A0C3A}.Debug|x64.Build.0 = Debug|x64
		{029E87C7-61BB-4F08-A33A-72DF544A0C3A}.Debug|x64.Deploy.0 = Debug|x64
		{029E87C7-61BB-4F08-A33A-72DF544A0C3A}.Release|Win32.ActiveCfg = Release|Win32
		{029E87C7-61BB-4F08-A33A-72DF544A0C3A}.Release|Win32.Build.0 = Release|Win32
		{029E87C7-61BB-4F08-A33A-72DF544A0C3A}.Release|Win32.Deploy.0 = Release|Win32
		{029E87C7-61BB-4F08-A33A-72DF544A0C3A}.Release|x64.ActiveCfg = Release|x64
		{029E87C7-61BB-4F08-A33A-72DF544A0C3A}.Release|x64.Build.0 = Release|x64
		{029E87C7-61BB-4F08-A33A-72DF544A0C3A}.Release|x64.Deploy.0 = Release|x64
		{888A6F07-CC7E-431A-A09F-1FC7D43C5F9C}.Debug|Win32.ActiveCfg = Debug|Win32
		{888A6F07-CC7E-431A-A09F-1FC7D43C5F9C}.Debug|Win32.Build.0 = Debug|Win32
		{888A6F07-CC7E-431A-A09F-1FC7D43C5F9C}.Debug|Win32.Deploy.0 = Debug|Win32
		{888A6F07-CC7E-431A-A09F-1FC7D43C5F9C}.Debug|x64.ActiveCfg = Debug|x64
		{888A6F07-CC7E-431A-A09F-1FC7D43C5F9C}.Debug|x64.Build.0 = Debug|x64
		{888A6F07-CC7E-431A-A09F-1FC7D43C5F9C}.Debug|x64.Deploy.0 = Debug|x64
		{888A6F07-CC7E-431A-A09F-1FC7D43C5F9C}.Release|Win32.ActiveCfg = Release|Win32
		{888A6F07-CC7E-431A-A09F-1FC7D43C5F9C}.Release|Win32.Build.0 = Release|Win32
		{888A6F07-CC7E-431A-A09F-1FC7D43C5F9C}.Release|Win32.Deploy.0 = Release|Win32
		{888A6F07-CC7E-431A-A09F-1FC7D43C5F9C}.Release|x64.ActiveCfg = Release|x64
		{888A6F07-CC7E-431A-A09F-1FC7D43C5F9C}.Release|x64.Build.0 = Release|x64
		{888A6F07-CC7E-431A-A09F-1FC7D43C5F9C}.Release|x64.Deploy.0 = Release|x64
	EndGlobalSection
	GlobalSection(SolutionProperties) = preSolution
		HideSolutionNode = FALSE
	EndGlobalSection
EndGlobal
