
Microsoft Visual Studio Solution File, Format Version 11.00
# Visual Studio 2010
Project("{8BC9CEB8-8B4A-11D0-8D11-00A0C91BC942}") = "3d", "3d.vcxproj", "{060F5AAC-A035-439F-A7C8-696A76DB64FC}"
EndProject
Project("{8BC9CEB8-8B4A-11D0-8D11-00A0C91BC942}") = "asyncio", "asyncio.vcxproj", "{59599135-68D1-4404-A3AC-2ACC083EF036}"
EndProject
Project("{8BC9CEB8-8B4A-11D0-8D11-00A0C91BC942}") = "channel_groups", "channel_groups.vcxproj", "{1290F282-7F02-43B8-A8E3-827CD019A6E2}"
EndProject
Project("{8BC9CEB8-8B4A-11D0-8D11-00A0C91BC942}") = "convolution_reverb", "convolution_reverb.vcxproj", "{D3143A46-1124-4031-B726-29893E749B0E}"
EndProject
Project("{8BC9CEB8-8B4A-11D0-8D11-00A0C91BC942}") = "dsp_custom", "dsp_custom.vcxproj", "{32608C6B-36AA-479C-A9EC-3C3A998B3CFC}"
EndProject
Project("{8BC9CEB8-8B4A-11D0-8D11-00A0C91BC942}") = "dsp_effect_per_speaker", "dsp_effect_per_speaker.vcxproj", "{898FF534-D079-4221-8963-9F43775A8033}"
EndProject
Project("{8BC9CEB8-8B4A-11D0-8D11-00A0C91BC942}") = "dsp_inspector", "dsp_inspector.vcxproj", "{C561E7D7-4A94-4BDA-A931-727181E78014}"
EndProject
Project("{8BC9CEB8-8B4A-11D0-8D11-00A0C91BC942}") = "effects", "effects.vcxproj", "{DBA0C74D-800D-4BA5-A210-5911B35E855F}"
EndProject
Project("{8BC9CEB8-8B4A-11D0-8D11-00A0C91BC942}") = "gapless_playback", "gapless_playback.vcxproj", "{ECFC43B7-5656-4C7A-8E01-805DAEC970E3}"
EndProject
Project("{8BC9CEB8-8B4A-11D0-8D11-00A0C91BC942}") = "generate_tone", "generate_tone.vcxproj", "{5DCD1126-A731-4ACD-8F76-58E8F78C8275}"
EndProject
Project("{8BC9CEB8-8B4A-11D0-8D11-00A0C91BC942}") = "granular_synth", "granular_synth.vcxproj", "{623F834A-76A9-4DBE-93E3-026CFE564F69}"
EndProject
Project("{8BC9CEB8-8B4A-11D0-8D11-00A0C91BC942}") = "load_from_memory", "load_from_memory.vcxproj", "{EBC4FE29-63AC-4315-913C-ED3EC61A19F1}"
EndProject
Project("{8BC9CEB8-8B4A-11D0-8D11-00A0C91BC942}") = "multiple_speaker", "multiple_speaker.vcxproj", "{36C8E644-5274-4FB7-8A01-4E51BF8AA608}"
EndProject
Project("{8BC9CEB8-8B4A-11D0-8D11-00A0C91BC942}") = "multiple_system", "multiple_system.vcxproj", "{5F3881A2-B577-41C1-BC2E-E6F5532A52C6}"
EndProject
Project("{8BC9CEB8-8B4A-11D0-8D11-00A0C91BC942}") = "net_stream", "net_stream.vcxproj", "{EC9FA1E8-0B21-46FB-B8CF-B03E054490AE}"
EndProject
Project("{8BC9CEB8-8B4A-11D0-8D11-00A0C91BC942}") = "play_sound", "play_sound.vcxproj", "{9C98B064-ABBC-4E16-AA84-297E31E0AD17}"
EndProject
Project("{8BC9CEB8-8B4A-11D0-8D11-00A0C91BC942}") = "play_stream", "play_stream.vcxproj", "{8A87A387-7AA9-4EE7-8164-FFD2E8115A82}"
EndProject
Project("{8BC9CEB8-8B4A-11D0-8D11-00A0C91BC942}") = "record", "record.vcxproj", "{53DA076F-0103-4F67-8D53-BC15781F1C0F}"
EndProject
Project("{8BC9CEB8-8B4A-11D0-8D11-00A0C91BC942}") = "record_enumeration", "record_enumeration.vcxproj", "{01C4DB1F-3987-48B2-B611-E82937832CAC}"
EndProject
Project("{8BC9CEB8-8B4A-11D0-8D11-00A0C91BC942}") = "user_created_sound", "user_created_sound.vcxproj", "{018CE2D5-3E81-4162-A609-9F04C240C2A8}"
EndProject
Project("{8BC9CEB8-8B4A-11D0-8D11-00A0C91BC942}") = "fmod_codec_raw", "fmod_codec_raw.vcxproj", "{BBD6AEBB-BB03-4831-AED8-8759829BF46C}"
EndProject
Project("{8BC9CEB8-8B4A-11D0-8D11-00A0C91BC942}") = "fmod_distance_filter", "fmod_distance_filter.vcxproj", "{23D1A486-781F-4816-BAE8-76111E389894}"
EndProject
Project("{8BC9CEB8-8B4A-11D0-8D11-00A0C91BC942}") = "fmod_gain", "fmod_gain.vcxproj", "{D7C00EB6-AF01-46C5-9E3B-4F3B99070EB7}"
EndProject
Project("{8BC9CEB8-8B4A-11D0-8D11-00A0C91BC942}") = "fmod_noise", "fmod_noise.vcxproj", "{FF6AB6AF-95B5-4163-8BE4-475B7EBB09D6}"
EndProject
Project("{8BC9CEB8-8B4A-11D0-8D11-00A0C91BC942}") = "output_mp3", "output_mp3.vcxproj", "{105E803D-5469-44F8-9EAC-04EF4DAE8165}"
EndProject
Global
	GlobalSection(SolutionConfigurationPlatforms) = preSolution
		Debug|Win32 = Debug|Win32
		Debug|x64 = Debug|x64
		Release|Win32 = Release|Win32
		Release|x64 = Release|x64
	EndGlobalSection
	GlobalSection(ProjectConfigurationPlatforms) = postSolution
		{060F5AAC-A035-439F-A7C8-696A76DB64FC}.Debug|Win32.ActiveCfg = Debug|Win32
		{060F5AAC-A035-439F-A7C8-696A76DB64FC}.Debug|Win32.Build.0 = Debug|Win32
		{060F5AAC-A035-439F-A7C8-696A76DB64FC}.Debug|Win32.Deploy.0 = Debug|Win32
		{060F5AAC-A035-439F-A7C8-696A76DB64FC}.Debug|x64.ActiveCfg = Debug|x64
		{060F5AAC-A035-439F-A7C8-696A76DB64FC}.Debug|x64.Build.0 = Debug|x64
		{060F5AAC-A035-439F-A7C8-696A76DB64FC}.Debug|x64.Deploy.0 = Debug|x64
		{060F5AAC-A035-439F-A7C8-696A76DB64FC}.Release|Win32.ActiveCfg = Release|Win32
		{060F5AAC-A035-439F-A7C8-696A76DB64FC}.Release|Win32.Build.0 = Release|Win32
		{060F5AAC-A035-439F-A7C8-696A76DB64FC}.Release|Win32.Deploy.0 = Release|Win32
		{060F5AAC-A035-439F-A7C8-696A76DB64FC}.Release|x64.ActiveCfg = Release|x64
		{060F5AAC-A035-439F-A7C8-696A76DB64FC}.Release|x64.Build.0 = Release|x64
		{060F5AAC-A035-439F-A7C8-696A76DB64FC}.Release|x64.Deploy.0 = Release|x64
		{59599135-68D1-4404-A3AC-2ACC083EF036}.Debug|Win32.ActiveCfg = Debug|Win32
		{59599135-68D1-4404-A3AC-2ACC083EF036}.Debug|Win32.Build.0 = Debug|Win32
		{59599135-68D1-4404-A3AC-2ACC083EF036}.Debug|Win32.Deploy.0 = Debug|Win32
		{59599135-68D1-4404-A3AC-2ACC083EF036}.Debug|x64.ActiveCfg = Debug|x64
		{59599135-68D1-4404-A3AC-2ACC083EF036}.Debug|x64.Build.0 = Debug|x64
		{59599135-68D1-4404-A3AC-2ACC083EF036}.Debug|x64.Deploy.0 = Debug|x64
		{59599135-68D1-4404-A3AC-2ACC083EF036}.Release|Win32.ActiveCfg = Release|Win32
		{59599135-68D1-4404-A3AC-2ACC083EF036}.Release|Win32.Build.0 = Release|Win32
		{59599135-68D1-4404-A3AC-2ACC083EF036}.Release|Win32.Deploy.0 = Release|Win32
		{59599135-68D1-4404-A3AC-2ACC083EF036}.Release|x64.ActiveCfg = Release|x64
		{59599135-68D1-4404-A3AC-2ACC083EF036}.Release|x64.Build.0 = Release|x64
		{59599135-68D1-4404-A3AC-2ACC083EF036}.Release|x64.Deploy.0 = Release|x64
		{1290F282-7F02-43B8-A8E3-827CD019A6E2}.Debug|Win32.ActiveCfg = Debug|Win32
		{1290F282-7F02-43B8-A8E3-827CD019A6E2}.Debug|Win32.Build.0 = Debug|Win32
		{1290F282-7F02-43B8-A8E3-827CD019A6E2}.Debug|Win32.Deploy.0 = Debug|Win32
		{1290F282-7F02-43B8-A8E3-827CD019A6E2}.Debug|x64.ActiveCfg = Debug|x64
		{1290F282-7F02-43B8-A8E3-827CD019A6E2}.Debug|x64.Build.0 = Debug|x64
		{1290F282-7F02-43B8-A8E3-827CD019A6E2}.Debug|x64.Deploy.0 = Debug|x64
		{1290F282-7F02-43B8-A8E3-827CD019A6E2}.Release|Win32.ActiveCfg = Release|Win32
		{1290F282-7F02-43B8-A8E3-827CD019A6E2}.Release|Win32.Build.0 = Release|Win32
		{1290F282-7F02-43B8-A8E3-827CD019A6E2}.Release|Win32.Deploy.0 = Release|Win32
		{1290F282-7F02-43B8-A8E3-827CD019A6E2}.Release|x64.ActiveCfg = Release|x64
		{1290F282-7F02-43B8-A8E3-827CD019A6E2}.Release|x64.Build.0 = Release|x64
		{1290F282-7F02-43B8-A8E3-827CD019A6E2}.Release|x64.Deploy.0 = Release|x64
		{D3143A46-1124-4031-B726-29893E749B0E}.Debug|Win32.ActiveCfg = Debug|Win32
		{D3143A46-1124-4031-B726-29893E749B0E}.Debug|Win32.Build.0 = Debug|Win32
		{D3143A46-1124-4031-B726-29893E749B0E}.Debug|Win32.Deploy.0 = Debug|Win32
		{D3143A46-1124-4031-B726-29893E749B0E}.Debug|x64.ActiveCfg = Debug|x64
		{D3143A46-1124-4031-B726-29893E749B0E}.Debug|x64.Build.0 = Debug|x64
		{D3143A46-1124-4031-B726-29893E749B0E}.Debug|x64.Deploy.0 = Debug|x64
		{D3143A46-1124-4031-B726-29893E749B0E}.Release|Win32.ActiveCfg = Release|Win32
		{D3143A46-1124-4031-B726-29893E749B0E}.Release|Win32.Build.0 = Release|Win32
		{D3143A46-1124-4031-B726-29893E749B0E}.Release|Win32.Deploy.0 = Release|Win32
		{D3143A46-1124-4031-B726-29893E749B0E}.Release|x64.ActiveCfg = Release|x64
		{D3143A46-1124-4031-B726-29893E749B0E}.Release|x64.Build.0 = Release|x64
		{D3143A46-1124-4031-B726-29893E749B0E}.Release|x64.Deploy.0 = Release|x64
		{32608C6B-36AA-479C-A9EC-3C3A998B3CFC}.Debug|Win32.ActiveCfg = Debug|Win32
		{32608C6B-36AA-479C-A9EC-3C3A998B3CFC}.Debug|Win32.Build.0 = Debug|Win32
		{32608C6B-36AA-479C-A9EC-3C3A998B3CFC}.Debug|Win32.Deploy.0 = Debug|Win32
		{32608C6B-36AA-479C-A9EC-3C3A998B3CFC}.Debug|x64.ActiveCfg = Debug|x64
		{32608C6B-36AA-479C-A9EC-3C3A998B3CFC}.Debug|x64.Build.0 = Debug|x64
		{32608C6B-36AA-479C-A9EC-3C3A998B3CFC}.Debug|x64.Deploy.0 = Debug|x64
		{32608C6B-36AA-479C-A9EC-3C3A998B3CFC}.Release|Win32.ActiveCfg = Release|Win32
		{32608C6B-36AA-479C-A9EC-3C3A998B3CFC}.Release|Win32.Build.0 = Release|Win32
		{32608C6B-36AA-479C-A9EC-3C3A998B3CFC}.Release|Win32.Deploy.0 = Release|Win32
		{32608C6B-36AA-479C-A9EC-3C3A998B3CFC}.Release|x64.ActiveCfg = Release|x64
		{32608C6B-36AA-479C-A9EC-3C3A998B3CFC}.Release|x64.Build.0 = Release|x64
		{32608C6B-36AA-479C-A9EC-3C3A998B3CFC}.Release|x64.Deploy.0 = Release|x64
		{898FF534-D079-4221-8963-9F43775A8033}.Debug|Win32.ActiveCfg = Debug|Win32
		{898FF534-D079-4221-8963-9F43775A8033}.Debug|Win32.Build.0 = Debug|Win32
		{898FF534-D079-4221-8963-9F43775A8033}.Debug|Win32.Deploy.0 = Debug|Win32
		{898FF534-D079-4221-8963-9F43775A8033}.Debug|x64.ActiveCfg = Debug|x64
		{898FF534-D079-4221-8963-9F43775A8033}.Debug|x64.Build.0 = Debug|x64
		{898FF534-D079-4221-8963-9F43775A8033}.Debug|x64.Deploy.0 = Debug|x64
		{898FF534-D079-4221-8963-9F43775A8033}.Release|Win32.ActiveCfg = Release|Win32
		{898FF534-D079-4221-8963-9F43775A8033}.Release|Win32.Build.0 = Release|Win32
		{898FF534-D079-4221-8963-9F43775A8033}.Release|Win32.Deploy.0 = Release|Win32
		{898FF534-D079-4221-8963-9F43775A8033}.Release|x64.ActiveCfg = Release|x64
		{898FF534-D079-4221-8963-9F43775A8033}.Release|x64.Build.0 = Release|x64
		{898FF534-D079-4221-8963-9F43775A8033}.Release|x64.Deploy.0 = Release|x64
		{C561E7D7-4A94-4BDA-A931-727181E78014}.Debug|Win32.ActiveCfg = Debug|Win32
		{C561E7D7-4A94-4BDA-A931-727181E78014}.Debug|Win32.Build.0 = Debug|Win32
		{C561E7D7-4A94-4BDA-A931-727181E78014}.Debug|Win32.Deploy.0 = Debug|Win32
		{C561E7D7-4A94-4BDA-A931-727181E78014}.Debug|x64.ActiveCfg = Debug|x64
		{C561E7D7-4A94-4BDA-A931-727181E78014}.Debug|x64.Build.0 = Debug|x64
		{C561E7D7-4A94-4BDA-A931-727181E78014}.Debug|x64.Deploy.0 = Debug|x64
		{C561E7D7-4A94-4BDA-A931-727181E78014}.Release|Win32.ActiveCfg = Release|Win32
		{C561E7D7-4A94-4BDA-A931-727181E78014}.Release|Win32.Build.0 = Release|Win32
		{C561E7D7-4A94-4BDA-A931-727181E78014}.Release|Win32.Deploy.0 = Release|Win32
		{C561E7D7-4A94-4BDA-A931-727181E78014}.Release|x64.ActiveCfg = Release|x64
		{C561E7D7-4A94-4BDA-A931-727181E78014}.Release|x64.Build.0 = Release|x64
		{C561E7D7-4A94-4BDA-A931-727181E78014}.Release|x64.Deploy.0 = Release|x64
		{DBA0C74D-800D-4BA5-A210-5911B35E855F}.Debug|Win32.ActiveCfg = Debug|Win32
		{DBA0C74D-800D-4BA5-A210-5911B35E855F}.Debug|Win32.Build.0 = Debug|Win32
		{DBA0C74D-800D-4BA5-A210-5911B35E855F}.Debug|Win32.Deploy.0 = Debug|Win32
		{DBA0C74D-800D-4BA5-A210-5911B35E855F}.Debug|x64.ActiveCfg = Debug|x64
		{DBA0C74D-800D-4BA5-A210-5911B35E855F}.Debug|x64.Build.0 = Debug|x64
		{DBA0C74D-800D-4BA5-A210-5911B35E855F}.Debug|x64.Deploy.0 = Debug|x64
		{DBA0C74D-800D-4BA5-A210-5911B35E855F}.Release|Win32.ActiveCfg = Release|Win32
		{DBA0C74D-800D-4BA5-A210-5911B35E855F}.Release|Win32.Build.0 = Release|Win32
		{DBA0C74D-800D-4BA5-A210-5911B35E855F}.Release|Win32.Deploy.0 = Release|Win32
		{DBA0C74D-800D-4BA5-A210-5911B35E855F}.Release|x64.ActiveCfg = Release|x64
		{DBA0C74D-800D-4BA5-A210-5911B35E855F}.Release|x64.Build.0 = Release|x64
		{DBA0C74D-800D-4BA5-A210-5911B35E855F}.Release|x64.Deploy.0 = Release|x64
		{ECFC43B7-5656-4C7A-8E01-805DAEC970E3}.Debug|Win32.ActiveCfg = Debug|Win32
		{ECFC43B7-5656-4C7A-8E01-805DAEC970E3}.Debug|Win32.Build.0 = Debug|Win32
		{ECFC43B7-5656-4C7A-8E01-805DAEC970E3}.Debug|Win32.Deploy.0 = Debug|Win32
		{ECFC43B7-5656-4C7A-8E01-805DAEC970E3}.Debug|x64.ActiveCfg = Debug|x64
		{ECFC43B7-5656-4C7A-8E01-805DAEC970E3}.Debug|x64.Build.0 = Debug|x64
		{ECFC43B7-5656-4C7A-8E01-805DAEC970E3}.Debug|x64.Deploy.0 = Debug|x64
		{ECFC43B7-5656-4C7A-8E01-805DAEC970E3}.Release|Win32.ActiveCfg = Release|Win32
		{ECFC43B7-5656-4C7A-8E01-805DAEC970E3}.Release|Win32.Build.0 = Release|Win32
		{ECFC43B7-5656-4C7A-8E01-805DAEC970E3}.Release|Win32.Deploy.0 = Release|Win32
		{ECFC43B7-5656-4C7A-8E01-805DAEC970E3}.Release|x64.ActiveCfg = Release|x64
		{ECFC43B7-5656-4C7A-8E01-805DAEC970E3}.Release|x64.Build.0 = Release|x64
		{ECFC43B7-5656-4C7A-8E01-805DAEC970E3}.Release|x64.Deploy.0 = Release|x64
		{5DCD1126-A731-4ACD-8F76-58E8F78C8275}.Debug|Win32.ActiveCfg = Debug|Win32
		{5DCD1126-A731-4ACD-8F76-58E8F78C8275}.Debug|Win32.Build.0 = Debug|Win32
		{5DCD1126-A731-4ACD-8F76-58E8F78C8275}.Debug|Win32.Deploy.0 = Debug|Win32
		{5DCD1126-A731-4ACD-8F76-58E8F78C8275}.Debug|x64.ActiveCfg = Debug|x64
		{5DCD1126-A731-4ACD-8F76-58E8F78C8275}.Debug|x64.Build.0 = Debug|x64
		{5DCD1126-A731-4ACD-8F76-58E8F78C8275}.Debug|x64.Deploy.0 = Debug|x64
		{5DCD1126-A731-4ACD-8F76-58E8F78C8275}.Release|Win32.ActiveCfg = Release|Win32
		{5DCD1126-A731-4ACD-8F76-58E8F78C8275}.Release|Win32.Build.0 = Release|Win32
		{5DCD1126-A731-4ACD-8F76-58E8F78C8275}.Release|Win32.Deploy.0 = Release|Win32
		{5DCD1126-A731-4ACD-8F76-58E8F78C8275}.Release|x64.ActiveCfg = Release|x64
		{5DCD1126-A731-4ACD-8F76-58E8F78C8275}.Release|x64.Build.0 = Release|x64
		{5DCD1126-A731-4ACD-8F76-58E8F78C8275}.Release|x64.Deploy.0 = Release|x64
		{623F834A-76A9-4DBE-93E3-026CFE564F69}.Debug|Win32.ActiveCfg = Debug|Win32
		{623F834A-76A9-4DBE-93E3-026CFE564F69}.Debug|Win32.Build.0 = Debug|Win32
		{623F834A-76A9-4DBE-93E3-026CFE564F69}.Debug|Win32.Deploy.0 = Debug|Win32
		{623F834A-76A9-4DBE-93E3-026CFE564F69}.Debug|x64.ActiveCfg = Debug|x64
		{623F834A-76A9-4DBE-93E3-026CFE564F69}.Debug|x64.Build.0 = Debug|x64
		{623F834A-76A9-4DBE-93E3-026CFE564F69}.Debug|x64.Deploy.0 = Debug|x64
		{623F834A-76A9-4DBE-93E3-026CFE564F69}.Release|Win32.ActiveCfg = Release|Win32
		{623F834A-76A9-4DBE-93E3-026CFE564F69}.Release|Win32.Build.0 = Release|Win32
		{623F834A-76A9-4DBE-93E3-026CFE564F69}.Release|Win32.Deploy.0 = Release|Win32
		{623F834A-76A9-4DBE-93E3-026CFE564F69}.Release|x64.ActiveCfg = Release|x64
		{623F834A-76A9-4DBE-93E3-026CFE564F69}.Release|x64.Build.0 = Release|x64
		{623F834A-76A9-4DBE-93E3-026CFE564F69}.Release|x64.Deploy.0 = Release|x64
		{EBC4FE29-63AC-4315-913C-ED3EC61A19F1}.Debug|Win32.ActiveCfg = Debug|Win32
		{EBC4FE29-63AC-4315-913C-ED3EC61A19F1}.Debug|Win32.Build.0 = Debug|Win32
		{EBC4FE29-63AC-4315-913C-ED3EC61A19F1}.Debug|Win32.Deploy.0 = Debug|Win32
		{EBC4FE29-63AC-4315-913C-ED3EC61A19F1}.Debug|x64.ActiveCfg = Debug|x64
		{EBC4FE29-63AC-4315-913C-ED3EC61A19F1}.Debug|x64.Build.0 = Debug|x64
		{EBC4FE29-63AC-4315-913C-ED3EC61A19F1}.Debug|x64.Deploy.0 = Debug|x64
		{EBC4FE29-63AC-4315-913C-ED3EC61A19F1}.Release|Win32.ActiveCfg = Release|Win32
		{EBC4FE29-63AC-4315-913C-ED3EC61A19F1}.Release|Win32.Build.0 = Release|Win32
		{EBC4FE29-63AC-4315-913C-ED3EC61A19F1}.Release|Win32.Deploy.0 = Release|Win32
		{EBC4FE29-63AC-4315-913C-ED3EC61A19F1}.Release|x64.ActiveCfg = Release|x64
		{EBC4FE29-63AC-4315-913C-ED3EC61A19F1}.Release|x64.Build.0 = Release|x64
		{EBC4FE29-63AC-4315-913C-ED3EC61A19F1}.Release|x64.Deploy.0 = Release|x64
		{36C8E644-5274-4FB7-8A01-4E51BF8AA608}.Debug|Win32.ActiveCfg = Debug|Win32
		{36C8E644-5274-4FB7-8A01-4E51BF8AA608}.Debug|Win32.Build.0 = Debug|Win32
		{36C8E644-5274-4FB7-8A01-4E51BF8AA608}.Debug|Win32.Deploy.0 = Debug|Win32
		{36C8E644-5274-4FB7-8A01-4E51BF8AA608}.Debug|x64.ActiveCfg = Debug|x64
		{36C8E644-5274-4FB7-8A01-4E51BF8AA608}.Debug|x64.Build.0 = Debug|x64
		{36C8E644-5274-4FB7-8A01-4E51BF8AA608}.Debug|x64.Deploy.0 = Debug|x64
		{36C8E644-5274-4FB7-8A01-4E51BF8AA608}.Release|Win32.ActiveCfg = Release|Win32
		{36C8E644-5274-4FB7-8A01-4E51BF8AA608}.Release|Win32.Build.0 = Release|Win32
		{36C8E644-5274-4FB7-8A01-4E51BF8AA608}.Release|Win32.Deploy.0 = Release|Win32
		{36C8E644-5274-4FB7-8A01-4E51BF8AA608}.Release|x64.ActiveCfg = Release|x64
		{36C8E644-5274-4FB7-8A01-4E51BF8AA608}.Release|x64.Build.0 = Release|x64
		{36C8E644-5274-4FB7-8A01-4E51BF8AA608}.Release|x64.Deploy.0 = Release|x64
		{5F3881A2-B577-41C1-BC2E-E6F5532A52C6}.Debug|Win32.ActiveCfg = Debug|Win32
		{5F3881A2-B577-41C1-BC2E-E6F5532A52C6}.Debug|Win32.Build.0 = Debug|Win32
		{5F3881A2-B577-41C1-BC2E-E6F5532A52C6}.Debug|Win32.Deploy.0 = Debug|Win32
		{5F3881A2-B577-41C1-BC2E-E6F5532A52C6}.Debug|x64.ActiveCfg = Debug|x64
		{5F3881A2-B577-41C1-BC2E-E6F5532A52C6}.Debug|x64.Build.0 = Debug|x64
		{5F3881A2-B577-41C1-BC2E-E6F5532A52C6}.Debug|x64.Deploy.0 = Debug|x64
		{5F3881A2-B577-41C1-BC2E-E6F5532A52C6}.Release|Win32.ActiveCfg = Release|Win32
		{5F3881A2-B577-41C1-BC2E-E6F5532A52C6}.Release|Win32.Build.0 = Release|Win32
		{5F3881A2-B577-41C1-BC2E-E6F5532A52C6}.Release|Win32.Deploy.0 = Release|Win32
		{5F3881A2-B577-41C1-BC2E-E6F5532A52C6}.Release|x64.ActiveCfg = Release|x64
		{5F3881A2-B577-41C1-BC2E-E6F5532A52C6}.Release|x64.Build.0 = Release|x64
		{5F3881A2-B577-41C1-BC2E-E6F5532A52C6}.Release|x64.Deploy.0 = Release|x64
		{EC9FA1E8-0B21-46FB-B8CF-B03E054490AE}.Debug|Win32.ActiveCfg = Debug|Win32
		{EC9FA1E8-0B21-46FB-B8CF-B03E054490AE}.Debug|Win32.Build.0 = Debug|Win32
		{EC9FA1E8-0B21-46FB-B8CF-B03E054490AE}.Debug|Win32.Deploy.0 = Debug|Win32
		{EC9FA1E8-0B21-46FB-B8CF-B03E054490AE}.Debug|x64.ActiveCfg = Debug|x64
		{EC9FA1E8-0B21-46FB-B8CF-B03E054490AE}.Debug|x64.Build.0 = Debug|x64
		{EC9FA1E8-0B21-46FB-B8CF-B03E054490AE}.Debug|x64.Deploy.0 = Debug|x64
		{EC9FA1E8-0B21-46FB-B8CF-B03E054490AE}.Release|Win32.ActiveCfg = Release|Win32
		{EC9FA1E8-0B21-46FB-B8CF-B03E054490AE}.Release|Win32.Build.0 = Release|Win32
		{EC9FA1E8-0B21-46FB-B8CF-B03E054490AE}.Release|Win32.Deploy.0 = Release|Win32
		{EC9FA1E8-0B21-46FB-B8CF-B03E054490AE}.Release|x64.ActiveCfg = Release|x64
		{EC9FA1E8-0B21-46FB-B8CF-B03E054490AE}.Release|x64.Build.0 = Release|x64
		{EC9FA1E8-0B21-46FB-B8CF-B03E054490AE}.Release|x64.Deploy.0 = Release|x64
		{9C98B064-ABBC-4E16-AA84-297E31E0AD17}.Debug|Win32.ActiveCfg = Debug|Win32
		{9C98B064-ABBC-4E16-AA84-297E31E0AD17}.Debug|Win32.Build.0 = Debug|Win32
		{9C98B064-ABBC-4E16-AA84-297E31E0AD17}.Debug|Win32.Deploy.0 = Debug|Win32
		{9C98B064-ABBC-4E16-AA84-297E31E0AD17}.Debug|x64.ActiveCfg = Debug|x64
		{9C98B064-ABBC-4E16-AA84-297E31E0AD17}.Debug|x64.Build.0 = Debug|x64
		{9C98B064-ABBC-4E16-AA84-297E31E0AD17}.Debug|x64.Deploy.0 = Debug|x64
		{9C98B064-ABBC-4E16-AA84-297E31E0AD17}.Release|Win32.ActiveCfg = Release|Win32
		{9C98B064-ABBC-4E16-AA84-297E31E0AD17}.Release|Win32.Build.0 = Release|Win32
		{9C98B064-ABBC-4E16-AA84-297E31E0AD17}.Release|Win32.Deploy.0 = Release|Win32
		{9C98B064-ABBC-4E16-AA84-297E31E0AD17}.Release|x64.ActiveCfg = Release|x64
		{9C98B064-ABBC-4E16-AA84-297E31E0AD17}.Release|x64.Build.0 = Release|x64
		{9C98B064-ABBC-4E16-AA84-297E31E0AD17}.Release|x64.Deploy.0 = Release|x64
		{8A87A387-7AA9-4EE7-8164-FFD2E8115A82}.Debug|Win32.ActiveCfg = Debug|Win32
		{8A87A387-7AA9-4EE7-8164-FFD2E8115A82}.Debug|Win32.Build.0 = Debug|Win32
		{8A87A387-7AA9-4EE7-8164-FFD2E8115A82}.Debug|Win32.Deploy.0 = Debug|Win32
		{8A87A387-7AA9-4EE7-8164-FFD2E8115A82}.Debug|x64.ActiveCfg = Debug|x64
		{8A87A387-7AA9-4EE7-8164-FFD2E8115A82}.Debug|x64.Build.0 = Debug|x64
		{8A87A387-7AA9-4EE7-8164-FFD2E8115A82}.Debug|x64.Deploy.0 = Debug|x64
		{8A87A387-7AA9-4EE7-8164-FFD2E8115A82}.Release|Win32.ActiveCfg = Release|Win32
		{8A87A387-7AA9-4EE7-8164-FFD2E8115A82}.Release|Win32.Build.0 = Release|Win32
		{8A87A387-7AA9-4EE7-8164-FFD2E8115A82}.Release|Win32.Deploy.0 = Release|Win32
		{8A87A387-7AA9-4EE7-8164-FFD2E8115A82}.Release|x64.ActiveCfg = Release|x64
		{8A87A387-7AA9-4EE7-8164-FFD2E8115A82}.Release|x64.Build.0 = Release|x64
		{8A87A387-7AA9-4EE7-8164-FFD2E8115A82}.Release|x64.Deploy.0 = Release|x64
		{53DA076F-0103-4F67-8D53-BC15781F1C0F}.Debug|Win32.ActiveCfg = Debug|Win32
		{53DA076F-0103-4F67-8D53-BC15781F1C0F}.Debug|Win32.Build.0 = Debug|Win32
		{53DA076F-0103-4F67-8D53-BC15781F1C0F}.Debug|Win32.Deploy.0 = Debug|Win32
		{53DA076F-0103-4F67-8D53-BC15781F1C0F}.Debug|x64.ActiveCfg = Debug|x64
		{53DA076F-0103-4F67-8D53-BC15781F1C0F}.Debug|x64.Build.0 = Debug|x64
		{53DA076F-0103-4F67-8D53-BC15781F1C0F}.Debug|x64.Deploy.0 = Debug|x64
		{53DA076F-0103-4F67-8D53-BC15781F1C0F}.Release|Win32.ActiveCfg = Release|Win32
		{53DA076F-0103-4F67-8D53-BC15781F1C0F}.Release|Win32.Build.0 = Release|Win32
		{53DA076F-0103-4F67-8D53-BC15781F1C0F}.Release|Win32.Deploy.0 = Release|Win32
		{53DA076F-0103-4F67-8D53-BC15781F1C0F}.Release|x64.ActiveCfg = Release|x64
		{53DA076F-0103-4F67-8D53-BC15781F1C0F}.Release|x64.Build.0 = Release|x64
		{53DA076F-0103-4F67-8D53-BC15781F1C0F}.Release|x64.Deploy.0 = Release|x64
		{01C4DB1F-3987-48B2-B611-E82937832CAC}.Debug|Win32.ActiveCfg = Debug|Win32
		{01C4DB1F-3987-48B2-B611-E82937832CAC}.Debug|Win32.Build.0 = Debug|Win32
		{01C4DB1F-3987-48B2-B611-E82937832CAC}.Debug|Win32.Deploy.0 = Debug|Win32
		{01C4DB1F-3987-48B2-B611-E82937832CAC}.Debug|x64.ActiveCfg = Debug|x64
		{01C4DB1F-3987-48B2-B611-E82937832CAC}.Debug|x64.Build.0 = Debug|x64
		{01C4DB1F-3987-48B2-B611-E82937832CAC}.Debug|x64.Deploy.0 = Debug|x64
		{01C4DB1F-3987-48B2-B611-E82937832CAC}.Release|Win32.ActiveCfg = Release|Win32
		{01C4DB1F-3987-48B2-B611-E82937832CAC}.Release|Win32.Build.0 = Release|Win32
		{01C4DB1F-3987-48B2-B611-E82937832CAC}.Release|Win32.Deploy.0 = Release|Win32
		{01C4DB1F-3987-48B2-B611-E82937832CAC}.Release|x64.ActiveCfg = Release|x64
		{01C4DB1F-3987-48B2-B611-E82937832CAC}.Release|x64.Build.0 = Release|x64
		{01C4DB1F-3987-48B2-B611-E82937832CAC}.Release|x64.Deploy.0 = Release|x64
		{018CE2D5-3E81-4162-A609-9F04C240C2A8}.Debug|Win32.ActiveCfg = Debug|Win32
		{018CE2D5-3E81-4162-A609-9F04C240C2A8}.Debug|Win32.Build.0 = Debug|Win32
		{018CE2D5-3E81-4162-A609-9F04C240C2A8}.Debug|Win32.Deploy.0 = Debug|Win32
		{018CE2D5-3E81-4162-A609-9F04C240C2A8}.Debug|x64.ActiveCfg = Debug|x64
		{018CE2D5-3E81-4162-A609-9F04C240C2A8}.Debug|x64.Build.0 = Debug|x64
		{018CE2D5-3E81-4162-A609-9F04C240C2A8}.Debug|x64.Deploy.0 = Debug|x64
		{018CE2D5-3E81-4162-A609-9F04C240C2A8}.Release|Win32.ActiveCfg = Release|Win32
		{018CE2D5-3E81-4162-A609-9F04C240C2A8}.Release|Win32.Build.0 = Release|Win32
		{018CE2D5-3E81-4162-A609-9F04C240C2A8}.Release|Win32.Deploy.0 = Release|Win32
		{018CE2D5-3E81-4162-A609-9F04C240C2A8}.Release|x64.ActiveCfg = Release|x64
		{018CE2D5-3E81-4162-A609-9F04C240C2A8}.Release|x64.Build.0 = Release|x64
		{018CE2D5-3E81-4162-A609-9F04C240C2A8}.Release|x64.Deploy.0 = Release|x64
		{BBD6AEBB-BB03-4831-AED8-8759829BF46C}.Debug|Win32.ActiveCfg = Debug|Win32
		{BBD6AEBB-BB03-4831-AED8-8759829BF46C}.Debug|Win32.Build.0 = Debug|Win32
		{BBD6AEBB-BB03-4831-AED8-8759829BF46C}.Debug|Win32.Deploy.0 = Debug|Win32
		{BBD6AEBB-BB03-4831-AED8-8759829BF46C}.Debug|x64.ActiveCfg = Debug|x64
		{BBD6AEBB-BB03-4831-AED8-8759829BF46C}.Debug|x64.Build.0 = Debug|x64
		{BBD6AEBB-BB03-4831-AED8-8759829BF46C}.Debug|x64.Deploy.0 = Debug|x64
		{BBD6AEBB-BB03-4831-AED8-8759829BF46C}.Release|Win32.ActiveCfg = Release|Win32
		{BBD6AEBB-BB03-4831-AED8-8759829BF46C}.Release|Win32.Build.0 = Release|Win32
		{BBD6AEBB-BB03-4831-AED8-8759829BF46C}.Release|Win32.Deploy.0 = Release|Win32
		{BBD6AEBB-BB03-4831-AED8-8759829BF46C}.Release|x64.ActiveCfg = Release|x64
		{BBD6AEBB-BB03-4831-AED8-8759829BF46C}.Release|x64.Build.0 = Release|x64
		{BBD6AEBB-BB03-4831-AED8-8759829BF46C}.Release|x64.Deploy.0 = Release|x64
		{23D1A486-781F-4816-BAE8-76111E389894}.Debug|Win32.ActiveCfg = Debug|Win32
		{23D1A486-781F-4816-BAE8-76111E389894}.Debug|Win32.Build.0 = Debug|Win32
		{23D1A486-781F-4816-BAE8-76111E389894}.Debug|Win32.Deploy.0 = Debug|Win32
		{23D1A486-781F-4816-BAE8-76111E389894}.Debug|x64.ActiveCfg = Debug|x64
		{23D1A486-781F-4816-BAE8-76111E389894}.Debug|x64.Build.0 = Debug|x64
		{23D1A486-781F-4816-BAE8-76111E389894}.Debug|x64.Deploy.0 = Debug|x64
		{23D1A486-781F-4816-BAE8-76111E389894}.Release|Win32.ActiveCfg = Release|Win32
		{23D1A486-781F-4816-BAE8-76111E389894}.Release|Win32.Build.0 = Release|Win32
		{23D1A486-781F-4816-BAE8-76111E389894}.Release|Win32.Deploy.0 = Release|Win32
		{23D1A486-781F-4816-BAE8-76111E389894}.Release|x64.ActiveCfg = Release|x64
		{23D1A486-781F-4816-BAE8-76111E389894}.Release|x64.Build.0 = Release|x64
		{23D1A486-781F-4816-BAE8-76111E389894}.Release|x64.Deploy.0 = Release|x64
		{D7C00EB6-AF01-46C5-9E3B-4F3B99070EB7}.Debug|Win32.ActiveCfg = Debug|Win32
		{D7C00EB6-AF01-46C5-9E3B-4F3B99070EB7}.Debug|Win32.Build.0 = Debug|Win32
		{D7C00EB6-AF01-46C5-9E3B-4F3B99070EB7}.Debug|Win32.Deploy.0 = Debug|Win32
		{D7C00EB6-AF01-46C5-9E3B-4F3B99070EB7}.Debug|x64.ActiveCfg = Debug|x64
		{D7C00EB6-AF01-46C5-9E3B-4F3B99070EB7}.Debug|x64.Build.0 = Debug|x64
		{D7C00EB6-AF01-46C5-9E3B-4F3B99070EB7}.Debug|x64.Deploy.0 = Debug|x64
		{D7C00EB6-AF01-46C5-9E3B-4F3B99070EB7}.Release|Win32.ActiveCfg = Release|Win32
		{D7C00EB6-AF01-46C5-9E3B-4F3B99070EB7}.Release|Win32.Build.0 = Release|Win32
		{D7C00EB6-AF01-46C5-9E3B-4F3B99070EB7}.Release|Win32.Deploy.0 = Release|Win32
		{D7C00EB6-AF01-46C5-9E3B-4F3B99070EB7}.Release|x64.ActiveCfg = Release|x64
		{D7C00EB6-AF01-46C5-9E3B-4F3B99070EB7}.Release|x64.Build.0 = Release|x64
		{D7C00EB6-AF01-46C5-9E3B-4F3B99070EB7}.Release|x64.Deploy.0 = Release|x64
		{FF6AB6AF-95B5-4163-8BE4-475B7EBB09D6}.Debug|Win32.ActiveCfg = Debug|Win32
		{FF6AB6AF-95B5-4163-8BE4-475B7EBB09D6}.Debug|Win32.Build.0 = Debug|Win32
		{FF6AB6AF-95B5-4163-8BE4-475B7EBB09D6}.Debug|Win32.Deploy.0 = Debug|Win32
		{FF6AB6AF-95B5-4163-8BE4-475B7EBB09D6}.Debug|x64.ActiveCfg = Debug|x64
		{FF6AB6AF-95B5-4163-8BE4-475B7EBB09D6}.Debug|x64.Build.0 = Debug|x64
		{FF6AB6AF-95B5-4163-8BE4-475B7EBB09D6}.Debug|x64.Deploy.0 = Debug|x64
		{FF6AB6AF-95B5-4163-8BE4-475B7EBB09D6}.Release|Win32.ActiveCfg = Release|Win32
		{FF6AB6AF-95B5-4163-8BE4-475B7EBB09D6}.Release|Win32.Build.0 = Release|Win32
		{FF6AB6AF-95B5-4163-8BE4-475B7EBB09D6}.Release|Win32.Deploy.0 = Release|Win32
		{FF6AB6AF-95B5-4163-8BE4-475B7EBB09D6}.Release|x64.ActiveCfg = Release|x64
		{FF6AB6AF-95B5-4163-8BE4-475B7EBB09D6}.Release|x64.Build.0 = Release|x64
		{FF6AB6AF-95B5-4163-8BE4-475B7EBB09D6}.Release|x64.Deploy.0 = Release|x64
		{105E803D-5469-44F8-9EAC-04EF4DAE8165}.Debug|Win32.ActiveCfg = Debug|Win32
		{105E803D-5469-44F8-9EAC-04EF4DAE8165}.Debug|Win32.Build.0 = Debug|Win32
		{105E803D-5469-44F8-9EAC-04EF4DAE8165}.Debug|Win32.Deploy.0 = Debug|Win32
		{105E803D-5469-44F8-9EAC-04EF4DAE8165}.Debug|x64.ActiveCfg = Debug|x64
		{105E803D-5469-44F8-9EAC-04EF4DAE8165}.Debug|x64.Build.0 = Debug|x64
		{105E803D-5469-44F8-9EAC-04EF4DAE8165}.Debug|x64.Deploy.0 = Debug|x64
		{105E803D-5469-44F8-9EAC-04EF4DAE8165}.Release|Win32.ActiveCfg = Release|Win32
		{105E803D-5469-44F8-9EAC-04EF4DAE8165}.Release|Win32.Build.0 = Release|Win32
		{105E803D-5469-44F8-9EAC-04EF4DAE8165}.Release|Win32.Deploy.0 = Release|Win32
		{105E803D-5469-44F8-9EAC-04EF4DAE8165}.Release|x64.ActiveCfg = Release|x64
		{105E803D-5469-44F8-9EAC-04EF4DAE8165}.Release|x64.Build.0 = Release|x64
		{105E803D-5469-44F8-9EAC-04EF4DAE8165}.Release|x64.Deploy.0 = Release|x64
	EndGlobalSection
	GlobalSection(SolutionProperties) = preSolution
		HideSolutionNode = FALSE
	EndGlobalSection
EndGlobal
