<?xml version="1.0" encoding="utf-8"?>
<Project ToolsVersion="4.0" xmlns="http://schemas.microsoft.com/developer/msbuild/2003">
  <ItemGroup>
    <Filter Include="00.System">
      <UniqueIdentifier>{f9bff435-5b31-455a-b8a4-27fe71593b23}</UniqueIdentifier>
    </Filter>
    <Filter Include="99.Defines">
      <UniqueIdentifier>{38da16e7-30cb-46cf-bc8c-b251f272195d}</UniqueIdentifier>
    </Filter>
    <Filter Include="00.System\Timer">
      <UniqueIdentifier>{9be2597d-5d34-461b-9c28-e15b1a4bd8ab}</UniqueIdentifier>
    </Filter>
    <Filter Include="00.System\Timer\Manager">
      <UniqueIdentifier>{e12eb478-27b9-4dbf-86e8-f426ab7ffea5}</UniqueIdentifier>
    </Filter>
    <Filter Include="00.System\Input_Device">
      <UniqueIdentifier>{307e181d-30cf-4999-9721-e3061bcd07ee}</UniqueIdentifier>
    </Filter>
    <Filter Include="01.Utiliry">
      <UniqueIdentifier>{c63667cf-5e68-4ef0-9f34-c35e372ce2ec}</UniqueIdentifier>
    </Filter>
    <Filter Include="01.Utiliry\00.GameInstance">
      <UniqueIdentifier>{2f89a798-3758-4beb-a326-68d0cf09668b}</UniqueIdentifier>
    </Filter>
    <Filter Include="01.Utiliry\01.Level">
      <UniqueIdentifier>{d930fe60-094f-48de-9ff7-50132ee80ecd}</UniqueIdentifier>
    </Filter>
    <Filter Include="01.Utiliry\01.Level\Manager">
      <UniqueIdentifier>{18aa9fc9-dab8-405f-8641-3fea3d47d18c}</UniqueIdentifier>
    </Filter>
    <Filter Include="01.Utiliry\02.GameObject">
      <UniqueIdentifier>{835bd19f-d968-48d8-a9c6-5e041674b77c}</UniqueIdentifier>
    </Filter>
    <Filter Include="01.Utiliry\02.GameObject\Manager">
      <UniqueIdentifier>{e287ca6f-f2d1-4940-9fc6-f74c97186fd3}</UniqueIdentifier>
    </Filter>
    <Filter Include="01.Utiliry\02.GameObject\Manager\Layer">
      <UniqueIdentifier>{d70f219d-d33d-41db-9099-0a9863b8fdef}</UniqueIdentifier>
    </Filter>
    <Filter Include="01.Utiliry\02.GameObject\Manager\Layer\Object_Component_Manger">
      <UniqueIdentifier>{e83c1419-7d3d-4ce3-a2c0-222f85b9bc33}</UniqueIdentifier>
    </Filter>
    <Filter Include="01.Utiliry\02.GameObject\GameObject">
      <UniqueIdentifier>{3e37c3a3-7529-4a60-8b22-8f031307cafe}</UniqueIdentifier>
    </Filter>
    <Filter Include="01.Utiliry\02.GameObject\Camera">
      <UniqueIdentifier>{e9fa838b-1e65-45d7-8fac-e40ab2b65ad9}</UniqueIdentifier>
    </Filter>
    <Filter Include="01.Utiliry\04.AllSingleTon">
      <UniqueIdentifier>{e74092b4-b8f7-4618-9240-1b8c127baa31}</UniqueIdentifier>
    </Filter>
    <Filter Include="01.Utiliry\04.AllSingleTon\00.PipeLine">
      <UniqueIdentifier>{e5283a93-5a0c-4419-9133-db90643fd3a8}</UniqueIdentifier>
    </Filter>
    <Filter Include="01.Utiliry\04.AllSingleTon\01.Key_Manager">
      <UniqueIdentifier>{ce72ebcb-e21f-42ea-8556-c120bfdf09f2}</UniqueIdentifier>
    </Filter>
    <Filter Include="01.Utiliry\04.AllSingleTon\02.Light">
      <UniqueIdentifier>{938271dd-3924-4379-8dc4-9015ff2215dc}</UniqueIdentifier>
    </Filter>
    <Filter Include="01.Utiliry\04.AllSingleTon\02.Light\Manager">
      <UniqueIdentifier>{bfb912b7-b8ca-4d5e-9d15-b93375b05653}</UniqueIdentifier>
    </Filter>
    <Filter Include="01.Utiliry\04.AllSingleTon\03.Picking">
      <UniqueIdentifier>{ad0088b3-ddb8-430e-acfe-cbe3627bd109}</UniqueIdentifier>
    </Filter>
    <Filter Include="01.Utiliry\04.AllSingleTon\04.Load">
      <UniqueIdentifier>{2eb9ea3f-6e90-4a1f-9f36-498f8d5d767c}</UniqueIdentifier>
    </Filter>
    <Filter Include="01.Utiliry\04.AllSingleTon\05.AnimationControl">
      <UniqueIdentifier>{74f346dc-8dc0-4035-b4c9-4b9446957300}</UniqueIdentifier>
    </Filter>
    <Filter Include="01.Utiliry\04.AllSingleTon\05.AnimationControl\State">
      <UniqueIdentifier>{9009afd3-704a-4c16-8d17-0c7fa2059f9c}</UniqueIdentifier>
    </Filter>
    <Filter Include="01.Utiliry\04.AllSingleTon\05.AnimationControl\State\IdleState">
      <UniqueIdentifier>{91d37668-9b70-4150-ae34-ebd2b9f5936d}</UniqueIdentifier>
    </Filter>
    <Filter Include="01.Utiliry\04.AllSingleTon\05.AnimationControl\State\DoubleJumpState">
      <UniqueIdentifier>{60f8d374-5c1c-47e1-b623-c0e4d02df0d0}</UniqueIdentifier>
    </Filter>
    <Filter Include="01.Utiliry\04.AllSingleTon\05.AnimationControl\State\JumpState">
      <UniqueIdentifier>{b94e0760-817b-4a6b-b31f-247bf535933a}</UniqueIdentifier>
    </Filter>
    <Filter Include="01.Utiliry\04.AllSingleTon\05.AnimationControl\State\WalkState">
      <UniqueIdentifier>{a424ed38-c9a6-4a9f-a717-e95dc93fe6bb}</UniqueIdentifier>
    </Filter>
    <Filter Include="01.Utiliry\04.AllSingleTon\05.AnimationControl\State\RopeState">
      <UniqueIdentifier>{51e5a796-efab-454b-92b5-4b79b74dc1da}</UniqueIdentifier>
    </Filter>
    <Filter Include="01.Utiliry\99.SuperClass">
      <UniqueIdentifier>{e5ec6276-bc14-4870-b225-35d80cdb447e}</UniqueIdentifier>
    </Filter>
    <Filter Include="01.Utiliry\03.Componenets">
      <UniqueIdentifier>{e8dbb76e-8de6-45ef-bb25-c6307b8acecd}</UniqueIdentifier>
    </Filter>
    <Filter Include="01.Utiliry\03.Componenets\01.VIBuffer">
      <UniqueIdentifier>{31144f7e-d282-45e6-af37-e8aa4b93fe9d}</UniqueIdentifier>
    </Filter>
    <Filter Include="01.Utiliry\03.Componenets\01.VIBuffer\Rect">
      <UniqueIdentifier>{62fdf3df-c521-4ecb-b6fe-2a78cd8fa3c4}</UniqueIdentifier>
    </Filter>
    <Filter Include="01.Utiliry\03.Componenets\01.VIBuffer\Rect\ShaderFile">
      <UniqueIdentifier>{814c26b7-d4c7-46c1-a46c-44808b4d3747}</UniqueIdentifier>
    </Filter>
    <Filter Include="01.Utiliry\03.Componenets\01.VIBuffer\Terrain">
      <UniqueIdentifier>{02328cda-1a68-4144-a536-1bed38e4815d}</UniqueIdentifier>
    </Filter>
    <Filter Include="01.Utiliry\03.Componenets\01.VIBuffer\Terrain\ShaderFile">
      <UniqueIdentifier>{71ba91d1-6609-4108-a9e5-329f04487ef3}</UniqueIdentifier>
    </Filter>
    <Filter Include="01.Utiliry\03.Componenets\01.VIBuffer\Cube">
      <UniqueIdentifier>{fe60bd5c-f1f4-4272-bc49-bdbdca48583b}</UniqueIdentifier>
    </Filter>
    <Filter Include="01.Utiliry\03.Componenets\01.VIBuffer\Cube\Shader">
      <UniqueIdentifier>{e0429aab-92fd-4d7b-8047-1423737aef19}</UniqueIdentifier>
    </Filter>
    <Filter Include="01.Utiliry\03.Componenets\01.VIBuffer\Navigation">
      <UniqueIdentifier>{596514ad-b0ee-4daa-bbbe-62030bddf3c2}</UniqueIdentifier>
    </Filter>
    <Filter Include="01.Utiliry\03.Componenets\01.VIBuffer\Navigation\Navigation_Client">
      <UniqueIdentifier>{3aee27b7-decc-46e9-a2d0-ad175fa069ae}</UniqueIdentifier>
    </Filter>
    <Filter Include="01.Utiliry\03.Componenets\01.VIBuffer\Navigation\Navigation_Tool">
      <UniqueIdentifier>{86267162-9d2d-4ef4-bb21-cd45d59fb2c2}</UniqueIdentifier>
    </Filter>
    <Filter Include="01.Utiliry\03.Componenets\01.VIBuffer\Navigation\Shader">
      <UniqueIdentifier>{f5762b2b-d280-473a-a297-0dec68c000b6}</UniqueIdentifier>
    </Filter>
    <Filter Include="01.Utiliry\03.Componenets\01.VIBuffer\Sphere">
      <UniqueIdentifier>{e1ed756f-f7a7-4201-bae3-292f7ec1945d}</UniqueIdentifier>
    </Filter>
    <Filter Include="01.Utiliry\03.Componenets\01.VIBuffer\Sphere\Shader">
      <UniqueIdentifier>{904c5e34-e831-402f-95bd-b92a66894a22}</UniqueIdentifier>
    </Filter>
    <Filter Include="01.Utiliry\03.Componenets\01.VIBuffer\Instance">
      <UniqueIdentifier>{e35c6800-e744-4c8d-886d-3349f951510c}</UniqueIdentifier>
    </Filter>
    <Filter Include="01.Utiliry\03.Componenets\01.VIBuffer\Instance\RectInst">
      <UniqueIdentifier>{a78c0f63-afe8-4ba6-ba4a-b636e36d565f}</UniqueIdentifier>
    </Filter>
    <Filter Include="01.Utiliry\03.Componenets\01.VIBuffer\Instance\RectInst\Shader">
      <UniqueIdentifier>{bf48f459-cbcb-4f0f-87a9-63b72915c9c2}</UniqueIdentifier>
    </Filter>
    <Filter Include="01.Utiliry\03.Componenets\01.VIBuffer\Instance\PointInst">
      <UniqueIdentifier>{007fc3d3-107b-4539-91d1-a591dd3f647c}</UniqueIdentifier>
    </Filter>
    <Filter Include="01.Utiliry\03.Componenets\01.VIBuffer\Instance\PointInst\Clone">
      <UniqueIdentifier>{e0beaf2e-b4be-4306-88cd-66b7be7286d0}</UniqueIdentifier>
    </Filter>
    <Filter Include="01.Utiliry\03.Componenets\01.VIBuffer\Instance\PointInst\Clone\Shader">
      <UniqueIdentifier>{8b942207-15b3-4cc1-9558-47b7344db6fc}</UniqueIdentifier>
    </Filter>
    <Filter Include="01.Utiliry\03.Componenets\01.VIBuffer\Instance\PointInst\Main">
      <UniqueIdentifier>{2de9db84-11f4-4ef3-992b-05a1e97a2383}</UniqueIdentifier>
    </Filter>
    <Filter Include="01.Utiliry\03.Componenets\01.VIBuffer\Instance\PointInst\Main\Shader">
      <UniqueIdentifier>{0ec9f3b8-be9b-4dbc-b71a-ed3385c2ad25}</UniqueIdentifier>
    </Filter>
    <Filter Include="01.Utiliry\03.Componenets\00.Renderer">
      <UniqueIdentifier>{20db5e60-fde6-4e5f-a773-24b8ed8f9f30}</UniqueIdentifier>
    </Filter>
    <Filter Include="01.Utiliry\03.Componenets\00.Renderer\RendererLayer">
      <UniqueIdentifier>{d7b2e57a-4fb2-46fd-aed6-871989337333}</UniqueIdentifier>
    </Filter>
    <Filter Include="01.Utiliry\03.Componenets\02.Texture">
      <UniqueIdentifier>{48b467c4-daf0-40be-aa2e-011e2ade12a7}</UniqueIdentifier>
    </Filter>
    <Filter Include="01.Utiliry\03.Componenets\99.Manager">
      <UniqueIdentifier>{50a39034-9c1c-4802-9f98-d776acd2163b}</UniqueIdentifier>
    </Filter>
    <Filter Include="01.Utiliry\03.Componenets\03.Transform">
      <UniqueIdentifier>{bf95628a-5607-429d-ba0a-fd165516c50f}</UniqueIdentifier>
    </Filter>
    <Filter Include="01.Utiliry\03.Componenets\04.NaviGationMesh">
      <UniqueIdentifier>{88615a93-037a-4509-85f7-dc0cd6ced9c7}</UniqueIdentifier>
    </Filter>
    <Filter Include="01.Utiliry\03.Componenets\04.NaviGationMesh\Cell">
      <UniqueIdentifier>{1766a8ea-76d1-4a1f-9d8f-14a09dc2847a}</UniqueIdentifier>
    </Filter>
    <Filter Include="01.Utiliry\05.Collision">
      <UniqueIdentifier>{5f2a5825-d784-4e1b-b0e0-3761c11a01c5}</UniqueIdentifier>
    </Filter>
    <Filter Include="01.Utiliry\05.Collision\Colider">
      <UniqueIdentifier>{4bd07d43-7bfe-4863-a02a-6ee03b32beeb}</UniqueIdentifier>
    </Filter>
    <Filter Include="01.Utiliry\05.Collision\Colider\DebugDraw">
      <UniqueIdentifier>{e4759fb8-c6e7-45fd-b56e-31d3dcd04a36}</UniqueIdentifier>
    </Filter>
    <Filter Include="01.Utiliry\05.Collision\VIBuffer_Colider">
      <UniqueIdentifier>{90e4c0bc-bf4e-48fb-a746-da73e2b8d91f}</UniqueIdentifier>
    </Filter>
    <Filter Include="01.Utiliry\05.Collision\VIBuffer_Colider\Cube">
      <UniqueIdentifier>{6dd8bb57-051d-431f-9b99-296362b97432}</UniqueIdentifier>
    </Filter>
    <Filter Include="01.Utiliry\05.Collision\VIBuffer_Colider\Cube\Shader">
      <UniqueIdentifier>{3b20e7f3-9bc4-4d50-9e0f-602e8712a735}</UniqueIdentifier>
    </Filter>
    <Filter Include="01.Utiliry\05.Collision\VIBuffer_Colider\Sphere">
      <UniqueIdentifier>{b1c05cb2-2f0b-4df4-bca6-dfb45f3faa9f}</UniqueIdentifier>
    </Filter>
    <Filter Include="01.Utiliry\05.Collision\VIBuffer_Colider\Sphere\Shader">
      <UniqueIdentifier>{c6984a56-9e83-46f1-ad68-bc07a7bc3b39}</UniqueIdentifier>
    </Filter>
    <Filter Include="01.Utiliry\06.Mesh">
      <UniqueIdentifier>{67b6c5f6-19ce-4695-b15a-b86eb7d791d2}</UniqueIdentifier>
    </Filter>
    <Filter Include="01.Utiliry\06.Mesh\Model">
      <UniqueIdentifier>{80b7f49f-eafa-49c4-8f04-5591ad8f4b0f}</UniqueIdentifier>
    </Filter>
    <Filter Include="01.Utiliry\06.Mesh\Model\Shader">
      <UniqueIdentifier>{5101e894-1aa9-40bd-a12b-aef8e6c32345}</UniqueIdentifier>
    </Filter>
    <Filter Include="01.Utiliry\06.Mesh\MeshContainer">
      <UniqueIdentifier>{3eae58fc-df88-4042-a810-bf692e2255b5}</UniqueIdentifier>
    </Filter>
    <Filter Include="01.Utiliry\06.Mesh\AnimMeshContainer">
      <UniqueIdentifier>{d5a217ae-3c78-4511-b672-ada239c8ea3f}</UniqueIdentifier>
    </Filter>
    <Filter Include="01.Utiliry\06.Mesh\HierachyNode">
      <UniqueIdentifier>{0a43d1b5-46cf-489b-99c3-cd42d791c5a4}</UniqueIdentifier>
    </Filter>
    <Filter Include="01.Utiliry\06.Mesh\Animation">
      <UniqueIdentifier>{07a34269-0745-44fc-a149-613a89ee0645}</UniqueIdentifier>
    </Filter>
    <Filter Include="01.Utiliry\06.Mesh\Animation\AnimBone">
      <UniqueIdentifier>{92780587-c0f5-4d7e-b647-3c1c3f50e997}</UniqueIdentifier>
    </Filter>
    <Filter Include="01.Utiliry\07.RenderTarget">
      <UniqueIdentifier>{defc628b-77f3-4280-8bd6-fb2ef30fb631}</UniqueIdentifier>
    </Filter>
    <Filter Include="01.Utiliry\07.RenderTarget\Manager">
      <UniqueIdentifier>{d3a779ab-909e-449d-8643-88d85d1daeb8}</UniqueIdentifier>
    </Filter>
    <Filter Include="00.System\Graphic_Device">
      <UniqueIdentifier>{0131e50e-4b38-40f2-8ad0-23818c4e7e26}</UniqueIdentifier>
    </Filter>
    <Filter Include="99.Defines\Imgui">
      <UniqueIdentifier>{93062f7e-6109-4a4a-bc16-7e13b901ce6a}</UniqueIdentifier>
    </Filter>
    <Filter Include="01.Utiliry\04.AllSingleTon\06.Font">
      <UniqueIdentifier>{217bffe5-5360-4a17-b02e-23ab84905085}</UniqueIdentifier>
    </Filter>
    <Filter Include="01.Utiliry\04.AllSingleTon\06.Font\Manager">
      <UniqueIdentifier>{c5072dc1-d923-49e5-8d04-0152b71d2aed}</UniqueIdentifier>
    </Filter>
    <Filter Include="01.Utiliry\04.AllSingleTon\07.Frustum">
      <UniqueIdentifier>{3869f1e5-ed19-472e-8985-9e2e67d7ef31}</UniqueIdentifier>
    </Filter>
  </ItemGroup>
  <ItemGroup>
    <ClInclude Include="..\public\Engine_Struct.h">
      <Filter>99.Defines</Filter>
    </ClInclude>
    <ClInclude Include="..\public\Engine_Typedef.h">
      <Filter>99.Defines</Filter>
    </ClInclude>
    <ClInclude Include="..\public\Engine_Defines.h">
      <Filter>99.Defines</Filter>
    </ClInclude>
    <ClInclude Include="..\public\Engine_Function.h">
      <Filter>99.Defines</Filter>
    </ClInclude>
    <ClInclude Include="..\public\Engine_Macro.h">
      <Filter>99.Defines</Filter>
    </ClInclude>
    <ClInclude Include="..\public\Base.h">
      <Filter>01.Utiliry\99.SuperClass</Filter>
    </ClInclude>
    <ClInclude Include="..\public\Graphic_Device.h">
      <Filter>00.System\Graphic_Device</Filter>
    </ClInclude>
    <ClInclude Include="..\public\Input_Device.h">
      <Filter>00.System\Input_Device</Filter>
    </ClInclude>
    <ClInclude Include="..\public\Timer.h">
      <Filter>00.System\Timer</Filter>
    </ClInclude>
    <ClInclude Include="..\public\Time_Manager.h">
      <Filter>00.System\Timer\Manager</Filter>
    </ClInclude>
    <ClInclude Include="..\public\GameInstance.h">
      <Filter>01.Utiliry\00.GameInstance</Filter>
    </ClInclude>
    <ClInclude Include="..\public\Level.h">
      <Filter>01.Utiliry\01.Level</Filter>
    </ClInclude>
    <ClInclude Include="..\public\Level_Manager.h">
      <Filter>01.Utiliry\01.Level\Manager</Filter>
    </ClInclude>
    <ClInclude Include="..\public\GameObject_Manager.h">
      <Filter>01.Utiliry\02.GameObject\Manager</Filter>
    </ClInclude>
    <ClInclude Include="..\public\Layer.h">
      <Filter>01.Utiliry\02.GameObject\Manager\Layer</Filter>
    </ClInclude>
    <ClInclude Include="..\public\Component.h">
      <Filter>01.Utiliry\03.Componenets</Filter>
    </ClInclude>
    <ClInclude Include="..\public\Component_Manager.h">
      <Filter>01.Utiliry\03.Componenets\99.Manager</Filter>
    </ClInclude>
    <ClInclude Include="..\public\Renderer.h">
      <Filter>01.Utiliry\03.Componenets\00.Renderer</Filter>
    </ClInclude>
    <ClInclude Include="..\public\RendererLayer.h">
      <Filter>01.Utiliry\03.Componenets\00.Renderer\RendererLayer</Filter>
    </ClInclude>
    <ClInclude Include="..\public\VIBuffer.h">
      <Filter>01.Utiliry\03.Componenets\01.VIBuffer</Filter>
    </ClInclude>
    <ClInclude Include="..\public\VIBuffer_Rect.h">
      <Filter>01.Utiliry\03.Componenets\01.VIBuffer\Rect</Filter>
    </ClInclude>
    <ClInclude Include="..\public\VIBuffer_Terrain.h">
      <Filter>01.Utiliry\03.Componenets\01.VIBuffer\Terrain</Filter>
    </ClInclude>
    <ClInclude Include="..\public\GameObject.h">
      <Filter>01.Utiliry\02.GameObject\GameObject</Filter>
    </ClInclude>
    <ClInclude Include="..\public\Transform.h">
      <Filter>01.Utiliry\03.Componenets\03.Transform</Filter>
    </ClInclude>
    <ClInclude Include="..\public\PipeLine.h">
      <Filter>01.Utiliry\04.AllSingleTon\00.PipeLine</Filter>
    </ClInclude>
    <ClInclude Include="..\public\Camera.h">
      <Filter>01.Utiliry\02.GameObject\Camera</Filter>
    </ClInclude>
    <ClInclude Include="..\public\Texture.h">
      <Filter>01.Utiliry\03.Componenets\02.Texture</Filter>
    </ClInclude>
    <ClInclude Include="..\public\VIBuffer_Cube.h">
      <Filter>01.Utiliry\03.Componenets\01.VIBuffer\Cube</Filter>
    </ClInclude>
    <ClInclude Include="..\public\Light.h">
      <Filter>01.Utiliry\04.AllSingleTon\02.Light</Filter>
    </ClInclude>
    <ClInclude Include="..\public\Light_Manager.h">
      <Filter>01.Utiliry\04.AllSingleTon\02.Light\Manager</Filter>
    </ClInclude>
    <ClInclude Include="..\public\Colider.h">
      <Filter>01.Utiliry\05.Collision\Colider</Filter>
    </ClInclude>
    <ClInclude Include="..\public\Model.h">
      <Filter>01.Utiliry\06.Mesh\Model</Filter>
    </ClInclude>
    <ClInclude Include="..\public\MeshContainer.h">
      <Filter>01.Utiliry\06.Mesh\MeshContainer</Filter>
    </ClInclude>
    <ClInclude Include="..\public\Picking.h">
      <Filter>01.Utiliry\04.AllSingleTon\03.Picking</Filter>
    </ClInclude>
    <ClInclude Include="..\public\VIBuffer_Colider.h">
      <Filter>01.Utiliry\05.Collision\VIBuffer_Colider\Cube</Filter>
    </ClInclude>
    <ClInclude Include="..\public\Hierachy_Node.h">
      <Filter>01.Utiliry\06.Mesh\HierachyNode</Filter>
    </ClInclude>
    <ClInclude Include="..\public\AnimMeshContainer.h">
      <Filter>01.Utiliry\06.Mesh\AnimMeshContainer</Filter>
    </ClInclude>
    <ClInclude Include="..\public\AnimBone.h">
      <Filter>01.Utiliry\06.Mesh\Animation\AnimBone</Filter>
    </ClInclude>
    <ClInclude Include="..\public\Load_Manager.h">
      <Filter>01.Utiliry\04.AllSingleTon\04.Load</Filter>
    </ClInclude>
    <ClInclude Include="..\public\Navigation.h">
      <Filter>01.Utiliry\03.Componenets\04.NaviGationMesh</Filter>
    </ClInclude>
    <ClInclude Include="..\public\Cell.h">
      <Filter>01.Utiliry\03.Componenets\04.NaviGationMesh\Cell</Filter>
    </ClInclude>
    <ClInclude Include="..\public\Object_Component_Manager.h">
      <Filter>01.Utiliry\02.GameObject\Manager\Layer\Object_Component_Manger</Filter>
    </ClInclude>
    <ClInclude Include="..\public\VIBuffer_Navigation.h">
      <Filter>01.Utiliry\03.Componenets\01.VIBuffer\Navigation\Navigation_Tool</Filter>
    </ClInclude>
    <ClInclude Include="..\public\VIBuffer_LineStrip.h">
      <Filter>01.Utiliry\03.Componenets\01.VIBuffer\Navigation\Navigation_Client</Filter>
    </ClInclude>
    <ClInclude Include="..\public\Key_Manager.h">
      <Filter>01.Utiliry\04.AllSingleTon\01.Key_Manager</Filter>
    </ClInclude>
    <ClInclude Include="..\public\VIBuffer_Sphere.h">
      <Filter>01.Utiliry\03.Componenets\01.VIBuffer\Sphere</Filter>
    </ClInclude>
    <ClInclude Include="..\public\DebugDraw.h">
      <Filter>01.Utiliry\05.Collision\Colider\DebugDraw</Filter>
    </ClInclude>
    <ClInclude Include="..\public\Animation_Control_Manager.h">
      <Filter>01.Utiliry\04.AllSingleTon\05.AnimationControl</Filter>
    </ClInclude>
    <ClInclude Include="..\public\AnimState.h">
      <Filter>01.Utiliry\04.AllSingleTon\05.AnimationControl\State</Filter>
    </ClInclude>
    <ClInclude Include="..\public\IdleState.h">
      <Filter>01.Utiliry\04.AllSingleTon\05.AnimationControl\State\IdleState</Filter>
    </ClInclude>
    <ClInclude Include="..\public\WalkState.h">
      <Filter>01.Utiliry\04.AllSingleTon\05.AnimationControl\State\WalkState</Filter>
    </ClInclude>
    <ClInclude Include="..\public\MyRenderTarget.h">
      <Filter>01.Utiliry\07.RenderTarget</Filter>
    </ClInclude>
    <ClInclude Include="..\public\RenderTarget_Manager.h">
      <Filter>01.Utiliry\07.RenderTarget\Manager</Filter>
    </ClInclude>
    <ClInclude Include="..\public\Animation.h">
      <Filter>01.Utiliry\06.Mesh\AnimMeshContainer</Filter>
    </ClInclude>
    <ClInclude Include="..\public\VIBuffer_RectInstance.h">
      <Filter>01.Utiliry\03.Componenets\01.VIBuffer\Instance\RectInst</Filter>
    </ClInclude>
    <ClInclude Include="..\public\VIBuffer_Instance.h">
      <Filter>01.Utiliry\03.Componenets\01.VIBuffer\Instance</Filter>
    </ClInclude>
    <ClInclude Include="..\public\VIBuffer_PointInstance.h">
      <Filter>01.Utiliry\03.Componenets\01.VIBuffer\Instance\PointInst\Main</Filter>
    </ClInclude>
    <ClInclude Include="..\public\VIBuffer_PointInstance_Clone.h">
      <Filter>01.Utiliry\03.Componenets\01.VIBuffer\Instance\PointInst\Clone</Filter>
    </ClInclude>
    <ClInclude Include="..\public\CustomFont.h">
      <Filter>01.Utiliry\04.AllSingleTon\06.Font</Filter>
    </ClInclude>
    <ClInclude Include="..\public\Font_Manager.h">
      <Filter>01.Utiliry\04.AllSingleTon\06.Font\Manager</Filter>
    </ClInclude>
    <ClInclude Include="..\public\Frustum.h">
      <Filter>01.Utiliry\04.AllSingleTon\07.Frustum</Filter>
    </ClInclude>
  </ItemGroup>
  <ItemGroup>
    <ClCompile Include="..\private\Base.cpp">
      <Filter>01.Utiliry\99.SuperClass</Filter>
    </ClCompile>
    <ClCompile Include="..\private\Graphic_Device.cpp">
      <Filter>00.System\Graphic_Device</Filter>
    </ClCompile>
    <ClCompile Include="..\private\Input_Device.cpp">
      <Filter>00.System\Input_Device</Filter>
    </ClCompile>
    <ClCompile Include="..\private\Timer.cpp">
      <Filter>00.System\Timer</Filter>
    </ClCompile>
    <ClCompile Include="..\private\Time_Manager.cpp">
      <Filter>00.System\Timer\Manager</Filter>
    </ClCompile>
    <ClCompile Include="..\private\GameInstance.cpp">
      <Filter>01.Utiliry\00.GameInstance</Filter>
    </ClCompile>
    <ClCompile Include="..\private\Level.cpp">
      <Filter>01.Utiliry\01.Level</Filter>
    </ClCompile>
    <ClCompile Include="..\private\Level_Manager.cpp">
      <Filter>01.Utiliry\01.Level\Manager</Filter>
    </ClCompile>
    <ClCompile Include="..\private\GameObject_Manager.cpp">
      <Filter>01.Utiliry\02.GameObject\Manager</Filter>
    </ClCompile>
    <ClCompile Include="..\private\Layer.cpp">
      <Filter>01.Utiliry\02.GameObject\Manager\Layer</Filter>
    </ClCompile>
    <ClCompile Include="..\private\Component.cpp">
      <Filter>01.Utiliry\03.Componenets</Filter>
    </ClCompile>
    <ClCompile Include="..\private\Component_Manager.cpp">
      <Filter>01.Utiliry\03.Componenets\99.Manager</Filter>
    </ClCompile>
    <ClCompile Include="..\private\Renderer.cpp">
      <Filter>01.Utiliry\03.Componenets\00.Renderer</Filter>
    </ClCompile>
    <ClCompile Include="..\private\RendererLayer.cpp">
      <Filter>01.Utiliry\03.Componenets\00.Renderer\RendererLayer</Filter>
    </ClCompile>
    <ClCompile Include="..\private\VIBuffer.cpp">
      <Filter>01.Utiliry\03.Componenets\01.VIBuffer</Filter>
    </ClCompile>
    <ClCompile Include="..\private\VIBuffer_Rect.cpp">
      <Filter>01.Utiliry\03.Componenets\01.VIBuffer\Rect</Filter>
    </ClCompile>
    <ClCompile Include="..\private\VIBuffer_Terrain.cpp">
      <Filter>01.Utiliry\03.Componenets\01.VIBuffer\Terrain</Filter>
    </ClCompile>
    <ClCompile Include="..\private\GameObject.cpp">
      <Filter>01.Utiliry\02.GameObject\GameObject</Filter>
    </ClCompile>
    <ClCompile Include="..\private\Transform.cpp">
      <Filter>01.Utiliry\03.Componenets\03.Transform</Filter>
    </ClCompile>
    <ClCompile Include="..\private\PipeLine.cpp">
      <Filter>01.Utiliry\04.AllSingleTon\00.PipeLine</Filter>
    </ClCompile>
    <ClCompile Include="..\private\Camera.cpp">
      <Filter>01.Utiliry\02.GameObject\Camera</Filter>
    </ClCompile>
    <ClCompile Include="..\private\Texture.cpp">
      <Filter>01.Utiliry\03.Componenets\02.Texture</Filter>
    </ClCompile>
    <ClCompile Include="..\private\VIBuffer_Cube.cpp">
      <Filter>01.Utiliry\03.Componenets\01.VIBuffer\Cube</Filter>
    </ClCompile>
    <ClCompile Include="..\private\Light.cpp">
      <Filter>01.Utiliry\04.AllSingleTon\02.Light</Filter>
    </ClCompile>
    <ClCompile Include="..\private\Light_Manager.cpp">
      <Filter>01.Utiliry\04.AllSingleTon\02.Light\Manager</Filter>
    </ClCompile>
    <ClCompile Include="..\private\Colider.cpp">
      <Filter>01.Utiliry\05.Collision\Colider</Filter>
    </ClCompile>
    <ClCompile Include="..\private\Model.cpp">
      <Filter>01.Utiliry\06.Mesh\Model</Filter>
    </ClCompile>
    <ClCompile Include="..\private\MeshContainer.cpp">
      <Filter>01.Utiliry\06.Mesh\MeshContainer</Filter>
    </ClCompile>
    <ClCompile Include="..\private\Picking.cpp">
      <Filter>01.Utiliry\04.AllSingleTon\03.Picking</Filter>
    </ClCompile>
    <ClCompile Include="..\private\VIBuffer_Colider.cpp">
      <Filter>01.Utiliry\05.Collision\VIBuffer_Colider\Cube</Filter>
    </ClCompile>
    <ClCompile Include="..\private\Hierachy_Node.cpp">
      <Filter>01.Utiliry\06.Mesh\HierachyNode</Filter>
    </ClCompile>
    <ClCompile Include="..\private\AnimMeshContainer.cpp">
      <Filter>01.Utiliry\06.Mesh\AnimMeshContainer</Filter>
    </ClCompile>
    <ClCompile Include="..\private\Animation.cpp">
      <Filter>01.Utiliry\06.Mesh\Animation</Filter>
    </ClCompile>
    <ClCompile Include="..\private\AnimBone.cpp">
      <Filter>01.Utiliry\06.Mesh\Animation\AnimBone</Filter>
    </ClCompile>
    <ClCompile Include="..\private\Load_Manager.cpp">
      <Filter>01.Utiliry\04.AllSingleTon\04.Load</Filter>
    </ClCompile>
    <ClCompile Include="..\private\Navigation.cpp">
      <Filter>01.Utiliry\03.Componenets\04.NaviGationMesh</Filter>
    </ClCompile>
    <ClCompile Include="..\private\Cell.cpp">
      <Filter>01.Utiliry\03.Componenets\04.NaviGationMesh\Cell</Filter>
    </ClCompile>
    <ClCompile Include="..\private\Object_Component_Manager.cpp">
      <Filter>01.Utiliry\02.GameObject\Manager\Layer\Object_Component_Manger</Filter>
    </ClCompile>
    <ClCompile Include="..\private\VIBuffer_Navigation.cpp">
      <Filter>01.Utiliry\03.Componenets\01.VIBuffer\Navigation\Navigation_Tool</Filter>
    </ClCompile>
    <ClCompile Include="..\private\VIBuffer_LineStrip.cpp">
      <Filter>01.Utiliry\03.Componenets\01.VIBuffer\Navigation\Navigation_Client</Filter>
    </ClCompile>
    <ClCompile Include="..\private\Key_Manager.cpp">
      <Filter>01.Utiliry\04.AllSingleTon\01.Key_Manager</Filter>
    </ClCompile>
    <ClCompile Include="..\private\VIBuffer_Sphere.cpp">
      <Filter>01.Utiliry\03.Componenets\01.VIBuffer\Sphere</Filter>
    </ClCompile>
    <ClCompile Include="..\private\DebugDraw.cpp">
      <Filter>01.Utiliry\05.Collision\Colider\DebugDraw</Filter>
    </ClCompile>
    <ClCompile Include="..\private\Animation_Control_Manager.cpp">
      <Filter>01.Utiliry\04.AllSingleTon\05.AnimationControl</Filter>
    </ClCompile>
    <ClCompile Include="..\private\AnimState.cpp">
      <Filter>01.Utiliry\04.AllSingleTon\05.AnimationControl\State</Filter>
    </ClCompile>
    <ClCompile Include="..\private\IdleState.cpp">
      <Filter>01.Utiliry\04.AllSingleTon\05.AnimationControl\State\IdleState</Filter>
    </ClCompile>
    <ClCompile Include="..\private\WalkState.cpp">
      <Filter>01.Utiliry\04.AllSingleTon\05.AnimationControl\State\WalkState</Filter>
    </ClCompile>
    <ClCompile Include="..\private\MyRenderTarget.cpp">
      <Filter>01.Utiliry\07.RenderTarget</Filter>
    </ClCompile>
    <ClCompile Include="..\private\RenderTarget_Manager.cpp">
      <Filter>01.Utiliry\07.RenderTarget\Manager</Filter>
    </ClCompile>
    <ClCompile Include="..\private\VIBuffer_RectInstance.cpp">
      <Filter>01.Utiliry\03.Componenets\01.VIBuffer\Instance\RectInst</Filter>
    </ClCompile>
    <ClCompile Include="..\private\VIBuffer_Instance.cpp">
      <Filter>01.Utiliry\03.Componenets\01.VIBuffer\Instance</Filter>
    </ClCompile>
    <ClCompile Include="..\private\VIBuffer_PointInstance.cpp">
      <Filter>01.Utiliry\03.Componenets\01.VIBuffer\Instance\PointInst\Main</Filter>
    </ClCompile>
    <ClCompile Include="..\private\VIBuffer_PointInstance_Clone.cpp">
      <Filter>01.Utiliry\03.Componenets\01.VIBuffer\Instance\PointInst\Clone</Filter>
    </ClCompile>
    <ClCompile Include="..\private\CustomFont.cpp">
      <Filter>01.Utiliry\04.AllSingleTon\06.Font</Filter>
    </ClCompile>
    <ClCompile Include="..\private\Font_Manager.cpp">
      <Filter>01.Utiliry\04.AllSingleTon\06.Font\Manager</Filter>
    </ClCompile>
    <ClCompile Include="..\private\Frustum.cpp">
      <Filter>01.Utiliry\04.AllSingleTon\07.Frustum</Filter>
    </ClCompile>
  </ItemGroup>
  <ItemGroup>
    <FxCompile Include="..\Bin\ShaderFiles\Shader_Rect.hlsl">
      <Filter>01.Utiliry\03.Componenets\01.VIBuffer\Rect\ShaderFile</Filter>
    </FxCompile>
    <FxCompile Include="..\Bin\ShaderFiles\Shader_Colider.hlsl">
      <Filter>01.Utiliry\05.Collision\VIBuffer_Colider\Cube\Shader</Filter>
    </FxCompile>
    <FxCompile Include="..\Bin\ShaderFiles\Shader_Model.hlsl">
      <Filter>01.Utiliry\06.Mesh\Model\Shader</Filter>
    </FxCompile>
    <FxCompile Include="..\Bin\ShaderFiles\Shader_TerrainTool.hlsl">
      <Filter>01.Utiliry\03.Componenets\01.VIBuffer\Terrain\ShaderFile</Filter>
    </FxCompile>
    <FxCompile Include="..\Bin\ShaderFiles\Shader_Terrain.hlsl">
      <Filter>01.Utiliry\03.Componenets\01.VIBuffer\Terrain\ShaderFile</Filter>
    </FxCompile>
    <FxCompile Include="..\Bin\ShaderFiles\Shader_AnimModel.hlsl">
      <Filter>01.Utiliry\06.Mesh\Model\Shader</Filter>
    </FxCompile>
    <FxCompile Include="..\Bin\ShaderFiles\Shader_Navigation.hlsl">
      <Filter>01.Utiliry\03.Componenets\01.VIBuffer\Navigation\Shader</Filter>
    </FxCompile>
    <FxCompile Include="..\Bin\ShaderFiles\Shader_Sphere.hlsl">
      <Filter>01.Utiliry\03.Componenets\01.VIBuffer\Sphere\Shader</Filter>
    </FxCompile>
    <FxCompile Include="..\Bin\ShaderFiles\Shader_Cube.hlsl">
      <Filter>01.Utiliry\03.Componenets\01.VIBuffer\Cube\Shader</Filter>
    </FxCompile>
    <FxCompile Include="..\Bin\ShaderFiles\Shader_Line.hlsl">
      <Filter>01.Utiliry\03.Componenets\01.VIBuffer\Navigation\Shader</Filter>
    </FxCompile>
    <FxCompile Include="..\Bin\ShaderFiles\Shader_RectInstance.hlsl">
      <Filter>01.Utiliry\03.Componenets\01.VIBuffer\Instance\RectInst\Shader</Filter>
    </FxCompile>
    <FxCompile Include="..\Bin\ShaderFiles\Shader_PointInstance.hlsl">
      <Filter>01.Utiliry\03.Componenets\01.VIBuffer\Instance\PointInst\Main\Shader</Filter>
    </FxCompile>
    <FxCompile Include="..\Bin\ShaderFiles\Shader_PointInstance_Clone.hlsl">
      <Filter>01.Utiliry\03.Componenets\01.VIBuffer\Instance\PointInst\Clone\Shader</Filter>
    </FxCompile>
  </ItemGroup>
</Project>